// !$*UTF8*$!
{
	archiveVersion = 1;
	classes = {
	};
	objectVersion = 46;
	objects = {

/* Begin PBXBuildFile section */
		2900FA241B30F0EC00690100 /* NSURL+HackerNews.m in Sources */ = {isa = PBXBuildFile; fileRef = 2965ED0F1AFD98E300F6E2DE /* NSURL+HackerNews.m */; };
		2900FA261B30F10800690100 /* NSURL+HackerNewsTests.m in Sources */ = {isa = PBXBuildFile; fileRef = 2900FA251B30F10800690100 /* NSURL+HackerNewsTests.m */; };
		2920DDB71AED9BFF00E51B23 /* HNNavigationController.m in Sources */ = {isa = PBXBuildFile; fileRef = 2920DDB61AED9BFF00E51B23 /* HNNavigationController.m */; };
		2920DDC11AED9C4900E51B23 /* UIColor+HackerNews.m in Sources */ = {isa = PBXBuildFile; fileRef = 2920DDBA1AED9C4900E51B23 /* UIColor+HackerNews.m */; };
		2920DDC21AED9C4900E51B23 /* UIFont+HackerNews.m in Sources */ = {isa = PBXBuildFile; fileRef = 2920DDBC1AED9C4900E51B23 /* UIFont+HackerNews.m */; };
		2920DDC31AED9C4900E51B23 /* UINavigationBar+HackerNews.m in Sources */ = {isa = PBXBuildFile; fileRef = 2920DDBE1AED9C4900E51B23 /* UINavigationBar+HackerNews.m */; };
		2920DDC41AED9C4900E51B23 /* UIToolbar+HackerNews.m in Sources */ = {isa = PBXBuildFile; fileRef = 2920DDC01AED9C4900E51B23 /* UIToolbar+HackerNews.m */; };
		2920DDC91AED9FB200E51B23 /* HNTextStorage.m in Sources */ = {isa = PBXBuildFile; fileRef = 2920DDC81AED9FB200E51B23 /* HNTextStorage.m */; };
		2920DDCC1AEDA27500E51B23 /* HNTextRenderer.m in Sources */ = {isa = PBXBuildFile; fileRef = 2920DDCB1AEDA27500E51B23 /* HNTextRenderer.m */; };
		292988C21AD4CE9A00BB386C /* HNPostCell.m in Sources */ = {isa = PBXBuildFile; fileRef = 292988C11AD4CE9A00BB386C /* HNPostCell.m */; };
		292E0CEC1C3A10DD00072C57 /* Launch.storyboard in Resources */ = {isa = PBXBuildFile; fileRef = 292E0CEB1C3A10DD00072C57 /* Launch.storyboard */; };
		292EB2581C61E906009C7AFD /* HNAboutViewController.m in Sources */ = {isa = PBXBuildFile; fileRef = 292EB2571C61E906009C7AFD /* HNAboutViewController.m */; };
		294372781C4B087200E5B2F4 /* HNSessionManager.m in Sources */ = {isa = PBXBuildFile; fileRef = 294372771C4B087200E5B2F4 /* HNSessionManager.m */; };
		2944A88E1AD6EE4900A2A251 /* HNEmptyTableCell.m in Sources */ = {isa = PBXBuildFile; fileRef = 2944A88D1AD6EE4900A2A251 /* HNEmptyTableCell.m */; };
		2944A8941AD6EF6500A2A251 /* HNLoadingCell.m in Sources */ = {isa = PBXBuildFile; fileRef = 2944A8931AD6EF6500A2A251 /* HNLoadingCell.m */; };
		2944A8A61AD6FAB400A2A251 /* HNCommentViewController.m in Sources */ = {isa = PBXBuildFile; fileRef = 2944A8A51AD6FAB400A2A251 /* HNCommentViewController.m */; };
		294CB8FF1B1B917400FAA09F /* UIViewController+HNComment.m in Sources */ = {isa = PBXBuildFile; fileRef = 294CB8FE1B1B917400FAA09F /* UIViewController+HNComment.m */; };
		294CB9031B1B92D400FAA09F /* HNTableStatus.m in Sources */ = {isa = PBXBuildFile; fileRef = 294CB9021B1B92D400FAA09F /* HNTableStatus.m */; };
		294CB9051B1C0CCD00FAA09F /* Main.storyboard in Resources */ = {isa = PBXBuildFile; fileRef = 294CB9041B1C0CCD00FAA09F /* Main.storyboard */; };
		294CB9081B1C0D3800FAA09F /* HNSplitViewDelegate.m in Sources */ = {isa = PBXBuildFile; fileRef = 294CB9071B1C0D3800FAA09F /* HNSplitViewDelegate.m */; };
		295DB7461AF7DA9D004B119F /* WebKit.framework in Frameworks */ = {isa = PBXBuildFile; fileRef = 295DB7451AF7DA9D004B119F /* WebKit.framework */; };
		296054B91AD4F0370038818A /* HNCommentButton.m in Sources */ = {isa = PBXBuildFile; fileRef = 296054B81AD4F0370038818A /* HNCommentButton.m */; };
		2965ECFF1AFC89EF00F6E2DE /* HNPageHeaderView.m in Sources */ = {isa = PBXBuildFile; fileRef = 2965ECFE1AFC89EF00F6E2DE /* HNPageHeaderView.m */; };
		2965ED021AFD3DD800F6E2DE /* HNAttributedCommentComponents.m in Sources */ = {isa = PBXBuildFile; fileRef = 2965ED011AFD3DD800F6E2DE /* HNAttributedCommentComponents.m */; };
		2965ED101AFD98E300F6E2DE /* NSURL+HackerNews.m in Sources */ = {isa = PBXBuildFile; fileRef = 2965ED0F1AFD98E300F6E2DE /* NSURL+HackerNews.m */; };
		296FDE6C1C437B1400784A2E /* HNProfileViewController.m in Sources */ = {isa = PBXBuildFile; fileRef = 296FDE6B1C437B1400784A2E /* HNProfileViewController.m */; };
		29720A4A1B1CC36800AF2F00 /* UIViewController+UISplitViewController.m in Sources */ = {isa = PBXBuildFile; fileRef = 29720A491B1CC36800AF2F00 /* UIViewController+UISplitViewController.m */; };
		29720A4D1B1CC9F100AF2F00 /* UIViewController+ActivityIndicator.m in Sources */ = {isa = PBXBuildFile; fileRef = 29720A4C1B1CC9F100AF2F00 /* UIViewController+ActivityIndicator.m */; };
		29720A501B1CCC5900AF2F00 /* UIViewController+Sharing.m in Sources */ = {isa = PBXBuildFile; fileRef = 29720A4F1B1CCC5900AF2F00 /* UIViewController+Sharing.m */; };
		29720A531B1CCF2B00AF2F00 /* UINavigationController+HNBarState.m in Sources */ = {isa = PBXBuildFile; fileRef = 29720A521B1CCF2B00AF2F00 /* UINavigationController+HNBarState.m */; };
		29720A561B1CD23200AF2F00 /* HNPostControllerHandling.m in Sources */ = {isa = PBXBuildFile; fileRef = 29720A551B1CD23200AF2F00 /* HNPostControllerHandling.m */; };
		2972C5401AD32598005A2739 /* HNWebViewController.m in Sources */ = {isa = PBXBuildFile; fileRef = 2972C53F1AD32598005A2739 /* HNWebViewController.m */; };
		297D7BDF1B02BA230021993B /* HNComment+Links.m in Sources */ = {isa = PBXBuildFile; fileRef = 297D7BDE1B02BA230021993B /* HNComment+Links.m */; };
		2990B2E61AD1FC600053DB80 /* main.m in Sources */ = {isa = PBXBuildFile; fileRef = 2990B2E51AD1FC600053DB80 /* main.m */; };
		2990B2F11AD1FC600053DB80 /* Images.xcassets in Resources */ = {isa = PBXBuildFile; fileRef = 2990B2F01AD1FC600053DB80 /* Images.xcassets */; };
		2990B3411AD1FD980053DB80 /* HNFeedViewController.m in Sources */ = {isa = PBXBuildFile; fileRef = 2990B3401AD1FD980053DB80 /* HNFeedViewController.m */; };
		2990B3521AD1FE460053DB80 /* AppDelegate.m in Sources */ = {isa = PBXBuildFile; fileRef = 2990B3511AD1FE460053DB80 /* AppDelegate.m */; };
		2990B3E11AD2F4FE0053DB80 /* libHackerNewsNetworker.a in Frameworks */ = {isa = PBXBuildFile; fileRef = 2990B3E01AD2F4FE0053DB80 /* libHackerNewsNetworker.a */; };
		2990B3EA1AD2F7550053DB80 /* libxml2.2.dylib in Frameworks */ = {isa = PBXBuildFile; fileRef = 2990B3E91AD2F7550053DB80 /* libxml2.2.dylib */; };
		299A8D0F1B2266AE00E23234 /* HNReadPostStore.m in Sources */ = {isa = PBXBuildFile; fileRef = 299A8D0E1B2266AE00E23234 /* HNReadPostStore.m */; };
		29B393B21B2389C00094C2C6 /* HNTopViewController.m in Sources */ = {isa = PBXBuildFile; fileRef = 29B393B11B2389C00094C2C6 /* HNTopViewController.m */; };
		29B393B61B23C10C0094C2C6 /* HNFeedDataSource.m in Sources */ = {isa = PBXBuildFile; fileRef = 29B393B51B23C10C0094C2C6 /* HNFeedDataSource.m */; };
		29B393B91B23CA0A0094C2C6 /* HNSearchPostsController.m in Sources */ = {isa = PBXBuildFile; fileRef = 29B393B81B23CA0A0094C2C6 /* HNSearchPostsController.m */; };
		29B9ECF21C64680F00D3CB21 /* UIViewController+Storyboards.m in Sources */ = {isa = PBXBuildFile; fileRef = 29B9ECF11C64680F00D3CB21 /* UIViewController+Storyboards.m */; };
		29D4116A1ADB4D9E00C491DA /* HNComment+AttributedStrings.m in Sources */ = {isa = PBXBuildFile; fileRef = 29D411691ADB4D9E00C491DA /* HNComment+AttributedStrings.m */; };
		29D4116D1ADB601600C491DA /* HNCommentHeaderCell.m in Sources */ = {isa = PBXBuildFile; fileRef = 29D4116C1ADB601600C491DA /* HNCommentHeaderCell.m */; };
		29DE15EE1C3E2D000082B1DB /* HNTabBarController.m in Sources */ = {isa = PBXBuildFile; fileRef = 29DE15ED1C3E2D000082B1DB /* HNTabBarController.m */; };
		29DE15F11C3E2DCE0082B1DB /* UITabBar+HackerNews.m in Sources */ = {isa = PBXBuildFile; fileRef = 29DE15F01C3E2DCE0082B1DB /* UITabBar+HackerNews.m */; };
		29E2CB4B1AD9A1200010B45D /* HNCommentCell.m in Sources */ = {isa = PBXBuildFile; fileRef = 29E2CB4A1AD9A1200010B45D /* HNCommentCell.m */; };
		29EAD15C1B03C96F0076C0C2 /* HNPage+Links.m in Sources */ = {isa = PBXBuildFile; fileRef = 29EAD15B1B03C96F0076C0C2 /* HNPage+Links.m */; };
		29F32CAF1C78B55F00680A3E /* HNSubmissionsViewController.m in Sources */ = {isa = PBXBuildFile; fileRef = 29F32CAE1C78B55F00680A3E /* HNSubmissionsViewController.m */; };
		8E967D4A5CD69545E8DA045D /* libPods-HackerNewsReader.a in Frameworks */ = {isa = PBXBuildFile; fileRef = 61F7FD096A2E28829F917465 /* libPods-HackerNewsReader.a */; };
		F634B5CA1BEB59670098BC59 /* rounded_table_cell_top@2x.png in Resources */ = {isa = PBXBuildFile; fileRef = F634B5C81BEB59670098BC59 /* rounded_table_cell_top@2x.png */; };
		F634B5CB1BEB59670098BC59 /* rounded_table_cell_bottom@2x.png in Resources */ = {isa = PBXBuildFile; fileRef = F634B5C91BEB59670098BC59 /* rounded_table_cell_bottom@2x.png */; };
		F634B5CD1BEB5D020098BC59 /* hn-logo@2x.png in Resources */ = {isa = PBXBuildFile; fileRef = F634B5CC1BEB5D020098BC59 /* hn-logo@2x.png */; };
		F65177B41BE758FC00034537 /* HNLoginViewController.m in Sources */ = {isa = PBXBuildFile; fileRef = F65177B21BE758FC00034537 /* HNLoginViewController.m */; };
		F6F0CA831BFEF4A800A587FE /* UIViewController+HNOverlay.m in Sources */ = {isa = PBXBuildFile; fileRef = F6F0CA821BFEF4A800A587FE /* UIViewController+HNOverlay.m */; };
/* End PBXBuildFile section */

/* Begin PBXContainerItemProxy section */
		2900FA1F1B30F0E100690100 /* PBXContainerItemProxy */ = {
			isa = PBXContainerItemProxy;
			containerPortal = 2990B2D81AD1FC600053DB80 /* Project object */;
			proxyType = 1;
			remoteGlobalIDString = 2990B2DF1AD1FC600053DB80;
			remoteInfo = HackerNewsReader;
		};
/* End PBXContainerItemProxy section */

/* Begin PBXFileReference section */
		22280CCFC8CA96D0F29F2112 /* Pods-HackerNewsReader.debug.xcconfig */ = {isa = PBXFileReference; includeInIndex = 1; lastKnownFileType = text.xcconfig; name = "Pods-HackerNewsReader.debug.xcconfig"; path = "Pods/Target Support Files/Pods-HackerNewsReader/Pods-HackerNewsReader.debug.xcconfig"; sourceTree = "<group>"; };
		2900FA191B30F0E100690100 /* HackerNewsReader Tests.xctest */ = {isa = PBXFileReference; explicitFileType = wrapper.cfbundle; includeInIndex = 0; path = "HackerNewsReader Tests.xctest"; sourceTree = BUILT_PRODUCTS_DIR; };
		2900FA1C1B30F0E100690100 /* Info.plist */ = {isa = PBXFileReference; lastKnownFileType = text.plist.xml; path = Info.plist; sourceTree = "<group>"; };
		2900FA251B30F10800690100 /* NSURL+HackerNewsTests.m */ = {isa = PBXFileReference; fileEncoding = 4; lastKnownFileType = sourcecode.c.objc; path = "NSURL+HackerNewsTests.m"; sourceTree = "<group>"; };
		2920DDB51AED9BFF00E51B23 /* HNNavigationController.h */ = {isa = PBXFileReference; fileEncoding = 4; lastKnownFileType = sourcecode.c.h; name = HNNavigationController.h; path = Classes/HNNavigationController.h; sourceTree = "<group>"; };
		2920DDB61AED9BFF00E51B23 /* HNNavigationController.m */ = {isa = PBXFileReference; fileEncoding = 4; lastKnownFileType = sourcecode.c.objc; name = HNNavigationController.m; path = Classes/HNNavigationController.m; sourceTree = "<group>"; };
		2920DDB91AED9C4900E51B23 /* UIColor+HackerNews.h */ = {isa = PBXFileReference; fileEncoding = 4; lastKnownFileType = sourcecode.c.h; name = "UIColor+HackerNews.h"; path = "Classes/UIColor+HackerNews.h"; sourceTree = "<group>"; };
		2920DDBA1AED9C4900E51B23 /* UIColor+HackerNews.m */ = {isa = PBXFileReference; fileEncoding = 4; lastKnownFileType = sourcecode.c.objc; name = "UIColor+HackerNews.m"; path = "Classes/UIColor+HackerNews.m"; sourceTree = "<group>"; };
		2920DDBB1AED9C4900E51B23 /* UIFont+HackerNews.h */ = {isa = PBXFileReference; fileEncoding = 4; lastKnownFileType = sourcecode.c.h; name = "UIFont+HackerNews.h"; path = "Classes/UIFont+HackerNews.h"; sourceTree = "<group>"; };
		2920DDBC1AED9C4900E51B23 /* UIFont+HackerNews.m */ = {isa = PBXFileReference; fileEncoding = 4; lastKnownFileType = sourcecode.c.objc; name = "UIFont+HackerNews.m"; path = "Classes/UIFont+HackerNews.m"; sourceTree = "<group>"; };
		2920DDBD1AED9C4900E51B23 /* UINavigationBar+HackerNews.h */ = {isa = PBXFileReference; fileEncoding = 4; lastKnownFileType = sourcecode.c.h; name = "UINavigationBar+HackerNews.h"; path = "Classes/UINavigationBar+HackerNews.h"; sourceTree = "<group>"; };
		2920DDBE1AED9C4900E51B23 /* UINavigationBar+HackerNews.m */ = {isa = PBXFileReference; fileEncoding = 4; lastKnownFileType = sourcecode.c.objc; name = "UINavigationBar+HackerNews.m"; path = "Classes/UINavigationBar+HackerNews.m"; sourceTree = "<group>"; };
		2920DDBF1AED9C4900E51B23 /* UIToolbar+HackerNews.h */ = {isa = PBXFileReference; fileEncoding = 4; lastKnownFileType = sourcecode.c.h; name = "UIToolbar+HackerNews.h"; path = "Classes/UIToolbar+HackerNews.h"; sourceTree = "<group>"; };
		2920DDC01AED9C4900E51B23 /* UIToolbar+HackerNews.m */ = {isa = PBXFileReference; fileEncoding = 4; lastKnownFileType = sourcecode.c.objc; name = "UIToolbar+HackerNews.m"; path = "Classes/UIToolbar+HackerNews.m"; sourceTree = "<group>"; };
		2920DDC71AED9FB200E51B23 /* HNTextStorage.h */ = {isa = PBXFileReference; fileEncoding = 4; lastKnownFileType = sourcecode.c.h; name = HNTextStorage.h; path = Classes/HNTextStorage.h; sourceTree = "<group>"; };
		2920DDC81AED9FB200E51B23 /* HNTextStorage.m */ = {isa = PBXFileReference; fileEncoding = 4; lastKnownFileType = sourcecode.c.objc; name = HNTextStorage.m; path = Classes/HNTextStorage.m; sourceTree = "<group>"; };
		2920DDCA1AEDA27500E51B23 /* HNTextRenderer.h */ = {isa = PBXFileReference; fileEncoding = 4; lastKnownFileType = sourcecode.c.h; name = HNTextRenderer.h; path = Classes/HNTextRenderer.h; sourceTree = "<group>"; };
		2920DDCB1AEDA27500E51B23 /* HNTextRenderer.m */ = {isa = PBXFileReference; fileEncoding = 4; lastKnownFileType = sourcecode.c.objc; name = HNTextRenderer.m; path = Classes/HNTextRenderer.m; sourceTree = "<group>"; };
		292988C01AD4CE9A00BB386C /* HNPostCell.h */ = {isa = PBXFileReference; fileEncoding = 4; lastKnownFileType = sourcecode.c.h; name = HNPostCell.h; path = Classes/HNPostCell.h; sourceTree = "<group>"; };
		292988C11AD4CE9A00BB386C /* HNPostCell.m */ = {isa = PBXFileReference; fileEncoding = 4; lastKnownFileType = sourcecode.c.objc; name = HNPostCell.m; path = Classes/HNPostCell.m; sourceTree = "<group>"; };
		292E0CEB1C3A10DD00072C57 /* Launch.storyboard */ = {isa = PBXFileReference; fileEncoding = 4; lastKnownFileType = file.storyboard; path = Launch.storyboard; sourceTree = "<group>"; };
		292EB2561C61E906009C7AFD /* HNAboutViewController.h */ = {isa = PBXFileReference; fileEncoding = 4; lastKnownFileType = sourcecode.c.h; name = HNAboutViewController.h; path = Classes/HNAboutViewController.h; sourceTree = "<group>"; };
		292EB2571C61E906009C7AFD /* HNAboutViewController.m */ = {isa = PBXFileReference; fileEncoding = 4; lastKnownFileType = sourcecode.c.objc; name = HNAboutViewController.m; path = Classes/HNAboutViewController.m; sourceTree = "<group>"; };
		294372761C4B087200E5B2F4 /* HNSessionManager.h */ = {isa = PBXFileReference; fileEncoding = 4; lastKnownFileType = sourcecode.c.h; name = HNSessionManager.h; path = Classes/HNSessionManager.h; sourceTree = "<group>"; };
		294372771C4B087200E5B2F4 /* HNSessionManager.m */ = {isa = PBXFileReference; fileEncoding = 4; lastKnownFileType = sourcecode.c.objc; name = HNSessionManager.m; path = Classes/HNSessionManager.m; sourceTree = "<group>"; };
		2944A88C1AD6EE4900A2A251 /* HNEmptyTableCell.h */ = {isa = PBXFileReference; fileEncoding = 4; lastKnownFileType = sourcecode.c.h; name = HNEmptyTableCell.h; path = Classes/HNEmptyTableCell.h; sourceTree = "<group>"; };
		2944A88D1AD6EE4900A2A251 /* HNEmptyTableCell.m */ = {isa = PBXFileReference; fileEncoding = 4; lastKnownFileType = sourcecode.c.objc; name = HNEmptyTableCell.m; path = Classes/HNEmptyTableCell.m; sourceTree = "<group>"; };
		2944A8921AD6EF6500A2A251 /* HNLoadingCell.h */ = {isa = PBXFileReference; fileEncoding = 4; lastKnownFileType = sourcecode.c.h; name = HNLoadingCell.h; path = Classes/HNLoadingCell.h; sourceTree = "<group>"; };
		2944A8931AD6EF6500A2A251 /* HNLoadingCell.m */ = {isa = PBXFileReference; fileEncoding = 4; lastKnownFileType = sourcecode.c.objc; name = HNLoadingCell.m; path = Classes/HNLoadingCell.m; sourceTree = "<group>"; };
		2944A8A41AD6FAB400A2A251 /* HNCommentViewController.h */ = {isa = PBXFileReference; fileEncoding = 4; lastKnownFileType = sourcecode.c.h; name = HNCommentViewController.h; path = Classes/HNCommentViewController.h; sourceTree = "<group>"; };
		2944A8A51AD6FAB400A2A251 /* HNCommentViewController.m */ = {isa = PBXFileReference; fileEncoding = 4; lastKnownFileType = sourcecode.c.objc; name = HNCommentViewController.m; path = Classes/HNCommentViewController.m; sourceTree = "<group>"; };
		294CB8FD1B1B917400FAA09F /* UIViewController+HNComment.h */ = {isa = PBXFileReference; fileEncoding = 4; lastKnownFileType = sourcecode.c.h; name = "UIViewController+HNComment.h"; path = "Classes/UIViewController+HNComment.h"; sourceTree = "<group>"; };
		294CB8FE1B1B917400FAA09F /* UIViewController+HNComment.m */ = {isa = PBXFileReference; fileEncoding = 4; lastKnownFileType = sourcecode.c.objc; name = "UIViewController+HNComment.m"; path = "Classes/UIViewController+HNComment.m"; sourceTree = "<group>"; };
		294CB9011B1B92D400FAA09F /* HNTableStatus.h */ = {isa = PBXFileReference; fileEncoding = 4; lastKnownFileType = sourcecode.c.h; name = HNTableStatus.h; path = Classes/HNTableStatus.h; sourceTree = "<group>"; };
		294CB9021B1B92D400FAA09F /* HNTableStatus.m */ = {isa = PBXFileReference; fileEncoding = 4; lastKnownFileType = sourcecode.c.objc; name = HNTableStatus.m; path = Classes/HNTableStatus.m; sourceTree = "<group>"; };
		294CB9041B1C0CCD00FAA09F /* Main.storyboard */ = {isa = PBXFileReference; fileEncoding = 4; lastKnownFileType = file.storyboard; path = Main.storyboard; sourceTree = "<group>"; };
		294CB9061B1C0D3800FAA09F /* HNSplitViewDelegate.h */ = {isa = PBXFileReference; fileEncoding = 4; lastKnownFileType = sourcecode.c.h; name = HNSplitViewDelegate.h; path = Classes/HNSplitViewDelegate.h; sourceTree = "<group>"; };
		294CB9071B1C0D3800FAA09F /* HNSplitViewDelegate.m */ = {isa = PBXFileReference; fileEncoding = 4; lastKnownFileType = sourcecode.c.objc; name = HNSplitViewDelegate.m; path = Classes/HNSplitViewDelegate.m; sourceTree = "<group>"; };
		295DB7451AF7DA9D004B119F /* WebKit.framework */ = {isa = PBXFileReference; lastKnownFileType = wrapper.framework; name = WebKit.framework; path = System/Library/Frameworks/WebKit.framework; sourceTree = SDKROOT; };
		296054B71AD4F0370038818A /* HNCommentButton.h */ = {isa = PBXFileReference; fileEncoding = 4; lastKnownFileType = sourcecode.c.h; name = HNCommentButton.h; path = Classes/HNCommentButton.h; sourceTree = "<group>"; };
		296054B81AD4F0370038818A /* HNCommentButton.m */ = {isa = PBXFileReference; fileEncoding = 4; lastKnownFileType = sourcecode.c.objc; name = HNCommentButton.m; path = Classes/HNCommentButton.m; sourceTree = "<group>"; };
		2965ECFD1AFC89EF00F6E2DE /* HNPageHeaderView.h */ = {isa = PBXFileReference; fileEncoding = 4; lastKnownFileType = sourcecode.c.h; name = HNPageHeaderView.h; path = Classes/HNPageHeaderView.h; sourceTree = "<group>"; };
		2965ECFE1AFC89EF00F6E2DE /* HNPageHeaderView.m */ = {isa = PBXFileReference; fileEncoding = 4; lastKnownFileType = sourcecode.c.objc; name = HNPageHeaderView.m; path = Classes/HNPageHeaderView.m; sourceTree = "<group>"; };
		2965ED001AFD3DD800F6E2DE /* HNAttributedCommentComponents.h */ = {isa = PBXFileReference; fileEncoding = 4; lastKnownFileType = sourcecode.c.h; name = HNAttributedCommentComponents.h; path = Classes/HNAttributedCommentComponents.h; sourceTree = "<group>"; };
		2965ED011AFD3DD800F6E2DE /* HNAttributedCommentComponents.m */ = {isa = PBXFileReference; fileEncoding = 4; lastKnownFileType = sourcecode.c.objc; name = HNAttributedCommentComponents.m; path = Classes/HNAttributedCommentComponents.m; sourceTree = "<group>"; };
		2965ED0E1AFD98E300F6E2DE /* NSURL+HackerNews.h */ = {isa = PBXFileReference; fileEncoding = 4; lastKnownFileType = sourcecode.c.h; name = "NSURL+HackerNews.h"; path = "Classes/NSURL+HackerNews.h"; sourceTree = "<group>"; };
		2965ED0F1AFD98E300F6E2DE /* NSURL+HackerNews.m */ = {isa = PBXFileReference; fileEncoding = 4; lastKnownFileType = sourcecode.c.objc; name = "NSURL+HackerNews.m"; path = "Classes/NSURL+HackerNews.m"; sourceTree = "<group>"; };
		296FDE6A1C437B1400784A2E /* HNProfileViewController.h */ = {isa = PBXFileReference; fileEncoding = 4; lastKnownFileType = sourcecode.c.h; name = HNProfileViewController.h; path = Classes/HNProfileViewController.h; sourceTree = "<group>"; };
		296FDE6B1C437B1400784A2E /* HNProfileViewController.m */ = {isa = PBXFileReference; fileEncoding = 4; lastKnownFileType = sourcecode.c.objc; name = HNProfileViewController.m; path = Classes/HNProfileViewController.m; sourceTree = "<group>"; };
		29720A481B1CC36800AF2F00 /* UIViewController+UISplitViewController.h */ = {isa = PBXFileReference; fileEncoding = 4; lastKnownFileType = sourcecode.c.h; name = "UIViewController+UISplitViewController.h"; path = "Classes/UIViewController+UISplitViewController.h"; sourceTree = "<group>"; };
		29720A491B1CC36800AF2F00 /* UIViewController+UISplitViewController.m */ = {isa = PBXFileReference; fileEncoding = 4; lastKnownFileType = sourcecode.c.objc; name = "UIViewController+UISplitViewController.m"; path = "Classes/UIViewController+UISplitViewController.m"; sourceTree = "<group>"; };
		29720A4B1B1CC9F100AF2F00 /* UIViewController+ActivityIndicator.h */ = {isa = PBXFileReference; fileEncoding = 4; lastKnownFileType = sourcecode.c.h; name = "UIViewController+ActivityIndicator.h"; path = "Classes/UIViewController+ActivityIndicator.h"; sourceTree = "<group>"; };
		29720A4C1B1CC9F100AF2F00 /* UIViewController+ActivityIndicator.m */ = {isa = PBXFileReference; fileEncoding = 4; lastKnownFileType = sourcecode.c.objc; name = "UIViewController+ActivityIndicator.m"; path = "Classes/UIViewController+ActivityIndicator.m"; sourceTree = "<group>"; };
		29720A4E1B1CCC5900AF2F00 /* UIViewController+Sharing.h */ = {isa = PBXFileReference; fileEncoding = 4; lastKnownFileType = sourcecode.c.h; name = "UIViewController+Sharing.h"; path = "Classes/UIViewController+Sharing.h"; sourceTree = "<group>"; };
		29720A4F1B1CCC5900AF2F00 /* UIViewController+Sharing.m */ = {isa = PBXFileReference; fileEncoding = 4; lastKnownFileType = sourcecode.c.objc; name = "UIViewController+Sharing.m"; path = "Classes/UIViewController+Sharing.m"; sourceTree = "<group>"; };
		29720A511B1CCF2B00AF2F00 /* UINavigationController+HNBarState.h */ = {isa = PBXFileReference; fileEncoding = 4; lastKnownFileType = sourcecode.c.h; name = "UINavigationController+HNBarState.h"; path = "Classes/UINavigationController+HNBarState.h"; sourceTree = "<group>"; };
		29720A521B1CCF2B00AF2F00 /* UINavigationController+HNBarState.m */ = {isa = PBXFileReference; fileEncoding = 4; lastKnownFileType = sourcecode.c.objc; name = "UINavigationController+HNBarState.m"; path = "Classes/UINavigationController+HNBarState.m"; sourceTree = "<group>"; };
		29720A541B1CD23200AF2F00 /* HNPostControllerHandling.h */ = {isa = PBXFileReference; fileEncoding = 4; lastKnownFileType = sourcecode.c.h; name = HNPostControllerHandling.h; path = Classes/HNPostControllerHandling.h; sourceTree = "<group>"; };
		29720A551B1CD23200AF2F00 /* HNPostControllerHandling.m */ = {isa = PBXFileReference; fileEncoding = 4; lastKnownFileType = sourcecode.c.objc; name = HNPostControllerHandling.m; path = Classes/HNPostControllerHandling.m; sourceTree = "<group>"; };
		2972C53E1AD32598005A2739 /* HNWebViewController.h */ = {isa = PBXFileReference; fileEncoding = 4; lastKnownFileType = sourcecode.c.h; name = HNWebViewController.h; path = Classes/HNWebViewController.h; sourceTree = "<group>"; };
		2972C53F1AD32598005A2739 /* HNWebViewController.m */ = {isa = PBXFileReference; fileEncoding = 4; lastKnownFileType = sourcecode.c.objc; name = HNWebViewController.m; path = Classes/HNWebViewController.m; sourceTree = "<group>"; };
		297D7BDD1B02BA230021993B /* HNComment+Links.h */ = {isa = PBXFileReference; fileEncoding = 4; lastKnownFileType = sourcecode.c.h; name = "HNComment+Links.h"; path = "Classes/HNComment+Links.h"; sourceTree = "<group>"; };
		297D7BDE1B02BA230021993B /* HNComment+Links.m */ = {isa = PBXFileReference; fileEncoding = 4; lastKnownFileType = sourcecode.c.objc; name = "HNComment+Links.m"; path = "Classes/HNComment+Links.m"; sourceTree = "<group>"; };
		2990B2E01AD1FC600053DB80 /* HackerNewsReader.app */ = {isa = PBXFileReference; explicitFileType = wrapper.application; includeInIndex = 0; path = HackerNewsReader.app; sourceTree = BUILT_PRODUCTS_DIR; };
		2990B2E41AD1FC600053DB80 /* Info.plist */ = {isa = PBXFileReference; lastKnownFileType = text.plist.xml; path = Info.plist; sourceTree = "<group>"; };
		2990B2E51AD1FC600053DB80 /* main.m */ = {isa = PBXFileReference; lastKnownFileType = sourcecode.c.objc; path = main.m; sourceTree = "<group>"; };
		2990B2F01AD1FC600053DB80 /* Images.xcassets */ = {isa = PBXFileReference; lastKnownFileType = folder.assetcatalog; path = Images.xcassets; sourceTree = "<group>"; };
		2990B33F1AD1FD980053DB80 /* HNFeedViewController.h */ = {isa = PBXFileReference; fileEncoding = 4; lastKnownFileType = sourcecode.c.h; name = HNFeedViewController.h; path = Classes/HNFeedViewController.h; sourceTree = "<group>"; };
		2990B3401AD1FD980053DB80 /* HNFeedViewController.m */ = {isa = PBXFileReference; fileEncoding = 4; lastKnownFileType = sourcecode.c.objc; name = HNFeedViewController.m; path = Classes/HNFeedViewController.m; sourceTree = "<group>"; };
		2990B3501AD1FE460053DB80 /* AppDelegate.h */ = {isa = PBXFileReference; fileEncoding = 4; lastKnownFileType = sourcecode.c.h; name = AppDelegate.h; path = Classes/AppDelegate.h; sourceTree = "<group>"; };
		2990B3511AD1FE460053DB80 /* AppDelegate.m */ = {isa = PBXFileReference; fileEncoding = 4; lastKnownFileType = sourcecode.c.objc; name = AppDelegate.m; path = Classes/AppDelegate.m; sourceTree = "<group>"; };
		2990B3E01AD2F4FE0053DB80 /* libHackerNewsNetworker.a */ = {isa = PBXFileReference; lastKnownFileType = archive.ar; name = libHackerNewsNetworker.a; path = "Frameworks/HackerNewsNetworker/build/Debug-iphoneos/libHackerNewsNetworker.a"; sourceTree = "<group>"; };
		2990B3E71AD2F7450053DB80 /* libHackerNewsKit.a */ = {isa = PBXFileReference; lastKnownFileType = archive.ar; name = libHackerNewsKit.a; path = "Frameworks/HackerNewsKit/build/Debug-iphoneos/libHackerNewsKit.a"; sourceTree = "<group>"; };
		2990B3E91AD2F7550053DB80 /* libxml2.2.dylib */ = {isa = PBXFileReference; lastKnownFileType = "compiled.mach-o.dylib"; name = libxml2.2.dylib; path = usr/lib/libxml2.2.dylib; sourceTree = SDKROOT; };
		299A8D0D1B2266AE00E23234 /* HNReadPostStore.h */ = {isa = PBXFileReference; fileEncoding = 4; lastKnownFileType = sourcecode.c.h; name = HNReadPostStore.h; path = Classes/HNReadPostStore.h; sourceTree = "<group>"; };
		299A8D0E1B2266AE00E23234 /* HNReadPostStore.m */ = {isa = PBXFileReference; fileEncoding = 4; lastKnownFileType = sourcecode.c.objc; name = HNReadPostStore.m; path = Classes/HNReadPostStore.m; sourceTree = "<group>"; };
		29B393B01B2389C00094C2C6 /* HNTopViewController.h */ = {isa = PBXFileReference; fileEncoding = 4; lastKnownFileType = sourcecode.c.h; name = HNTopViewController.h; path = Classes/HNTopViewController.h; sourceTree = "<group>"; };
		29B393B11B2389C00094C2C6 /* HNTopViewController.m */ = {isa = PBXFileReference; fileEncoding = 4; lastKnownFileType = sourcecode.c.objc; name = HNTopViewController.m; path = Classes/HNTopViewController.m; sourceTree = "<group>"; };
		29B393B41B23C10C0094C2C6 /* HNFeedDataSource.h */ = {isa = PBXFileReference; fileEncoding = 4; lastKnownFileType = sourcecode.c.h; name = HNFeedDataSource.h; path = Classes/HNFeedDataSource.h; sourceTree = "<group>"; };
		29B393B51B23C10C0094C2C6 /* HNFeedDataSource.m */ = {isa = PBXFileReference; fileEncoding = 4; lastKnownFileType = sourcecode.c.objc; name = HNFeedDataSource.m; path = Classes/HNFeedDataSource.m; sourceTree = "<group>"; };
		29B393B71B23CA0A0094C2C6 /* HNSearchPostsController.h */ = {isa = PBXFileReference; fileEncoding = 4; lastKnownFileType = sourcecode.c.h; name = HNSearchPostsController.h; path = Classes/HNSearchPostsController.h; sourceTree = "<group>"; };
		29B393B81B23CA0A0094C2C6 /* HNSearchPostsController.m */ = {isa = PBXFileReference; fileEncoding = 4; lastKnownFileType = sourcecode.c.objc; name = HNSearchPostsController.m; path = Classes/HNSearchPostsController.m; sourceTree = "<group>"; };
		29B9ECF01C64680F00D3CB21 /* UIViewController+Storyboards.h */ = {isa = PBXFileReference; fileEncoding = 4; lastKnownFileType = sourcecode.c.h; name = "UIViewController+Storyboards.h"; path = "Classes/UIViewController+Storyboards.h"; sourceTree = "<group>"; };
		29B9ECF11C64680F00D3CB21 /* UIViewController+Storyboards.m */ = {isa = PBXFileReference; fileEncoding = 4; lastKnownFileType = sourcecode.c.objc; name = "UIViewController+Storyboards.m"; path = "Classes/UIViewController+Storyboards.m"; sourceTree = "<group>"; };
		29D411681ADB4D9E00C491DA /* HNComment+AttributedStrings.h */ = {isa = PBXFileReference; fileEncoding = 4; lastKnownFileType = sourcecode.c.h; name = "HNComment+AttributedStrings.h"; path = "Classes/HNComment+AttributedStrings.h"; sourceTree = "<group>"; };
		29D411691ADB4D9E00C491DA /* HNComment+AttributedStrings.m */ = {isa = PBXFileReference; fileEncoding = 4; lastKnownFileType = sourcecode.c.objc; name = "HNComment+AttributedStrings.m"; path = "Classes/HNComment+AttributedStrings.m"; sourceTree = "<group>"; };
		29D4116B1ADB601600C491DA /* HNCommentHeaderCell.h */ = {isa = PBXFileReference; fileEncoding = 4; lastKnownFileType = sourcecode.c.h; name = HNCommentHeaderCell.h; path = Classes/HNCommentHeaderCell.h; sourceTree = "<group>"; };
		29D4116C1ADB601600C491DA /* HNCommentHeaderCell.m */ = {isa = PBXFileReference; fileEncoding = 4; lastKnownFileType = sourcecode.c.objc; name = HNCommentHeaderCell.m; path = Classes/HNCommentHeaderCell.m; sourceTree = "<group>"; };
		29DE15EC1C3E2D000082B1DB /* HNTabBarController.h */ = {isa = PBXFileReference; fileEncoding = 4; lastKnownFileType = sourcecode.c.h; name = HNTabBarController.h; path = Classes/HNTabBarController.h; sourceTree = "<group>"; };
		29DE15ED1C3E2D000082B1DB /* HNTabBarController.m */ = {isa = PBXFileReference; fileEncoding = 4; lastKnownFileType = sourcecode.c.objc; name = HNTabBarController.m; path = Classes/HNTabBarController.m; sourceTree = "<group>"; };
		29DE15EF1C3E2DCE0082B1DB /* UITabBar+HackerNews.h */ = {isa = PBXFileReference; fileEncoding = 4; lastKnownFileType = sourcecode.c.h; name = "UITabBar+HackerNews.h"; path = "Classes/UITabBar+HackerNews.h"; sourceTree = "<group>"; };
		29DE15F01C3E2DCE0082B1DB /* UITabBar+HackerNews.m */ = {isa = PBXFileReference; fileEncoding = 4; lastKnownFileType = sourcecode.c.objc; name = "UITabBar+HackerNews.m"; path = "Classes/UITabBar+HackerNews.m"; sourceTree = "<group>"; };
		29E2CB491AD9A1200010B45D /* HNCommentCell.h */ = {isa = PBXFileReference; fileEncoding = 4; lastKnownFileType = sourcecode.c.h; name = HNCommentCell.h; path = Classes/HNCommentCell.h; sourceTree = "<group>"; };
		29E2CB4A1AD9A1200010B45D /* HNCommentCell.m */ = {isa = PBXFileReference; fileEncoding = 4; lastKnownFileType = sourcecode.c.objc; name = HNCommentCell.m; path = Classes/HNCommentCell.m; sourceTree = "<group>"; };
		29EAD15A1B03C96F0076C0C2 /* HNPage+Links.h */ = {isa = PBXFileReference; fileEncoding = 4; lastKnownFileType = sourcecode.c.h; name = "HNPage+Links.h"; path = "Classes/HNPage+Links.h"; sourceTree = "<group>"; };
		29EAD15B1B03C96F0076C0C2 /* HNPage+Links.m */ = {isa = PBXFileReference; fileEncoding = 4; lastKnownFileType = sourcecode.c.objc; name = "HNPage+Links.m"; path = "Classes/HNPage+Links.m"; sourceTree = "<group>"; };
		29F32CAD1C78B55F00680A3E /* HNSubmissionsViewController.h */ = {isa = PBXFileReference; fileEncoding = 4; lastKnownFileType = sourcecode.c.h; path = HNSubmissionsViewController.h; sourceTree = "<group>"; };
		29F32CAE1C78B55F00680A3E /* HNSubmissionsViewController.m */ = {isa = PBXFileReference; fileEncoding = 4; lastKnownFileType = sourcecode.c.objc; path = HNSubmissionsViewController.m; sourceTree = "<group>"; };
		61F7FD096A2E28829F917465 /* libPods-HackerNewsReader.a */ = {isa = PBXFileReference; explicitFileType = archive.ar; includeInIndex = 0; path = "libPods-HackerNewsReader.a"; sourceTree = BUILT_PRODUCTS_DIR; };
		F33833EE244671276B6A5F3F /* Pods-HackerNewsReader.release.xcconfig */ = {isa = PBXFileReference; includeInIndex = 1; lastKnownFileType = text.xcconfig; name = "Pods-HackerNewsReader.release.xcconfig"; path = "Pods/Target Support Files/Pods-HackerNewsReader/Pods-HackerNewsReader.release.xcconfig"; sourceTree = "<group>"; };
		F634B5C81BEB59670098BC59 /* rounded_table_cell_top@2x.png */ = {isa = PBXFileReference; lastKnownFileType = image.png; path = "rounded_table_cell_top@2x.png"; sourceTree = "<group>"; };
		F634B5C91BEB59670098BC59 /* rounded_table_cell_bottom@2x.png */ = {isa = PBXFileReference; lastKnownFileType = image.png; path = "rounded_table_cell_bottom@2x.png"; sourceTree = "<group>"; };
		F634B5CC1BEB5D020098BC59 /* hn-logo@2x.png */ = {isa = PBXFileReference; lastKnownFileType = image.png; path = "hn-logo@2x.png"; sourceTree = "<group>"; };
		F65177B11BE758FC00034537 /* HNLoginViewController.h */ = {isa = PBXFileReference; fileEncoding = 4; lastKnownFileType = sourcecode.c.h; name = HNLoginViewController.h; path = Classes/HNLoginViewController.h; sourceTree = "<group>"; };
		F65177B21BE758FC00034537 /* HNLoginViewController.m */ = {isa = PBXFileReference; fileEncoding = 4; lastKnownFileType = sourcecode.c.objc; name = HNLoginViewController.m; path = Classes/HNLoginViewController.m; sourceTree = "<group>"; };
		F6F0CA811BFEF4A700A587FE /* UIViewController+HNOverlay.h */ = {isa = PBXFileReference; fileEncoding = 4; lastKnownFileType = sourcecode.c.h; name = "UIViewController+HNOverlay.h"; path = "Classes/UIViewController+HNOverlay.h"; sourceTree = "<group>"; };
		F6F0CA821BFEF4A800A587FE /* UIViewController+HNOverlay.m */ = {isa = PBXFileReference; fileEncoding = 4; lastKnownFileType = sourcecode.c.objc; name = "UIViewController+HNOverlay.m"; path = "Classes/UIViewController+HNOverlay.m"; sourceTree = "<group>"; };
/* End PBXFileReference section */

/* Begin PBXFrameworksBuildPhase section */
		2900FA161B30F0E100690100 /* Frameworks */ = {
			isa = PBXFrameworksBuildPhase;
			buildActionMask = 2147483647;
			files = (
			);
			runOnlyForDeploymentPostprocessing = 0;
		};
		2990B2DD1AD1FC600053DB80 /* Frameworks */ = {
			isa = PBXFrameworksBuildPhase;
			buildActionMask = 2147483647;
			files = (
				295DB7461AF7DA9D004B119F /* WebKit.framework in Frameworks */,
				2990B3EA1AD2F7550053DB80 /* libxml2.2.dylib in Frameworks */,
				2990B3E11AD2F4FE0053DB80 /* libHackerNewsNetworker.a in Frameworks */,
				8E967D4A5CD69545E8DA045D /* libPods-HackerNewsReader.a in Frameworks */,
			);
			runOnlyForDeploymentPostprocessing = 0;
		};
/* End PBXFrameworksBuildPhase section */

/* Begin PBXGroup section */
		1C044F39EC8812B6A344BF58 /* Frameworks */ = {
			isa = PBXGroup;
			children = (
				61F7FD096A2E28829F917465 /* libPods-HackerNewsReader.a */,
			);
			name = Frameworks;
			sourceTree = "<group>";
		};
		2900FA1A1B30F0E100690100 /* HackerNewsReader Tests */ = {
			isa = PBXGroup;
			children = (
				2900FA251B30F10800690100 /* NSURL+HackerNewsTests.m */,
				2900FA1B1B30F0E100690100 /* Supporting Files */,
			);
			path = "HackerNewsReader Tests";
			sourceTree = "<group>";
		};
		2900FA1B1B30F0E100690100 /* Supporting Files */ = {
			isa = PBXGroup;
			children = (
				2900FA1C1B30F0E100690100 /* Info.plist */,
			);
			name = "Supporting Files";
			sourceTree = "<group>";
		};
		2920DDB81AED9C4000E51B23 /* Categories */ = {
			isa = PBXGroup;
			children = (
				2965ED001AFD3DD800F6E2DE /* HNAttributedCommentComponents.h */,
				2965ED011AFD3DD800F6E2DE /* HNAttributedCommentComponents.m */,
				29D411681ADB4D9E00C491DA /* HNComment+AttributedStrings.h */,
				29D411691ADB4D9E00C491DA /* HNComment+AttributedStrings.m */,
				297D7BDD1B02BA230021993B /* HNComment+Links.h */,
				297D7BDE1B02BA230021993B /* HNComment+Links.m */,
				29EAD15A1B03C96F0076C0C2 /* HNPage+Links.h */,
				29EAD15B1B03C96F0076C0C2 /* HNPage+Links.m */,
				2965ED0E1AFD98E300F6E2DE /* NSURL+HackerNews.h */,
				2965ED0F1AFD98E300F6E2DE /* NSURL+HackerNews.m */,
				2920DDB91AED9C4900E51B23 /* UIColor+HackerNews.h */,
				2920DDBA1AED9C4900E51B23 /* UIColor+HackerNews.m */,
				2920DDBB1AED9C4900E51B23 /* UIFont+HackerNews.h */,
				2920DDBC1AED9C4900E51B23 /* UIFont+HackerNews.m */,
				2920DDBD1AED9C4900E51B23 /* UINavigationBar+HackerNews.h */,
				2920DDBE1AED9C4900E51B23 /* UINavigationBar+HackerNews.m */,
				2920DDBF1AED9C4900E51B23 /* UIToolbar+HackerNews.h */,
				2920DDC01AED9C4900E51B23 /* UIToolbar+HackerNews.m */,
				294CB8FD1B1B917400FAA09F /* UIViewController+HNComment.h */,
				294CB8FE1B1B917400FAA09F /* UIViewController+HNComment.m */,
				29720A481B1CC36800AF2F00 /* UIViewController+UISplitViewController.h */,
				29720A491B1CC36800AF2F00 /* UIViewController+UISplitViewController.m */,
				29720A4B1B1CC9F100AF2F00 /* UIViewController+ActivityIndicator.h */,
				29720A4C1B1CC9F100AF2F00 /* UIViewController+ActivityIndicator.m */,
				F6F0CA811BFEF4A700A587FE /* UIViewController+HNOverlay.h */,
				F6F0CA821BFEF4A800A587FE /* UIViewController+HNOverlay.m */,
				29720A4E1B1CCC5900AF2F00 /* UIViewController+Sharing.h */,
				29720A4F1B1CCC5900AF2F00 /* UIViewController+Sharing.m */,
				29720A511B1CCF2B00AF2F00 /* UINavigationController+HNBarState.h */,
				29720A521B1CCF2B00AF2F00 /* UINavigationController+HNBarState.m */,
				29DE15EF1C3E2DCE0082B1DB /* UITabBar+HackerNews.h */,
				29DE15F01C3E2DCE0082B1DB /* UITabBar+HackerNews.m */,
				29B9ECF01C64680F00D3CB21 /* UIViewController+Storyboards.h */,
				29B9ECF11C64680F00D3CB21 /* UIViewController+Storyboards.m */,
			);
			name = Categories;
			sourceTree = "<group>";
		};
		2920DDC61AED9ED600E51B23 /* Text */ = {
			isa = PBXGroup;
			children = (
				2920DDC71AED9FB200E51B23 /* HNTextStorage.h */,
				2920DDC81AED9FB200E51B23 /* HNTextStorage.m */,
				2920DDCA1AEDA27500E51B23 /* HNTextRenderer.h */,
				2920DDCB1AEDA27500E51B23 /* HNTextRenderer.m */,
			);
			name = Text;
			sourceTree = "<group>";
		};
		2944A8A11AD6FA2400A2A251 /* Controllers */ = {
			isa = PBXGroup;
			children = (
				29B393B31B238ABB0094C2C6 /* Feed Subclasses */,
				2944A8A41AD6FAB400A2A251 /* HNCommentViewController.h */,
				2944A8A51AD6FAB400A2A251 /* HNCommentViewController.m */,
				2990B33F1AD1FD980053DB80 /* HNFeedViewController.h */,
				2990B3401AD1FD980053DB80 /* HNFeedViewController.m */,
				F65177B11BE758FC00034537 /* HNLoginViewController.h */,
				F65177B21BE758FC00034537 /* HNLoginViewController.m */,
				2920DDB51AED9BFF00E51B23 /* HNNavigationController.h */,
				2920DDB61AED9BFF00E51B23 /* HNNavigationController.m */,
				296FDE6A1C437B1400784A2E /* HNProfileViewController.h */,
				296FDE6B1C437B1400784A2E /* HNProfileViewController.m */,
				29B393B71B23CA0A0094C2C6 /* HNSearchPostsController.h */,
				29B393B81B23CA0A0094C2C6 /* HNSearchPostsController.m */,
				29DE15EC1C3E2D000082B1DB /* HNTabBarController.h */,
				29DE15ED1C3E2D000082B1DB /* HNTabBarController.m */,
				2972C53E1AD32598005A2739 /* HNWebViewController.h */,
				2972C53F1AD32598005A2739 /* HNWebViewController.m */,
				292EB2561C61E906009C7AFD /* HNAboutViewController.h */,
				292EB2571C61E906009C7AFD /* HNAboutViewController.m */,
			);
			name = Controllers;
			sourceTree = "<group>";
		};
		2944A8A21AD6FA3000A2A251 /* Cells */ = {
			isa = PBXGroup;
			children = (
				29E2CB491AD9A1200010B45D /* HNCommentCell.h */,
				29E2CB4A1AD9A1200010B45D /* HNCommentCell.m */,
				29D4116B1ADB601600C491DA /* HNCommentHeaderCell.h */,
				29D4116C1ADB601600C491DA /* HNCommentHeaderCell.m */,
				2944A88C1AD6EE4900A2A251 /* HNEmptyTableCell.h */,
				2944A88D1AD6EE4900A2A251 /* HNEmptyTableCell.m */,
				2944A8921AD6EF6500A2A251 /* HNLoadingCell.h */,
				2944A8931AD6EF6500A2A251 /* HNLoadingCell.m */,
				292988C01AD4CE9A00BB386C /* HNPostCell.h */,
				292988C11AD4CE9A00BB386C /* HNPostCell.m */,
			);
			name = Cells;
			sourceTree = "<group>";
		};
		2944A8A31AD6FA3500A2A251 /* Views */ = {
			isa = PBXGroup;
			children = (
				296054B71AD4F0370038818A /* HNCommentButton.h */,
				296054B81AD4F0370038818A /* HNCommentButton.m */,
				2965ECFD1AFC89EF00F6E2DE /* HNPageHeaderView.h */,
				2965ECFE1AFC89EF00F6E2DE /* HNPageHeaderView.m */,
			);
			name = Views;
			sourceTree = "<group>";
		};
		294CB9001B1B92B500FAA09F /* Abstract */ = {
			isa = PBXGroup;
			children = (
				29720A541B1CD23200AF2F00 /* HNPostControllerHandling.h */,
				29720A551B1CD23200AF2F00 /* HNPostControllerHandling.m */,
				294CB9011B1B92D400FAA09F /* HNTableStatus.h */,
				294CB9021B1B92D400FAA09F /* HNTableStatus.m */,
				294CB9061B1C0D3800FAA09F /* HNSplitViewDelegate.h */,
				294CB9071B1C0D3800FAA09F /* HNSplitViewDelegate.m */,
				299A8D0D1B2266AE00E23234 /* HNReadPostStore.h */,
				299A8D0E1B2266AE00E23234 /* HNReadPostStore.m */,
				29B393B41B23C10C0094C2C6 /* HNFeedDataSource.h */,
				29B393B51B23C10C0094C2C6 /* HNFeedDataSource.m */,
				294372761C4B087200E5B2F4 /* HNSessionManager.h */,
				294372771C4B087200E5B2F4 /* HNSessionManager.m */,
			);
			name = Abstract;
			sourceTree = "<group>";
		};
		2990B2D71AD1FC600053DB80 = {
			isa = PBXGroup;
			children = (
				2990B3421AD1FDDE0053DB80 /* Classes */,
				2900FA1A1B30F0E100690100 /* HackerNewsReader Tests */,
				2990B2E11AD1FC600053DB80 /* Products */,
				2990B2E21AD1FC600053DB80 /* Resources */,
				2990B38D1AD204190053DB80 /* Vendor */,
				F77F247604C87D0F7DE5946A /* Pods */,
				1C044F39EC8812B6A344BF58 /* Frameworks */,
			);
			sourceTree = "<group>";
		};
		2990B2E11AD1FC600053DB80 /* Products */ = {
			isa = PBXGroup;
			children = (
				2990B2E01AD1FC600053DB80 /* HackerNewsReader.app */,
				2900FA191B30F0E100690100 /* HackerNewsReader Tests.xctest */,
			);
			name = Products;
			sourceTree = "<group>";
		};
		2990B2E21AD1FC600053DB80 /* Resources */ = {
			isa = PBXGroup;
			children = (
				2990B2F01AD1FC600053DB80 /* Images.xcassets */,
				2990B2E31AD1FC600053DB80 /* Supporting Files */,
				294CB9041B1C0CCD00FAA09F /* Main.storyboard */,
				292E0CEB1C3A10DD00072C57 /* Launch.storyboard */,
			);
			name = Resources;
			path = HackerNewsReader;
			sourceTree = "<group>";
		};
		2990B2E31AD1FC600053DB80 /* Supporting Files */ = {
			isa = PBXGroup;
			children = (
				F634B5C71BEB595D0098BC59 /* Images */,
				2990B2E41AD1FC600053DB80 /* Info.plist */,
				2990B2E51AD1FC600053DB80 /* main.m */,
			);
			name = "Supporting Files";
			sourceTree = "<group>";
		};
		2990B3421AD1FDDE0053DB80 /* Classes */ = {
			isa = PBXGroup;
			children = (
				294CB9001B1B92B500FAA09F /* Abstract */,
				2990B3501AD1FE460053DB80 /* AppDelegate.h */,
				2990B3511AD1FE460053DB80 /* AppDelegate.m */,
				2920DDB81AED9C4000E51B23 /* Categories */,
				2944A8A21AD6FA3000A2A251 /* Cells */,
				2944A8A11AD6FA2400A2A251 /* Controllers */,
				2920DDC61AED9ED600E51B23 /* Text */,
				2944A8A31AD6FA3500A2A251 /* Views */,
			);
			name = Classes;
			path = HackerNewsReader;
			sourceTree = "<group>";
		};
		2990B38D1AD204190053DB80 /* Vendor */ = {
			isa = PBXGroup;
			children = (
				2990B3E71AD2F7450053DB80 /* libHackerNewsKit.a */,
				2990B3E01AD2F4FE0053DB80 /* libHackerNewsNetworker.a */,
				2990B3E91AD2F7550053DB80 /* libxml2.2.dylib */,
				295DB7451AF7DA9D004B119F /* WebKit.framework */,
			);
			name = Vendor;
			sourceTree = "<group>";
		};
		29B393B31B238ABB0094C2C6 /* Feed Subclasses */ = {
			isa = PBXGroup;
			children = (
				29B393B01B2389C00094C2C6 /* HNTopViewController.h */,
				29B393B11B2389C00094C2C6 /* HNTopViewController.m */,
				29F32CAD1C78B55F00680A3E /* HNSubmissionsViewController.h */,
				29F32CAE1C78B55F00680A3E /* HNSubmissionsViewController.m */,
			);
			name = "Feed Subclasses";
			sourceTree = "<group>";
		};
		F634B5C71BEB595D0098BC59 /* Images */ = {
			isa = PBXGroup;
			children = (
				F634B5CC1BEB5D020098BC59 /* hn-logo@2x.png */,
				F634B5C81BEB59670098BC59 /* rounded_table_cell_top@2x.png */,
				F634B5C91BEB59670098BC59 /* rounded_table_cell_bottom@2x.png */,
			);
			name = Images;
			sourceTree = "<group>";
		};
		F77F247604C87D0F7DE5946A /* Pods */ = {
			isa = PBXGroup;
			children = (
				22280CCFC8CA96D0F29F2112 /* Pods-HackerNewsReader.debug.xcconfig */,
				F33833EE244671276B6A5F3F /* Pods-HackerNewsReader.release.xcconfig */,
			);
			name = Pods;
			sourceTree = "<group>";
		};
/* End PBXGroup section */

/* Begin PBXNativeTarget section */
		2900FA181B30F0E100690100 /* HackerNewsReader Tests */ = {
			isa = PBXNativeTarget;
			buildConfigurationList = 2900FA231B30F0E100690100 /* Build configuration list for PBXNativeTarget "HackerNewsReader Tests" */;
			buildPhases = (
				2900FA151B30F0E100690100 /* Sources */,
				2900FA161B30F0E100690100 /* Frameworks */,
				2900FA171B30F0E100690100 /* Resources */,
			);
			buildRules = (
			);
			dependencies = (
				2900FA201B30F0E100690100 /* PBXTargetDependency */,
			);
			name = "HackerNewsReader Tests";
			productName = "HackerNewsReader Tests";
			productReference = 2900FA191B30F0E100690100 /* HackerNewsReader Tests.xctest */;
			productType = "com.apple.product-type.bundle.unit-test";
		};
		2990B2DF1AD1FC600053DB80 /* HackerNewsReader */ = {
			isa = PBXNativeTarget;
			buildConfigurationList = 2990B3031AD1FC600053DB80 /* Build configuration list for PBXNativeTarget "HackerNewsReader" */;
			buildPhases = (
				2C35DF90BDE129145E70EB1B /* Check Pods Manifest.lock */,
				2990B2DC1AD1FC600053DB80 /* Sources */,
				2990B2DD1AD1FC600053DB80 /* Frameworks */,
				2990B2DE1AD1FC600053DB80 /* Resources */,
				3D78F6D5BB9B146864F2C0F7 /* Copy Pods Resources */,
				391B4729E31DCB489FF23616 /* Embed Pods Frameworks */,
			);
			buildRules = (
			);
			dependencies = (
			);
			name = HackerNewsReader;
			productName = HackerNewsReader;
			productReference = 2990B2E01AD1FC600053DB80 /* HackerNewsReader.app */;
			productType = "com.apple.product-type.application";
		};
/* End PBXNativeTarget section */

/* Begin PBXProject section */
		2990B2D81AD1FC600053DB80 /* Project object */ = {
			isa = PBXProject;
			attributes = {
				LastUpgradeCheck = 0700;
				ORGANIZATIONNAME = "Ryan Nystrom";
				TargetAttributes = {
					2900FA181B30F0E100690100 = {
						CreatedOnToolsVersion = 6.3.1;
						TestTargetID = 2990B2DF1AD1FC600053DB80;
					};
					2990B2DF1AD1FC600053DB80 = {
						CreatedOnToolsVersion = 6.2;
					};
				};
			};
			buildConfigurationList = 2990B2DB1AD1FC600053DB80 /* Build configuration list for PBXProject "HackerNewsReader" */;
			compatibilityVersion = "Xcode 3.2";
			developmentRegion = English;
			hasScannedForEncodings = 0;
			knownRegions = (
				en,
				Base,
				cs,
				de,
				es,
				eu,
				fi,
				fr,
				it,
				ja,
				ko,
				nl,
				no,
				pl,
				pt,
				ru,
				sk,
				sv,
				vi,
				zh_CN,
			);
			mainGroup = 2990B2D71AD1FC600053DB80;
			productRefGroup = 2990B2E11AD1FC600053DB80 /* Products */;
			projectDirPath = "";
			projectRoot = "";
			targets = (
				2990B2DF1AD1FC600053DB80 /* HackerNewsReader */,
				2900FA181B30F0E100690100 /* HackerNewsReader Tests */,
			);
		};
/* End PBXProject section */

/* Begin PBXResourcesBuildPhase section */
		2900FA171B30F0E100690100 /* Resources */ = {
			isa = PBXResourcesBuildPhase;
			buildActionMask = 2147483647;
			files = (
			);
			runOnlyForDeploymentPostprocessing = 0;
		};
		2990B2DE1AD1FC600053DB80 /* Resources */ = {
			isa = PBXResourcesBuildPhase;
			buildActionMask = 2147483647;
			files = (
				2990B2F11AD1FC600053DB80 /* Images.xcassets in Resources */,
				294CB9051B1C0CCD00FAA09F /* Main.storyboard in Resources */,
				F634B5CD1BEB5D020098BC59 /* hn-logo@2x.png in Resources */,
				292E0CEC1C3A10DD00072C57 /* Launch.storyboard in Resources */,
				F634B5CB1BEB59670098BC59 /* rounded_table_cell_bottom@2x.png in Resources */,
				F634B5CA1BEB59670098BC59 /* rounded_table_cell_top@2x.png in Resources */,
			);
			runOnlyForDeploymentPostprocessing = 0;
		};
/* End PBXResourcesBuildPhase section */

/* Begin PBXShellScriptBuildPhase section */
		2C35DF90BDE129145E70EB1B /* Check Pods Manifest.lock */ = {
			isa = PBXShellScriptBuildPhase;
			buildActionMask = 2147483647;
			files = (
			);
			inputPaths = (
			);
			name = "Check Pods Manifest.lock";
			outputPaths = (
			);
			runOnlyForDeploymentPostprocessing = 0;
			shellPath = /bin/sh;
			shellScript = "diff \"${PODS_ROOT}/../Podfile.lock\" \"${PODS_ROOT}/Manifest.lock\" > /dev/null\nif [[ $? != 0 ]] ; then\n    cat << EOM\nerror: The sandbox is not in sync with the Podfile.lock. Run 'pod install' or update your CocoaPods installation.\nEOM\n    exit 1\nfi\n";
			showEnvVarsInLog = 0;
		};
		391B4729E31DCB489FF23616 /* Embed Pods Frameworks */ = {
			isa = PBXShellScriptBuildPhase;
			buildActionMask = 2147483647;
			files = (
			);
			inputPaths = (
			);
			name = "Embed Pods Frameworks";
			outputPaths = (
			);
			runOnlyForDeploymentPostprocessing = 0;
			shellPath = /bin/sh;
			shellScript = "\"${SRCROOT}/Pods/Target Support Files/Pods-HackerNewsReader/Pods-HackerNewsReader-frameworks.sh\"\n";
			showEnvVarsInLog = 0;
		};
		3D78F6D5BB9B146864F2C0F7 /* Copy Pods Resources */ = {
			isa = PBXShellScriptBuildPhase;
			buildActionMask = 2147483647;
			files = (
			);
			inputPaths = (
			);
			name = "Copy Pods Resources";
			outputPaths = (
			);
			runOnlyForDeploymentPostprocessing = 0;
			shellPath = /bin/sh;
			shellScript = "\"${SRCROOT}/Pods/Target Support Files/Pods-HackerNewsReader/Pods-HackerNewsReader-resources.sh\"\n";
			showEnvVarsInLog = 0;
		};
/* End PBXShellScriptBuildPhase section */

/* Begin PBXSourcesBuildPhase section */
		2900FA151B30F0E100690100 /* Sources */ = {
			isa = PBXSourcesBuildPhase;
			buildActionMask = 2147483647;
			files = (
				2900FA261B30F10800690100 /* NSURL+HackerNewsTests.m in Sources */,
				2900FA241B30F0EC00690100 /* NSURL+HackerNews.m in Sources */,
			);
			runOnlyForDeploymentPostprocessing = 0;
		};
		2990B2DC1AD1FC600053DB80 /* Sources */ = {
			isa = PBXSourcesBuildPhase;
			buildActionMask = 2147483647;
			files = (
				2990B3411AD1FD980053DB80 /* HNFeedViewController.m in Sources */,
				29720A501B1CCC5900AF2F00 /* UIViewController+Sharing.m in Sources */,
				29720A531B1CCF2B00AF2F00 /* UINavigationController+HNBarState.m in Sources */,
				2944A88E1AD6EE4900A2A251 /* HNEmptyTableCell.m in Sources */,
				29DE15EE1C3E2D000082B1DB /* HNTabBarController.m in Sources */,
				29DE15F11C3E2DCE0082B1DB /* UITabBar+HackerNews.m in Sources */,
				292988C21AD4CE9A00BB386C /* HNPostCell.m in Sources */,
				2920DDC91AED9FB200E51B23 /* HNTextStorage.m in Sources */,
				29B393B61B23C10C0094C2C6 /* HNFeedDataSource.m in Sources */,
				2990B2E61AD1FC600053DB80 /* main.m in Sources */,
				29B393B91B23CA0A0094C2C6 /* HNSearchPostsController.m in Sources */,
				299A8D0F1B2266AE00E23234 /* HNReadPostStore.m in Sources */,
				2920DDCC1AEDA27500E51B23 /* HNTextRenderer.m in Sources */,
				296FDE6C1C437B1400784A2E /* HNProfileViewController.m in Sources */,
				29EAD15C1B03C96F0076C0C2 /* HNPage+Links.m in Sources */,
				2944A8A61AD6FAB400A2A251 /* HNCommentViewController.m in Sources */,
				294372781C4B087200E5B2F4 /* HNSessionManager.m in Sources */,
				294CB9031B1B92D400FAA09F /* HNTableStatus.m in Sources */,
				29B393B21B2389C00094C2C6 /* HNTopViewController.m in Sources */,
				296054B91AD4F0370038818A /* HNCommentButton.m in Sources */,
				297D7BDF1B02BA230021993B /* HNComment+Links.m in Sources */,
				2920DDB71AED9BFF00E51B23 /* HNNavigationController.m in Sources */,
				2990B3521AD1FE460053DB80 /* AppDelegate.m in Sources */,
				2920DDC21AED9C4900E51B23 /* UIFont+HackerNews.m in Sources */,
				2965ECFF1AFC89EF00F6E2DE /* HNPageHeaderView.m in Sources */,
				29B9ECF21C64680F00D3CB21 /* UIViewController+Storyboards.m in Sources */,
				294CB9081B1C0D3800FAA09F /* HNSplitViewDelegate.m in Sources */,
				292EB2581C61E906009C7AFD /* HNAboutViewController.m in Sources */,
				29720A4A1B1CC36800AF2F00 /* UIViewController+UISplitViewController.m in Sources */,
				2965ED021AFD3DD800F6E2DE /* HNAttributedCommentComponents.m in Sources */,
				29720A4D1B1CC9F100AF2F00 /* UIViewController+ActivityIndicator.m in Sources */,
				29F32CAF1C78B55F00680A3E /* HNSubmissionsViewController.m in Sources */,
				2965ED101AFD98E300F6E2DE /* NSURL+HackerNews.m in Sources */,
				29D4116D1ADB601600C491DA /* HNCommentHeaderCell.m in Sources */,
				F65177B41BE758FC00034537 /* HNLoginViewController.m in Sources */,
				2944A8941AD6EF6500A2A251 /* HNLoadingCell.m in Sources */,
				29720A561B1CD23200AF2F00 /* HNPostControllerHandling.m in Sources */,
				2920DDC11AED9C4900E51B23 /* UIColor+HackerNews.m in Sources */,
				2972C5401AD32598005A2739 /* HNWebViewController.m in Sources */,
				29D4116A1ADB4D9E00C491DA /* HNComment+AttributedStrings.m in Sources */,
				2920DDC31AED9C4900E51B23 /* UINavigationBar+HackerNews.m in Sources */,
				2920DDC41AED9C4900E51B23 /* UIToolbar+HackerNews.m in Sources */,
				F6F0CA831BFEF4A800A587FE /* UIViewController+HNOverlay.m in Sources */,
				294CB8FF1B1B917400FAA09F /* UIViewController+HNComment.m in Sources */,
				29E2CB4B1AD9A1200010B45D /* HNCommentCell.m in Sources */,
			);
			runOnlyForDeploymentPostprocessing = 0;
		};
/* End PBXSourcesBuildPhase section */

/* Begin PBXTargetDependency section */
		2900FA201B30F0E100690100 /* PBXTargetDependency */ = {
			isa = PBXTargetDependency;
			target = 2990B2DF1AD1FC600053DB80 /* HackerNewsReader */;
			targetProxy = 2900FA1F1B30F0E100690100 /* PBXContainerItemProxy */;
		};
/* End PBXTargetDependency section */

/* Begin XCBuildConfiguration section */
		2900FA211B30F0E100690100 /* Debug */ = {
			isa = XCBuildConfiguration;
			buildSettings = {
				BUNDLE_LOADER = "$(TEST_HOST)";
				DEBUG_INFORMATION_FORMAT = "dwarf-with-dsym";
				GCC_NO_COMMON_BLOCKS = YES;
				GCC_PREPROCESSOR_DEFINITIONS = (
					"DEBUG=1",
					"$(inherited)",
				);
				INFOPLIST_FILE = "HackerNewsReader Tests/Info.plist";
				IPHONEOS_DEPLOYMENT_TARGET = 8.3;
				LD_RUNPATH_SEARCH_PATHS = "$(inherited) @executable_path/Frameworks @loader_path/Frameworks";
				PRODUCT_BUNDLE_IDENTIFIER = "com.whoisryannystrom.$(PRODUCT_NAME:rfc1034identifier)";
				PRODUCT_NAME = "$(TARGET_NAME)";
				TEST_HOST = "$(BUILT_PRODUCTS_DIR)/HackerNewsReader.app/HackerNewsReader";
			};
			name = Debug;
		};
		2900FA221B30F0E100690100 /* Release */ = {
			isa = XCBuildConfiguration;
			buildSettings = {
				BUNDLE_LOADER = "$(TEST_HOST)";
				DEBUG_INFORMATION_FORMAT = "dwarf-with-dsym";
				GCC_NO_COMMON_BLOCKS = YES;
				INFOPLIST_FILE = "HackerNewsReader Tests/Info.plist";
				IPHONEOS_DEPLOYMENT_TARGET = 8.3;
				LD_RUNPATH_SEARCH_PATHS = "$(inherited) @executable_path/Frameworks @loader_path/Frameworks";
				PRODUCT_BUNDLE_IDENTIFIER = "com.whoisryannystrom.$(PRODUCT_NAME:rfc1034identifier)";
				PRODUCT_NAME = "$(TARGET_NAME)";
				TEST_HOST = "$(BUILT_PRODUCTS_DIR)/HackerNewsReader.app/HackerNewsReader";
			};
			name = Release;
		};
		2990B3011AD1FC600053DB80 /* Debug */ = {
			isa = XCBuildConfiguration;
			buildSettings = {
				ALWAYS_SEARCH_USER_PATHS = NO;
				CLANG_CXX_LANGUAGE_STANDARD = "gnu++0x";
				CLANG_CXX_LIBRARY = "libc++";
				CLANG_ENABLE_MODULES = YES;
				CLANG_ENABLE_OBJC_ARC = YES;
				CLANG_WARN_BOOL_CONVERSION = YES;
				CLANG_WARN_CONSTANT_CONVERSION = YES;
				CLANG_WARN_DIRECT_OBJC_ISA_USAGE = YES_ERROR;
				CLANG_WARN_EMPTY_BODY = YES;
				CLANG_WARN_ENUM_CONVERSION = YES;
				CLANG_WARN_INT_CONVERSION = YES;
				CLANG_WARN_OBJC_ROOT_CLASS = YES_ERROR;
				CLANG_WARN_UNREACHABLE_CODE = YES;
				CLANG_WARN__DUPLICATE_METHOD_MATCH = YES;
				"CODE_SIGN_IDENTITY[sdk=iphoneos*]" = "iPhone Developer";
				COPY_PHASE_STRIP = NO;
				ENABLE_STRICT_OBJC_MSGSEND = YES;
				ENABLE_TESTABILITY = YES;
				GCC_C_LANGUAGE_STANDARD = gnu99;
				GCC_DYNAMIC_NO_PIC = NO;
				GCC_OPTIMIZATION_LEVEL = 0;
				GCC_PREPROCESSOR_DEFINITIONS = (
					"DEBUG=1",
					"$(inherited)",
				);
				GCC_SYMBOLS_PRIVATE_EXTERN = NO;
				GCC_WARN_64_TO_32_BIT_CONVERSION = YES;
				GCC_WARN_ABOUT_RETURN_TYPE = YES_ERROR;
				GCC_WARN_UNDECLARED_SELECTOR = YES;
				GCC_WARN_UNINITIALIZED_AUTOS = YES_AGGRESSIVE;
				GCC_WARN_UNUSED_FUNCTION = YES;
				GCC_WARN_UNUSED_VARIABLE = YES;
				IPHONEOS_DEPLOYMENT_TARGET = 7.1;
				MTL_ENABLE_DEBUG_INFO = YES;
				ONLY_ACTIVE_ARCH = YES;
				SDKROOT = iphoneos;
			};
			name = Debug;
		};
		2990B3021AD1FC600053DB80 /* Release */ = {
			isa = XCBuildConfiguration;
			buildSettings = {
				ALWAYS_SEARCH_USER_PATHS = NO;
				CLANG_CXX_LANGUAGE_STANDARD = "gnu++0x";
				CLANG_CXX_LIBRARY = "libc++";
				CLANG_ENABLE_MODULES = YES;
				CLANG_ENABLE_OBJC_ARC = YES;
				CLANG_WARN_BOOL_CONVERSION = YES;
				CLANG_WARN_CONSTANT_CONVERSION = YES;
				CLANG_WARN_DIRECT_OBJC_ISA_USAGE = YES_ERROR;
				CLANG_WARN_EMPTY_BODY = YES;
				CLANG_WARN_ENUM_CONVERSION = YES;
				CLANG_WARN_INT_CONVERSION = YES;
				CLANG_WARN_OBJC_ROOT_CLASS = YES_ERROR;
				CLANG_WARN_UNREACHABLE_CODE = YES;
				CLANG_WARN__DUPLICATE_METHOD_MATCH = YES;
				"CODE_SIGN_IDENTITY[sdk=iphoneos*]" = "iPhone Developer";
				COPY_PHASE_STRIP = NO;
				ENABLE_NS_ASSERTIONS = NO;
				ENABLE_STRICT_OBJC_MSGSEND = YES;
				GCC_C_LANGUAGE_STANDARD = gnu99;
				GCC_WARN_64_TO_32_BIT_CONVERSION = YES;
				GCC_WARN_ABOUT_RETURN_TYPE = YES_ERROR;
				GCC_WARN_UNDECLARED_SELECTOR = YES;
				GCC_WARN_UNINITIALIZED_AUTOS = YES_AGGRESSIVE;
				GCC_WARN_UNUSED_FUNCTION = YES;
				GCC_WARN_UNUSED_VARIABLE = YES;
				IPHONEOS_DEPLOYMENT_TARGET = 7.1;
				MTL_ENABLE_DEBUG_INFO = NO;
				SDKROOT = iphoneos;
				VALIDATE_PRODUCT = YES;
			};
			name = Release;
		};
		2990B3041AD1FC600053DB80 /* Debug */ = {
			isa = XCBuildConfiguration;
			baseConfigurationReference = 22280CCFC8CA96D0F29F2112 /* Pods-HackerNewsReader.debug.xcconfig */;
			buildSettings = {
				ALWAYS_SEARCH_USER_PATHS = YES;
				ASSETCATALOG_COMPILER_APPICON_NAME = AppIcon;
				GCC_PREPROCESSOR_DEFINITIONS = (
					"$(inherited)",
					"COCOAPODS=1",
				);
				HEADER_SEARCH_PATHS = (
					"$(inherited)",
					"\"${PODS_ROOT}/Headers/Public\"",
					"\"${PODS_ROOT}/Headers/Public/Appirater\"",
					"\"${PODS_ROOT}/Headers/Public/HackerNewsKit\"",
					"\"${PODS_ROOT}/Headers/Public/HackerNewsNetworker\"",
					"\"${PODS_ROOT}/Headers/Public/TUSafariActivity\"",
					"$(SDKROOT)/usr/include/libxml2/**",
				);
				INFOPLIST_FILE = HackerNewsReader/Info.plist;
				IPHONEOS_DEPLOYMENT_TARGET = 8.2;
				LD_RUNPATH_SEARCH_PATHS = "$(inherited) @executable_path/Frameworks";
				LIBRARY_SEARCH_PATHS = "$(inherited)";
				PRODUCT_BUNDLE_IDENTIFIER = com.whoisryannystrom.hackernews;
				PRODUCT_NAME = "$(TARGET_NAME)";
				TARGETED_DEVICE_FAMILY = "1,2";
				USER_HEADER_SEARCH_PATHS = "$(OBJROOT)/UninstalledProducts/$(PLATFORM_NAME)/include";
			};
			name = Debug;
		};
		2990B3051AD1FC600053DB80 /* Release */ = {
			isa = XCBuildConfiguration;
			baseConfigurationReference = F33833EE244671276B6A5F3F /* Pods-HackerNewsReader.release.xcconfig */;
			buildSettings = {
				ALWAYS_SEARCH_USER_PATHS = YES;
				ASSETCATALOG_COMPILER_APPICON_NAME = AppIcon;
				HEADER_SEARCH_PATHS = (
					"$(inherited)",
					"\"${PODS_ROOT}/Headers/Public\"",
					"\"${PODS_ROOT}/Headers/Public/Appirater\"",
					"\"${PODS_ROOT}/Headers/Public/HackerNewsKit\"",
					"\"${PODS_ROOT}/Headers/Public/HackerNewsNetworker\"",
					"\"${PODS_ROOT}/Headers/Public/TUSafariActivity\"",
					"$(SDKROOT)/usr/include/libxml2/**",
				);
				INFOPLIST_FILE = HackerNewsReader/Info.plist;
				IPHONEOS_DEPLOYMENT_TARGET = 8.2;
				LD_RUNPATH_SEARCH_PATHS = "$(inherited) @executable_path/Frameworks";
				LIBRARY_SEARCH_PATHS = "$(inherited)";
				PRODUCT_BUNDLE_IDENTIFIER = com.whoisryannystrom.hackernews;
				PRODUCT_NAME = "$(TARGET_NAME)";
				TARGETED_DEVICE_FAMILY = "1,2";
				USER_HEADER_SEARCH_PATHS = "$(OBJROOT)/UninstalledProducts/$(PLATFORM_NAME)/include";
			};
			name = Release;
		};
/* End XCBuildConfiguration section */

/* Begin XCConfigurationList section */
		2900FA231B30F0E100690100 /* Build configuration list for PBXNativeTarget "HackerNewsReader Tests" */ = {
			isa = XCConfigurationList;
			buildConfigurations = (
				2900FA211B30F0E100690100 /* Debug */,
				2900FA221B30F0E100690100 /* Release */,
			);
			defaultConfigurationIsVisible = 0;
			defaultConfigurationName = Release;
		};
		2990B2DB1AD1FC600053DB80 /* Build configuration list for PBXProject "HackerNewsReader" */ = {
			isa = XCConfigurationList;
			buildConfigurations = (
				2990B3011AD1FC600053DB80 /* Debug */,
				2990B3021AD1FC600053DB80 /* Release */,
			);
			defaultConfigurationIsVisible = 0;
			defaultConfigurationName = Release;
		};
		2990B3031AD1FC600053DB80 /* Build configuration list for PBXNativeTarget "HackerNewsReader" */ = {
			isa = XCConfigurationList;
			buildConfigurations = (
				2990B3041AD1FC600053DB80 /* Debug */,
				2990B3051AD1FC600053DB80 /* Release */,
			);
			defaultConfigurationIsVisible = 0;
			defaultConfigurationName = Release;
		};
/* End XCConfigurationList section */
	};
	rootObject = 2990B2D81AD1FC600053DB80 /* Project object */;
}
