// !$*UTF8*$!
{
	archiveVersion = 1;
	classes = {
	};
	objectVersion = 46;
	objects = {

/* Begin PBXBuildFile section */
		295DB7461AF7DA9D004B119F /* WebKit.framework in Frameworks */ = {isa = PBXBuildFile; fileRef = 295DB7451AF7DA9D004B119F /* WebKit.framework */; };
		2990B2E61AD1FC600053DB80 /* main.m in Sources */ = {isa = PBXBuildFile; fileRef = 2990B2E51AD1FC600053DB80 /* main.m */; };
		2990B3521AD1FE460053DB80 /* AppDelegate.m in Sources */ = {isa = PBXBuildFile; fileRef = 2990B3511AD1FE460053DB80 /* AppDelegate.m */; };
		29EA878B1DD7AAAA00B6F84A /* HNComment+AttributedStrings.m in Sources */ = {isa = PBXBuildFile; fileRef = 29EA87001DD7AAAA00B6F84A /* HNComment+AttributedStrings.m */; };
		29EA878C1DD7AAAA00B6F84A /* HNComment+Links.m in Sources */ = {isa = PBXBuildFile; fileRef = 29EA87021DD7AAAA00B6F84A /* HNComment+Links.m */; };
		29EA878D1DD7AAAA00B6F84A /* HNPage+Links.m in Sources */ = {isa = PBXBuildFile; fileRef = 29EA87041DD7AAAA00B6F84A /* HNPage+Links.m */; };
		29EA878E1DD7AAAA00B6F84A /* NSURL+HackerNews.m in Sources */ = {isa = PBXBuildFile; fileRef = 29EA87061DD7AAAA00B6F84A /* NSURL+HackerNews.m */; };
		29EA878F1DD7AAAA00B6F84A /* UIColor+HackerNews.m in Sources */ = {isa = PBXBuildFile; fileRef = 29EA87081DD7AAAA00B6F84A /* UIColor+HackerNews.m */; };
		29EA87901DD7AAAA00B6F84A /* UIFont+HackerNews.m in Sources */ = {isa = PBXBuildFile; fileRef = 29EA870A1DD7AAAA00B6F84A /* UIFont+HackerNews.m */; };
		29EA87911DD7AAAA00B6F84A /* UINavigationBar+HackerNews.m in Sources */ = {isa = PBXBuildFile; fileRef = 29EA870C1DD7AAAA00B6F84A /* UINavigationBar+HackerNews.m */; };
		29EA87921DD7AAAA00B6F84A /* UINavigationController+HNBarState.m in Sources */ = {isa = PBXBuildFile; fileRef = 29EA870E1DD7AAAA00B6F84A /* UINavigationController+HNBarState.m */; };
		29EA87931DD7AAAA00B6F84A /* UITabBar+HackerNews.m in Sources */ = {isa = PBXBuildFile; fileRef = 29EA87101DD7AAAA00B6F84A /* UITabBar+HackerNews.m */; };
		29EA87941DD7AAAA00B6F84A /* UIToolbar+HackerNews.m in Sources */ = {isa = PBXBuildFile; fileRef = 29EA87121DD7AAAA00B6F84A /* UIToolbar+HackerNews.m */; };
		29EA87951DD7AAAA00B6F84A /* UIViewController+ActivityIndicator.m in Sources */ = {isa = PBXBuildFile; fileRef = 29EA87151DD7AAAA00B6F84A /* UIViewController+ActivityIndicator.m */; };
		29EA87961DD7AAAA00B6F84A /* UIViewController+HNComment.m in Sources */ = {isa = PBXBuildFile; fileRef = 29EA87171DD7AAAA00B6F84A /* UIViewController+HNComment.m */; };
		29EA87971DD7AAAA00B6F84A /* UIViewController+HNOverlay.m in Sources */ = {isa = PBXBuildFile; fileRef = 29EA87191DD7AAAA00B6F84A /* UIViewController+HNOverlay.m */; };
		29EA87981DD7AAAA00B6F84A /* UIViewController+Sharing.m in Sources */ = {isa = PBXBuildFile; fileRef = 29EA871B1DD7AAAA00B6F84A /* UIViewController+Sharing.m */; };
		29EA87991DD7AAAA00B6F84A /* UIViewController+Storyboards.m in Sources */ = {isa = PBXBuildFile; fileRef = 29EA871D1DD7AAAA00B6F84A /* UIViewController+Storyboards.m */; };
		29EA879A1DD7AAAA00B6F84A /* UIViewController+UISplitViewController.m in Sources */ = {isa = PBXBuildFile; fileRef = 29EA871F1DD7AAAA00B6F84A /* UIViewController+UISplitViewController.m */; };
		29EA879B1DD7AAAA00B6F84A /* HNComment.m in Sources */ = {isa = PBXBuildFile; fileRef = 29EA87221DD7AAAA00B6F84A /* HNComment.m */; };
		29EA879C1DD7AAAA00B6F84A /* HNCommentComponent.m in Sources */ = {isa = PBXBuildFile; fileRef = 29EA87241DD7AAAA00B6F84A /* HNCommentComponent.m */; };
		29EA879D1DD7AAAA00B6F84A /* HNFeed.m in Sources */ = {isa = PBXBuildFile; fileRef = 29EA87261DD7AAAA00B6F84A /* HNFeed.m */; };
		29EA879E1DD7AAAA00B6F84A /* HNPage.m in Sources */ = {isa = PBXBuildFile; fileRef = 29EA87291DD7AAAA00B6F84A /* HNPage.m */; };
		29EA879F1DD7AAAA00B6F84A /* HNPost.m in Sources */ = {isa = PBXBuildFile; fileRef = 29EA872B1DD7AAAA00B6F84A /* HNPost.m */; };
		29EA87A01DD7AAAA00B6F84A /* HNUser.m in Sources */ = {isa = PBXBuildFile; fileRef = 29EA872D1DD7AAAA00B6F84A /* HNUser.m */; };
		29EA87A11DD7AAAA00B6F84A /* HNCommentParser.m in Sources */ = {isa = PBXBuildFile; fileRef = 29EA87311DD7AAAA00B6F84A /* HNCommentParser.m */; };
		29EA87A21DD7AAAA00B6F84A /* HNDataCoordinator.m in Sources */ = {isa = PBXBuildFile; fileRef = 29EA87331DD7AAAA00B6F84A /* HNDataCoordinator.m */; };
		29EA87A31DD7AAAA00B6F84A /* HNDiskStore.m in Sources */ = {isa = PBXBuildFile; fileRef = 29EA87351DD7AAAA00B6F84A /* HNDiskStore.m */; };
		29EA87A41DD7AAAA00B6F84A /* HNFeedDataSource.m in Sources */ = {isa = PBXBuildFile; fileRef = 29EA87371DD7AAAA00B6F84A /* HNFeedDataSource.m */; };
		29EA87A51DD7AAAA00B6F84A /* HNFeedParser.m in Sources */ = {isa = PBXBuildFile; fileRef = 29EA87391DD7AAAA00B6F84A /* HNFeedParser.m */; };
		29EA87A61DD7AAAA00B6F84A /* HNLogin.m in Sources */ = {isa = PBXBuildFile; fileRef = 29EA873B1DD7AAAA00B6F84A /* HNLogin.m */; };
		29EA87A71DD7AAAA00B6F84A /* HNPageParser.m in Sources */ = {isa = PBXBuildFile; fileRef = 29EA873D1DD7AAAA00B6F84A /* HNPageParser.m */; };
		29EA87A81DD7AAAA00B6F84A /* HNQueries.m in Sources */ = {isa = PBXBuildFile; fileRef = 29EA87401DD7AAAA00B6F84A /* HNQueries.m */; };
		29EA87A91DD7AAAA00B6F84A /* HNService.m in Sources */ = {isa = PBXBuildFile; fileRef = 29EA87421DD7AAAA00B6F84A /* HNService.m */; };
		29EA87AA1DD7AAAA00B6F84A /* HNSession.m in Sources */ = {isa = PBXBuildFile; fileRef = 29EA87441DD7AAAA00B6F84A /* HNSession.m */; };
		29EA87AB1DD7AAAA00B6F84A /* HNSessionManager.m in Sources */ = {isa = PBXBuildFile; fileRef = 29EA87461DD7AAAA00B6F84A /* HNSessionManager.m */; };
		29EA87AC1DD7AAAA00B6F84A /* HNUserParser.m in Sources */ = {isa = PBXBuildFile; fileRef = 29EA87481DD7AAAA00B6F84A /* HNUserParser.m */; };
		29EA87AD1DD7AAAA00B6F84A /* NSHTTPCookie+HackerNewsNetworker.m in Sources */ = {isa = PBXBuildFile; fileRef = 29EA874A1DD7AAAA00B6F84A /* NSHTTPCookie+HackerNewsNetworker.m */; };
		29EA87AE1DD7AAAA00B6F84A /* NSHTTPCookieStorage+HackerNewsNetworker.m in Sources */ = {isa = PBXBuildFile; fileRef = 29EA874C1DD7AAAA00B6F84A /* NSHTTPCookieStorage+HackerNewsNetworker.m */; };
		29EA87AF1DD7AAAA00B6F84A /* NSString+HackerNewsNetworker.m in Sources */ = {isa = PBXBuildFile; fileRef = 29EA874E1DD7AAAA00B6F84A /* NSString+HackerNewsNetworker.m */; };
		29EA87B01DD7AAAA00B6F84A /* TFHpple.m in Sources */ = {isa = PBXBuildFile; fileRef = 29EA87501DD7AAAA00B6F84A /* TFHpple.m */; };
		29EA87B11DD7AAAA00B6F84A /* TFHppleElement.m in Sources */ = {isa = PBXBuildFile; fileRef = 29EA87521DD7AAAA00B6F84A /* TFHppleElement.m */; };
		29EA87B21DD7AAAA00B6F84A /* XPathQuery.m in Sources */ = {isa = PBXBuildFile; fileRef = 29EA87541DD7AAAA00B6F84A /* XPathQuery.m */; };
		29EA87B31DD7AAAA00B6F84A /* HNReadPostStore.m in Sources */ = {isa = PBXBuildFile; fileRef = 29EA87571DD7AAAA00B6F84A /* HNReadPostStore.m */; };
		29EA87B41DD7AAAA00B6F84A /* HNTableStatus.m in Sources */ = {isa = PBXBuildFile; fileRef = 29EA87591DD7AAAA00B6F84A /* HNTableStatus.m */; };
		29EA87B51DD7AAAA00B6F84A /* HNAttributedCommentComponents.m in Sources */ = {isa = PBXBuildFile; fileRef = 29EA875C1DD7AAAA00B6F84A /* HNAttributedCommentComponents.m */; };
		29EA87B61DD7AAAA00B6F84A /* HNTextRenderer.m in Sources */ = {isa = PBXBuildFile; fileRef = 29EA875E1DD7AAAA00B6F84A /* HNTextRenderer.m */; };
		29EA87B71DD7AAAA00B6F84A /* HNTextStorage.m in Sources */ = {isa = PBXBuildFile; fileRef = 29EA87601DD7AAAA00B6F84A /* HNTextStorage.m */; };
		29EA87B81DD7AAAA00B6F84A /* HNAboutViewController.m in Sources */ = {isa = PBXBuildFile; fileRef = 29EA87631DD7AAAA00B6F84A /* HNAboutViewController.m */; };
		29EA87B91DD7AAAA00B6F84A /* HNCommentViewController.m in Sources */ = {isa = PBXBuildFile; fileRef = 29EA87651DD7AAAA00B6F84A /* HNCommentViewController.m */; };
		29EA87BA1DD7AAAA00B6F84A /* HNFeedViewController.m in Sources */ = {isa = PBXBuildFile; fileRef = 29EA87671DD7AAAA00B6F84A /* HNFeedViewController.m */; };
		29EA87BB1DD7AAAA00B6F84A /* HNLoginViewController.m in Sources */ = {isa = PBXBuildFile; fileRef = 29EA87691DD7AAAA00B6F84A /* HNLoginViewController.m */; };
		29EA87BC1DD7AAAA00B6F84A /* HNNavigationController.m in Sources */ = {isa = PBXBuildFile; fileRef = 29EA876B1DD7AAAA00B6F84A /* HNNavigationController.m */; };
		29EA87BD1DD7AAAA00B6F84A /* HNPostControllerHandling.m in Sources */ = {isa = PBXBuildFile; fileRef = 29EA876D1DD7AAAA00B6F84A /* HNPostControllerHandling.m */; };
		29EA87BE1DD7AAAA00B6F84A /* HNProfileViewController.m in Sources */ = {isa = PBXBuildFile; fileRef = 29EA876F1DD7AAAA00B6F84A /* HNProfileViewController.m */; };
		29EA87BF1DD7AAAA00B6F84A /* HNSearchPostsController.m in Sources */ = {isa = PBXBuildFile; fileRef = 29EA87711DD7AAAA00B6F84A /* HNSearchPostsController.m */; };
		29EA87C01DD7AAAA00B6F84A /* HNSplitViewDelegate.m in Sources */ = {isa = PBXBuildFile; fileRef = 29EA87731DD7AAAA00B6F84A /* HNSplitViewDelegate.m */; };
		29EA87C11DD7AAAA00B6F84A /* HNSubmissionsViewController.m in Sources */ = {isa = PBXBuildFile; fileRef = 29EA87751DD7AAAA00B6F84A /* HNSubmissionsViewController.m */; };
		29EA87C21DD7AAAA00B6F84A /* HNTabBarController.m in Sources */ = {isa = PBXBuildFile; fileRef = 29EA87771DD7AAAA00B6F84A /* HNTabBarController.m */; };
		29EA87C31DD7AAAA00B6F84A /* HNTopViewController.m in Sources */ = {isa = PBXBuildFile; fileRef = 29EA87791DD7AAAA00B6F84A /* HNTopViewController.m */; };
		29EA87C41DD7AAAA00B6F84A /* HNWebViewController.m in Sources */ = {isa = PBXBuildFile; fileRef = 29EA877B1DD7AAAA00B6F84A /* HNWebViewController.m */; };
		29EA87C51DD7AAAA00B6F84A /* HNCommentButton.m in Sources */ = {isa = PBXBuildFile; fileRef = 29EA877E1DD7AAAA00B6F84A /* HNCommentButton.m */; };
		29EA87C61DD7AAAA00B6F84A /* HNCommentCell.m in Sources */ = {isa = PBXBuildFile; fileRef = 29EA87801DD7AAAA00B6F84A /* HNCommentCell.m */; };
		29EA87C71DD7AAAA00B6F84A /* HNCommentHeaderCell.m in Sources */ = {isa = PBXBuildFile; fileRef = 29EA87821DD7AAAA00B6F84A /* HNCommentHeaderCell.m */; };
		29EA87C81DD7AAAA00B6F84A /* HNEmptyTableCell.m in Sources */ = {isa = PBXBuildFile; fileRef = 29EA87841DD7AAAA00B6F84A /* HNEmptyTableCell.m */; };
		29EA87C91DD7AAAA00B6F84A /* HNLoadingCell.m in Sources */ = {isa = PBXBuildFile; fileRef = 29EA87861DD7AAAA00B6F84A /* HNLoadingCell.m */; };
		29EA87CA1DD7AAAA00B6F84A /* HNPageHeaderView.m in Sources */ = {isa = PBXBuildFile; fileRef = 29EA87881DD7AAAA00B6F84A /* HNPageHeaderView.m */; };
		29EA87CB1DD7AAAA00B6F84A /* HNPostCell.m in Sources */ = {isa = PBXBuildFile; fileRef = 29EA878A1DD7AAAA00B6F84A /* HNPostCell.m */; };
		29EA87D51DD7AACD00B6F84A /* fallback-queries.json in Resources */ = {isa = PBXBuildFile; fileRef = 29EA87CD1DD7AACD00B6F84A /* fallback-queries.json */; };
		29EA87D71DD7AACD00B6F84A /* Images.xcassets in Resources */ = {isa = PBXBuildFile; fileRef = 29EA87CF1DD7AACD00B6F84A /* Images.xcassets */; };
		29EA87D91DD7AACD00B6F84A /* Launch.storyboard in Resources */ = {isa = PBXBuildFile; fileRef = 29EA87D11DD7AACD00B6F84A /* Launch.storyboard */; };
		29EA87DA1DD7AACD00B6F84A /* Main.storyboard in Resources */ = {isa = PBXBuildFile; fileRef = 29EA87D21DD7AACD00B6F84A /* Main.storyboard */; };
		29EA87DE1DD7AC9200B6F84A /* libxml2.2.tbd in Frameworks */ = {isa = PBXBuildFile; fileRef = 29EA87DD1DD7AC9200B6F84A /* libxml2.2.tbd */; };
		29EA87E51DD7ACFC00B6F84A /* NSURL+HackerNewsTests.m in Sources */ = {isa = PBXBuildFile; fileRef = 29EA87E11DD7ACF300B6F84A /* NSURL+HackerNewsTests.m */; };
		58FBF42904A3BAC63095A11D /* Pods_HackerNewsReader.framework in Frameworks */ = {isa = PBXBuildFile; fileRef = 11E97AC09D67B152186BF4B6 /* Pods_HackerNewsReader.framework */; };
/* End PBXBuildFile section */

/* Begin PBXContainerItemProxy section */
		2900FA1F1B30F0E100690100 /* PBXContainerItemProxy */ = {
			isa = PBXContainerItemProxy;
			containerPortal = 2990B2D81AD1FC600053DB80 /* Project object */;
			proxyType = 1;
			remoteGlobalIDString = 2990B2DF1AD1FC600053DB80;
			remoteInfo = HackerNewsReader;
		};
/* End PBXContainerItemProxy section */

/* Begin PBXFileReference section */
		11E97AC09D67B152186BF4B6 /* Pods_HackerNewsReader.framework */ = {isa = PBXFileReference; explicitFileType = wrapper.framework; includeInIndex = 0; path = Pods_HackerNewsReader.framework; sourceTree = BUILT_PRODUCTS_DIR; };
		2900FA191B30F0E100690100 /* HackerNewsReaderTests.xctest */ = {isa = PBXFileReference; explicitFileType = wrapper.cfbundle; includeInIndex = 0; path = HackerNewsReaderTests.xctest; sourceTree = BUILT_PRODUCTS_DIR; };
		295DB7451AF7DA9D004B119F /* WebKit.framework */ = {isa = PBXFileReference; lastKnownFileType = wrapper.framework; name = WebKit.framework; path = System/Library/Frameworks/WebKit.framework; sourceTree = SDKROOT; };
		2990B2E01AD1FC600053DB80 /* HackerNewsReader.app */ = {isa = PBXFileReference; explicitFileType = wrapper.application; includeInIndex = 0; path = HackerNewsReader.app; sourceTree = BUILT_PRODUCTS_DIR; };
		2990B2E51AD1FC600053DB80 /* main.m */ = {isa = PBXFileReference; lastKnownFileType = sourcecode.c.objc; name = main.m; path = HackerNewsReader/main.m; sourceTree = "<group>"; };
		2990B3501AD1FE460053DB80 /* AppDelegate.h */ = {isa = PBXFileReference; fileEncoding = 4; lastKnownFileType = sourcecode.c.h; name = AppDelegate.h; path = Classes/AppDelegate.h; sourceTree = "<group>"; };
		2990B3511AD1FE460053DB80 /* AppDelegate.m */ = {isa = PBXFileReference; fileEncoding = 4; lastKnownFileType = sourcecode.c.objc; name = AppDelegate.m; path = Classes/AppDelegate.m; sourceTree = "<group>"; };
		29EA86FF1DD7AAAA00B6F84A /* HNComment+AttributedStrings.h */ = {isa = PBXFileReference; fileEncoding = 4; lastKnownFileType = sourcecode.c.h; path = "HNComment+AttributedStrings.h"; sourceTree = "<group>"; };
		29EA87001DD7AAAA00B6F84A /* HNComment+AttributedStrings.m */ = {isa = PBXFileReference; fileEncoding = 4; lastKnownFileType = sourcecode.c.objc; path = "HNComment+AttributedStrings.m"; sourceTree = "<group>"; };
		29EA87011DD7AAAA00B6F84A /* HNComment+Links.h */ = {isa = PBXFileReference; fileEncoding = 4; lastKnownFileType = sourcecode.c.h; path = "HNComment+Links.h"; sourceTree = "<group>"; };
		29EA87021DD7AAAA00B6F84A /* HNComment+Links.m */ = {isa = PBXFileReference; fileEncoding = 4; lastKnownFileType = sourcecode.c.objc; path = "HNComment+Links.m"; sourceTree = "<group>"; };
		29EA87031DD7AAAA00B6F84A /* HNPage+Links.h */ = {isa = PBXFileReference; fileEncoding = 4; lastKnownFileType = sourcecode.c.h; path = "HNPage+Links.h"; sourceTree = "<group>"; };
		29EA87041DD7AAAA00B6F84A /* HNPage+Links.m */ = {isa = PBXFileReference; fileEncoding = 4; lastKnownFileType = sourcecode.c.objc; path = "HNPage+Links.m"; sourceTree = "<group>"; };
		29EA87051DD7AAAA00B6F84A /* NSURL+HackerNews.h */ = {isa = PBXFileReference; fileEncoding = 4; lastKnownFileType = sourcecode.c.h; path = "NSURL+HackerNews.h"; sourceTree = "<group>"; };
		29EA87061DD7AAAA00B6F84A /* NSURL+HackerNews.m */ = {isa = PBXFileReference; fileEncoding = 4; lastKnownFileType = sourcecode.c.objc; path = "NSURL+HackerNews.m"; sourceTree = "<group>"; };
		29EA87071DD7AAAA00B6F84A /* UIColor+HackerNews.h */ = {isa = PBXFileReference; fileEncoding = 4; lastKnownFileType = sourcecode.c.h; path = "UIColor+HackerNews.h"; sourceTree = "<group>"; };
		29EA87081DD7AAAA00B6F84A /* UIColor+HackerNews.m */ = {isa = PBXFileReference; fileEncoding = 4; lastKnownFileType = sourcecode.c.objc; path = "UIColor+HackerNews.m"; sourceTree = "<group>"; };
		29EA87091DD7AAAA00B6F84A /* UIFont+HackerNews.h */ = {isa = PBXFileReference; fileEncoding = 4; lastKnownFileType = sourcecode.c.h; path = "UIFont+HackerNews.h"; sourceTree = "<group>"; };
		29EA870A1DD7AAAA00B6F84A /* UIFont+HackerNews.m */ = {isa = PBXFileReference; fileEncoding = 4; lastKnownFileType = sourcecode.c.objc; path = "UIFont+HackerNews.m"; sourceTree = "<group>"; };
		29EA870B1DD7AAAA00B6F84A /* UINavigationBar+HackerNews.h */ = {isa = PBXFileReference; fileEncoding = 4; lastKnownFileType = sourcecode.c.h; path = "UINavigationBar+HackerNews.h"; sourceTree = "<group>"; };
		29EA870C1DD7AAAA00B6F84A /* UINavigationBar+HackerNews.m */ = {isa = PBXFileReference; fileEncoding = 4; lastKnownFileType = sourcecode.c.objc; path = "UINavigationBar+HackerNews.m"; sourceTree = "<group>"; };
		29EA870D1DD7AAAA00B6F84A /* UINavigationController+HNBarState.h */ = {isa = PBXFileReference; fileEncoding = 4; lastKnownFileType = sourcecode.c.h; path = "UINavigationController+HNBarState.h"; sourceTree = "<group>"; };
		29EA870E1DD7AAAA00B6F84A /* UINavigationController+HNBarState.m */ = {isa = PBXFileReference; fileEncoding = 4; lastKnownFileType = sourcecode.c.objc; path = "UINavigationController+HNBarState.m"; sourceTree = "<group>"; };
		29EA870F1DD7AAAA00B6F84A /* UITabBar+HackerNews.h */ = {isa = PBXFileReference; fileEncoding = 4; lastKnownFileType = sourcecode.c.h; path = "UITabBar+HackerNews.h"; sourceTree = "<group>"; };
		29EA87101DD7AAAA00B6F84A /* UITabBar+HackerNews.m */ = {isa = PBXFileReference; fileEncoding = 4; lastKnownFileType = sourcecode.c.objc; path = "UITabBar+HackerNews.m"; sourceTree = "<group>"; };
		29EA87111DD7AAAA00B6F84A /* UIToolbar+HackerNews.h */ = {isa = PBXFileReference; fileEncoding = 4; lastKnownFileType = sourcecode.c.h; path = "UIToolbar+HackerNews.h"; sourceTree = "<group>"; };
		29EA87121DD7AAAA00B6F84A /* UIToolbar+HackerNews.m */ = {isa = PBXFileReference; fileEncoding = 4; lastKnownFileType = sourcecode.c.objc; path = "UIToolbar+HackerNews.m"; sourceTree = "<group>"; };
		29EA87141DD7AAAA00B6F84A /* UIViewController+ActivityIndicator.h */ = {isa = PBXFileReference; fileEncoding = 4; lastKnownFileType = sourcecode.c.h; path = "UIViewController+ActivityIndicator.h"; sourceTree = "<group>"; };
		29EA87151DD7AAAA00B6F84A /* UIViewController+ActivityIndicator.m */ = {isa = PBXFileReference; fileEncoding = 4; lastKnownFileType = sourcecode.c.objc; path = "UIViewController+ActivityIndicator.m"; sourceTree = "<group>"; };
		29EA87161DD7AAAA00B6F84A /* UIViewController+HNComment.h */ = {isa = PBXFileReference; fileEncoding = 4; lastKnownFileType = sourcecode.c.h; path = "UIViewController+HNComment.h"; sourceTree = "<group>"; };
		29EA87171DD7AAAA00B6F84A /* UIViewController+HNComment.m */ = {isa = PBXFileReference; fileEncoding = 4; lastKnownFileType = sourcecode.c.objc; path = "UIViewController+HNComment.m"; sourceTree = "<group>"; };
		29EA87181DD7AAAA00B6F84A /* UIViewController+HNOverlay.h */ = {isa = PBXFileReference; fileEncoding = 4; lastKnownFileType = sourcecode.c.h; path = "UIViewController+HNOverlay.h"; sourceTree = "<group>"; };
		29EA87191DD7AAAA00B6F84A /* UIViewController+HNOverlay.m */ = {isa = PBXFileReference; fileEncoding = 4; lastKnownFileType = sourcecode.c.objc; path = "UIViewController+HNOverlay.m"; sourceTree = "<group>"; };
		29EA871A1DD7AAAA00B6F84A /* UIViewController+Sharing.h */ = {isa = PBXFileReference; fileEncoding = 4; lastKnownFileType = sourcecode.c.h; path = "UIViewController+Sharing.h"; sourceTree = "<group>"; };
		29EA871B1DD7AAAA00B6F84A /* UIViewController+Sharing.m */ = {isa = PBXFileReference; fileEncoding = 4; lastKnownFileType = sourcecode.c.objc; path = "UIViewController+Sharing.m"; sourceTree = "<group>"; };
		29EA871C1DD7AAAA00B6F84A /* UIViewController+Storyboards.h */ = {isa = PBXFileReference; fileEncoding = 4; lastKnownFileType = sourcecode.c.h; path = "UIViewController+Storyboards.h"; sourceTree = "<group>"; };
		29EA871D1DD7AAAA00B6F84A /* UIViewController+Storyboards.m */ = {isa = PBXFileReference; fileEncoding = 4; lastKnownFileType = sourcecode.c.objc; path = "UIViewController+Storyboards.m"; sourceTree = "<group>"; };
		29EA871E1DD7AAAA00B6F84A /* UIViewController+UISplitViewController.h */ = {isa = PBXFileReference; fileEncoding = 4; lastKnownFileType = sourcecode.c.h; path = "UIViewController+UISplitViewController.h"; sourceTree = "<group>"; };
		29EA871F1DD7AAAA00B6F84A /* UIViewController+UISplitViewController.m */ = {isa = PBXFileReference; fileEncoding = 4; lastKnownFileType = sourcecode.c.objc; path = "UIViewController+UISplitViewController.m"; sourceTree = "<group>"; };
		29EA87211DD7AAAA00B6F84A /* HNComment.h */ = {isa = PBXFileReference; fileEncoding = 4; lastKnownFileType = sourcecode.c.h; path = HNComment.h; sourceTree = "<group>"; };
		29EA87221DD7AAAA00B6F84A /* HNComment.m */ = {isa = PBXFileReference; fileEncoding = 4; lastKnownFileType = sourcecode.c.objc; path = HNComment.m; sourceTree = "<group>"; };
		29EA87231DD7AAAA00B6F84A /* HNCommentComponent.h */ = {isa = PBXFileReference; fileEncoding = 4; lastKnownFileType = sourcecode.c.h; path = HNCommentComponent.h; sourceTree = "<group>"; };
		29EA87241DD7AAAA00B6F84A /* HNCommentComponent.m */ = {isa = PBXFileReference; fileEncoding = 4; lastKnownFileType = sourcecode.c.objc; path = HNCommentComponent.m; sourceTree = "<group>"; };
		29EA87251DD7AAAA00B6F84A /* HNFeed.h */ = {isa = PBXFileReference; fileEncoding = 4; lastKnownFileType = sourcecode.c.h; path = HNFeed.h; sourceTree = "<group>"; };
		29EA87261DD7AAAA00B6F84A /* HNFeed.m */ = {isa = PBXFileReference; fileEncoding = 4; lastKnownFileType = sourcecode.c.objc; path = HNFeed.m; sourceTree = "<group>"; };
		29EA87271DD7AAAA00B6F84A /* HNMacros.h */ = {isa = PBXFileReference; fileEncoding = 4; lastKnownFileType = sourcecode.c.h; path = HNMacros.h; sourceTree = "<group>"; };
		29EA87281DD7AAAA00B6F84A /* HNPage.h */ = {isa = PBXFileReference; fileEncoding = 4; lastKnownFileType = sourcecode.c.h; path = HNPage.h; sourceTree = "<group>"; };
		29EA87291DD7AAAA00B6F84A /* HNPage.m */ = {isa = PBXFileReference; fileEncoding = 4; lastKnownFileType = sourcecode.c.objc; path = HNPage.m; sourceTree = "<group>"; };
		29EA872A1DD7AAAA00B6F84A /* HNPost.h */ = {isa = PBXFileReference; fileEncoding = 4; lastKnownFileType = sourcecode.c.h; path = HNPost.h; sourceTree = "<group>"; };
		29EA872B1DD7AAAA00B6F84A /* HNPost.m */ = {isa = PBXFileReference; fileEncoding = 4; lastKnownFileType = sourcecode.c.objc; path = HNPost.m; sourceTree = "<group>"; };
		29EA872C1DD7AAAA00B6F84A /* HNUser.h */ = {isa = PBXFileReference; fileEncoding = 4; lastKnownFileType = sourcecode.c.h; path = HNUser.h; sourceTree = "<group>"; };
		29EA872D1DD7AAAA00B6F84A /* HNUser.m */ = {isa = PBXFileReference; fileEncoding = 4; lastKnownFileType = sourcecode.c.objc; path = HNUser.m; sourceTree = "<group>"; };
		29EA872F1DD7AAAA00B6F84A /* HackerNewsNetworker.h */ = {isa = PBXFileReference; fileEncoding = 4; lastKnownFileType = sourcecode.c.h; path = HackerNewsNetworker.h; sourceTree = "<group>"; };
		29EA87301DD7AAAA00B6F84A /* HNCommentParser.h */ = {isa = PBXFileReference; fileEncoding = 4; lastKnownFileType = sourcecode.c.h; path = HNCommentParser.h; sourceTree = "<group>"; };
		29EA87311DD7AAAA00B6F84A /* HNCommentParser.m */ = {isa = PBXFileReference; fileEncoding = 4; lastKnownFileType = sourcecode.c.objc; path = HNCommentParser.m; sourceTree = "<group>"; };
		29EA87321DD7AAAA00B6F84A /* HNDataCoordinator.h */ = {isa = PBXFileReference; fileEncoding = 4; lastKnownFileType = sourcecode.c.h; path = HNDataCoordinator.h; sourceTree = "<group>"; };
		29EA87331DD7AAAA00B6F84A /* HNDataCoordinator.m */ = {isa = PBXFileReference; fileEncoding = 4; lastKnownFileType = sourcecode.c.objc; path = HNDataCoordinator.m; sourceTree = "<group>"; };
		29EA87341DD7AAAA00B6F84A /* HNDiskStore.h */ = {isa = PBXFileReference; fileEncoding = 4; lastKnownFileType = sourcecode.c.h; path = HNDiskStore.h; sourceTree = "<group>"; };
		29EA87351DD7AAAA00B6F84A /* HNDiskStore.m */ = {isa = PBXFileReference; fileEncoding = 4; lastKnownFileType = sourcecode.c.objc; path = HNDiskStore.m; sourceTree = "<group>"; };
		29EA87361DD7AAAA00B6F84A /* HNFeedDataSource.h */ = {isa = PBXFileReference; fileEncoding = 4; lastKnownFileType = sourcecode.c.h; path = HNFeedDataSource.h; sourceTree = "<group>"; };
		29EA87371DD7AAAA00B6F84A /* HNFeedDataSource.m */ = {isa = PBXFileReference; fileEncoding = 4; lastKnownFileType = sourcecode.c.objc; path = HNFeedDataSource.m; sourceTree = "<group>"; };
		29EA87381DD7AAAA00B6F84A /* HNFeedParser.h */ = {isa = PBXFileReference; fileEncoding = 4; lastKnownFileType = sourcecode.c.h; path = HNFeedParser.h; sourceTree = "<group>"; };
		29EA87391DD7AAAA00B6F84A /* HNFeedParser.m */ = {isa = PBXFileReference; fileEncoding = 4; lastKnownFileType = sourcecode.c.objc; path = HNFeedParser.m; sourceTree = "<group>"; };
		29EA873A1DD7AAAA00B6F84A /* HNLogin.h */ = {isa = PBXFileReference; fileEncoding = 4; lastKnownFileType = sourcecode.c.h; path = HNLogin.h; sourceTree = "<group>"; };
		29EA873B1DD7AAAA00B6F84A /* HNLogin.m */ = {isa = PBXFileReference; fileEncoding = 4; lastKnownFileType = sourcecode.c.objc; path = HNLogin.m; sourceTree = "<group>"; };
		29EA873C1DD7AAAA00B6F84A /* HNPageParser.h */ = {isa = PBXFileReference; fileEncoding = 4; lastKnownFileType = sourcecode.c.h; path = HNPageParser.h; sourceTree = "<group>"; };
		29EA873D1DD7AAAA00B6F84A /* HNPageParser.m */ = {isa = PBXFileReference; fileEncoding = 4; lastKnownFileType = sourcecode.c.objc; path = HNPageParser.m; sourceTree = "<group>"; };
		29EA873E1DD7AAAA00B6F84A /* HNParseProtocol.h */ = {isa = PBXFileReference; fileEncoding = 4; lastKnownFileType = sourcecode.c.h; path = HNParseProtocol.h; sourceTree = "<group>"; };
		29EA873F1DD7AAAA00B6F84A /* HNQueries.h */ = {isa = PBXFileReference; fileEncoding = 4; lastKnownFileType = sourcecode.c.h; path = HNQueries.h; sourceTree = "<group>"; };
		29EA87401DD7AAAA00B6F84A /* HNQueries.m */ = {isa = PBXFileReference; fileEncoding = 4; lastKnownFileType = sourcecode.c.objc; path = HNQueries.m; sourceTree = "<group>"; };
		29EA87411DD7AAAA00B6F84A /* HNService.h */ = {isa = PBXFileReference; fileEncoding = 4; lastKnownFileType = sourcecode.c.h; path = HNService.h; sourceTree = "<group>"; };
		29EA87421DD7AAAA00B6F84A /* HNService.m */ = {isa = PBXFileReference; fileEncoding = 4; lastKnownFileType = sourcecode.c.objc; path = HNService.m; sourceTree = "<group>"; };
		29EA87431DD7AAAA00B6F84A /* HNSession.h */ = {isa = PBXFileReference; fileEncoding = 4; lastKnownFileType = sourcecode.c.h; path = HNSession.h; sourceTree = "<group>"; };
		29EA87441DD7AAAA00B6F84A /* HNSession.m */ = {isa = PBXFileReference; fileEncoding = 4; lastKnownFileType = sourcecode.c.objc; path = HNSession.m; sourceTree = "<group>"; };
		29EA87451DD7AAAA00B6F84A /* HNSessionManager.h */ = {isa = PBXFileReference; fileEncoding = 4; lastKnownFileType = sourcecode.c.h; path = HNSessionManager.h; sourceTree = "<group>"; };
		29EA87461DD7AAAA00B6F84A /* HNSessionManager.m */ = {isa = PBXFileReference; fileEncoding = 4; lastKnownFileType = sourcecode.c.objc; path = HNSessionManager.m; sourceTree = "<group>"; };
		29EA87471DD7AAAA00B6F84A /* HNUserParser.h */ = {isa = PBXFileReference; fileEncoding = 4; lastKnownFileType = sourcecode.c.h; path = HNUserParser.h; sourceTree = "<group>"; };
		29EA87481DD7AAAA00B6F84A /* HNUserParser.m */ = {isa = PBXFileReference; fileEncoding = 4; lastKnownFileType = sourcecode.c.objc; path = HNUserParser.m; sourceTree = "<group>"; };
		29EA87491DD7AAAA00B6F84A /* NSHTTPCookie+HackerNewsNetworker.h */ = {isa = PBXFileReference; fileEncoding = 4; lastKnownFileType = sourcecode.c.h; path = "NSHTTPCookie+HackerNewsNetworker.h"; sourceTree = "<group>"; };
		29EA874A1DD7AAAA00B6F84A /* NSHTTPCookie+HackerNewsNetworker.m */ = {isa = PBXFileReference; fileEncoding = 4; lastKnownFileType = sourcecode.c.objc; path = "NSHTTPCookie+HackerNewsNetworker.m"; sourceTree = "<group>"; };
		29EA874B1DD7AAAA00B6F84A /* NSHTTPCookieStorage+HackerNewsNetworker.h */ = {isa = PBXFileReference; fileEncoding = 4; lastKnownFileType = sourcecode.c.h; path = "NSHTTPCookieStorage+HackerNewsNetworker.h"; sourceTree = "<group>"; };
		29EA874C1DD7AAAA00B6F84A /* NSHTTPCookieStorage+HackerNewsNetworker.m */ = {isa = PBXFileReference; fileEncoding = 4; lastKnownFileType = sourcecode.c.objc; path = "NSHTTPCookieStorage+HackerNewsNetworker.m"; sourceTree = "<group>"; };
		29EA874D1DD7AAAA00B6F84A /* NSString+HackerNewsNetworker.h */ = {isa = PBXFileReference; fileEncoding = 4; lastKnownFileType = sourcecode.c.h; path = "NSString+HackerNewsNetworker.h"; sourceTree = "<group>"; };
		29EA874E1DD7AAAA00B6F84A /* NSString+HackerNewsNetworker.m */ = {isa = PBXFileReference; fileEncoding = 4; lastKnownFileType = sourcecode.c.objc; path = "NSString+HackerNewsNetworker.m"; sourceTree = "<group>"; };
		29EA874F1DD7AAAA00B6F84A /* TFHpple.h */ = {isa = PBXFileReference; fileEncoding = 4; lastKnownFileType = sourcecode.c.h; path = TFHpple.h; sourceTree = "<group>"; };
		29EA87501DD7AAAA00B6F84A /* TFHpple.m */ = {isa = PBXFileReference; fileEncoding = 4; lastKnownFileType = sourcecode.c.objc; path = TFHpple.m; sourceTree = "<group>"; };
		29EA87511DD7AAAA00B6F84A /* TFHppleElement.h */ = {isa = PBXFileReference; fileEncoding = 4; lastKnownFileType = sourcecode.c.h; path = TFHppleElement.h; sourceTree = "<group>"; };
		29EA87521DD7AAAA00B6F84A /* TFHppleElement.m */ = {isa = PBXFileReference; fileEncoding = 4; lastKnownFileType = sourcecode.c.objc; path = TFHppleElement.m; sourceTree = "<group>"; };
		29EA87531DD7AAAA00B6F84A /* XPathQuery.h */ = {isa = PBXFileReference; fileEncoding = 4; lastKnownFileType = sourcecode.c.h; path = XPathQuery.h; sourceTree = "<group>"; };
		29EA87541DD7AAAA00B6F84A /* XPathQuery.m */ = {isa = PBXFileReference; fileEncoding = 4; lastKnownFileType = sourcecode.c.objc; path = XPathQuery.m; sourceTree = "<group>"; };
		29EA87561DD7AAAA00B6F84A /* HNReadPostStore.h */ = {isa = PBXFileReference; fileEncoding = 4; lastKnownFileType = sourcecode.c.h; path = HNReadPostStore.h; sourceTree = "<group>"; };
		29EA87571DD7AAAA00B6F84A /* HNReadPostStore.m */ = {isa = PBXFileReference; fileEncoding = 4; lastKnownFileType = sourcecode.c.objc; path = HNReadPostStore.m; sourceTree = "<group>"; };
		29EA87581DD7AAAA00B6F84A /* HNTableStatus.h */ = {isa = PBXFileReference; fileEncoding = 4; lastKnownFileType = sourcecode.c.h; path = HNTableStatus.h; sourceTree = "<group>"; };
		29EA87591DD7AAAA00B6F84A /* HNTableStatus.m */ = {isa = PBXFileReference; fileEncoding = 4; lastKnownFileType = sourcecode.c.objc; path = HNTableStatus.m; sourceTree = "<group>"; };
		29EA875B1DD7AAAA00B6F84A /* HNAttributedCommentComponents.h */ = {isa = PBXFileReference; fileEncoding = 4; lastKnownFileType = sourcecode.c.h; path = HNAttributedCommentComponents.h; sourceTree = "<group>"; };
		29EA875C1DD7AAAA00B6F84A /* HNAttributedCommentComponents.m */ = {isa = PBXFileReference; fileEncoding = 4; lastKnownFileType = sourcecode.c.objc; path = HNAttributedCommentComponents.m; sourceTree = "<group>"; };
		29EA875D1DD7AAAA00B6F84A /* HNTextRenderer.h */ = {isa = PBXFileReference; fileEncoding = 4; lastKnownFileType = sourcecode.c.h; path = HNTextRenderer.h; sourceTree = "<group>"; };
		29EA875E1DD7AAAA00B6F84A /* HNTextRenderer.m */ = {isa = PBXFileReference; fileEncoding = 4; lastKnownFileType = sourcecode.c.objc; path = HNTextRenderer.m; sourceTree = "<group>"; };
		29EA875F1DD7AAAA00B6F84A /* HNTextStorage.h */ = {isa = PBXFileReference; fileEncoding = 4; lastKnownFileType = sourcecode.c.h; path = HNTextStorage.h; sourceTree = "<group>"; };
		29EA87601DD7AAAA00B6F84A /* HNTextStorage.m */ = {isa = PBXFileReference; fileEncoding = 4; lastKnownFileType = sourcecode.c.objc; path = HNTextStorage.m; sourceTree = "<group>"; };
		29EA87621DD7AAAA00B6F84A /* HNAboutViewController.h */ = {isa = PBXFileReference; fileEncoding = 4; lastKnownFileType = sourcecode.c.h; path = HNAboutViewController.h; sourceTree = "<group>"; };
		29EA87631DD7AAAA00B6F84A /* HNAboutViewController.m */ = {isa = PBXFileReference; fileEncoding = 4; lastKnownFileType = sourcecode.c.objc; path = HNAboutViewController.m; sourceTree = "<group>"; };
		29EA87641DD7AAAA00B6F84A /* HNCommentViewController.h */ = {isa = PBXFileReference; fileEncoding = 4; lastKnownFileType = sourcecode.c.h; path = HNCommentViewController.h; sourceTree = "<group>"; };
		29EA87651DD7AAAA00B6F84A /* HNCommentViewController.m */ = {isa = PBXFileReference; fileEncoding = 4; lastKnownFileType = sourcecode.c.objc; path = HNCommentViewController.m; sourceTree = "<group>"; };
		29EA87661DD7AAAA00B6F84A /* HNFeedViewController.h */ = {isa = PBXFileReference; fileEncoding = 4; lastKnownFileType = sourcecode.c.h; path = HNFeedViewController.h; sourceTree = "<group>"; };
		29EA87671DD7AAAA00B6F84A /* HNFeedViewController.m */ = {isa = PBXFileReference; fileEncoding = 4; lastKnownFileType = sourcecode.c.objc; path = HNFeedViewController.m; sourceTree = "<group>"; };
		29EA87681DD7AAAA00B6F84A /* HNLoginViewController.h */ = {isa = PBXFileReference; fileEncoding = 4; lastKnownFileType = sourcecode.c.h; path = HNLoginViewController.h; sourceTree = "<group>"; };
		29EA87691DD7AAAA00B6F84A /* HNLoginViewController.m */ = {isa = PBXFileReference; fileEncoding = 4; lastKnownFileType = sourcecode.c.objc; path = HNLoginViewController.m; sourceTree = "<group>"; };
		29EA876A1DD7AAAA00B6F84A /* HNNavigationController.h */ = {isa = PBXFileReference; fileEncoding = 4; lastKnownFileType = sourcecode.c.h; path = HNNavigationController.h; sourceTree = "<group>"; };
		29EA876B1DD7AAAA00B6F84A /* HNNavigationController.m */ = {isa = PBXFileReference; fileEncoding = 4; lastKnownFileType = sourcecode.c.objc; path = HNNavigationController.m; sourceTree = "<group>"; };
		29EA876C1DD7AAAA00B6F84A /* HNPostControllerHandling.h */ = {isa = PBXFileReference; fileEncoding = 4; lastKnownFileType = sourcecode.c.h; path = HNPostControllerHandling.h; sourceTree = "<group>"; };
		29EA876D1DD7AAAA00B6F84A /* HNPostControllerHandling.m */ = {isa = PBXFileReference; fileEncoding = 4; lastKnownFileType = sourcecode.c.objc; path = HNPostControllerHandling.m; sourceTree = "<group>"; };
		29EA876E1DD7AAAA00B6F84A /* HNProfileViewController.h */ = {isa = PBXFileReference; fileEncoding = 4; lastKnownFileType = sourcecode.c.h; path = HNProfileViewController.h; sourceTree = "<group>"; };
		29EA876F1DD7AAAA00B6F84A /* HNProfileViewController.m */ = {isa = PBXFileReference; fileEncoding = 4; lastKnownFileType = sourcecode.c.objc; path = HNProfileViewController.m; sourceTree = "<group>"; };
		29EA87701DD7AAAA00B6F84A /* HNSearchPostsController.h */ = {isa = PBXFileReference; fileEncoding = 4; lastKnownFileType = sourcecode.c.h; path = HNSearchPostsController.h; sourceTree = "<group>"; };
		29EA87711DD7AAAA00B6F84A /* HNSearchPostsController.m */ = {isa = PBXFileReference; fileEncoding = 4; lastKnownFileType = sourcecode.c.objc; path = HNSearchPostsController.m; sourceTree = "<group>"; };
		29EA87721DD7AAAA00B6F84A /* HNSplitViewDelegate.h */ = {isa = PBXFileReference; fileEncoding = 4; lastKnownFileType = sourcecode.c.h; path = HNSplitViewDelegate.h; sourceTree = "<group>"; };
		29EA87731DD7AAAA00B6F84A /* HNSplitViewDelegate.m */ = {isa = PBXFileReference; fileEncoding = 4; lastKnownFileType = sourcecode.c.objc; path = HNSplitViewDelegate.m; sourceTree = "<group>"; };
		29EA87741DD7AAAA00B6F84A /* HNSubmissionsViewController.h */ = {isa = PBXFileReference; fileEncoding = 4; lastKnownFileType = sourcecode.c.h; path = HNSubmissionsViewController.h; sourceTree = "<group>"; };
		29EA87751DD7AAAA00B6F84A /* HNSubmissionsViewController.m */ = {isa = PBXFileReference; fileEncoding = 4; lastKnownFileType = sourcecode.c.objc; path = HNSubmissionsViewController.m; sourceTree = "<group>"; };
		29EA87761DD7AAAA00B6F84A /* HNTabBarController.h */ = {isa = PBXFileReference; fileEncoding = 4; lastKnownFileType = sourcecode.c.h; path = HNTabBarController.h; sourceTree = "<group>"; };
		29EA87771DD7AAAA00B6F84A /* HNTabBarController.m */ = {isa = PBXFileReference; fileEncoding = 4; lastKnownFileType = sourcecode.c.objc; path = HNTabBarController.m; sourceTree = "<group>"; };
		29EA87781DD7AAAA00B6F84A /* HNTopViewController.h */ = {isa = PBXFileReference; fileEncoding = 4; lastKnownFileType = sourcecode.c.h; path = HNTopViewController.h; sourceTree = "<group>"; };
		29EA87791DD7AAAA00B6F84A /* HNTopViewController.m */ = {isa = PBXFileReference; fileEncoding = 4; lastKnownFileType = sourcecode.c.objc; path = HNTopViewController.m; sourceTree = "<group>"; };
		29EA877A1DD7AAAA00B6F84A /* HNWebViewController.h */ = {isa = PBXFileReference; fileEncoding = 4; lastKnownFileType = sourcecode.c.h; path = HNWebViewController.h; sourceTree = "<group>"; };
		29EA877B1DD7AAAA00B6F84A /* HNWebViewController.m */ = {isa = PBXFileReference; fileEncoding = 4; lastKnownFileType = sourcecode.c.objc; path = HNWebViewController.m; sourceTree = "<group>"; };
		29EA877D1DD7AAAA00B6F84A /* HNCommentButton.h */ = {isa = PBXFileReference; fileEncoding = 4; lastKnownFileType = sourcecode.c.h; path = HNCommentButton.h; sourceTree = "<group>"; };
		29EA877E1DD7AAAA00B6F84A /* HNCommentButton.m */ = {isa = PBXFileReference; fileEncoding = 4; lastKnownFileType = sourcecode.c.objc; path = HNCommentButton.m; sourceTree = "<group>"; };
		29EA877F1DD7AAAA00B6F84A /* HNCommentCell.h */ = {isa = PBXFileReference; fileEncoding = 4; lastKnownFileType = sourcecode.c.h; path = HNCommentCell.h; sourceTree = "<group>"; };
		29EA87801DD7AAAA00B6F84A /* HNCommentCell.m */ = {isa = PBXFileReference; fileEncoding = 4; lastKnownFileType = sourcecode.c.objc; path = HNCommentCell.m; sourceTree = "<group>"; };
		29EA87811DD7AAAA00B6F84A /* HNCommentHeaderCell.h */ = {isa = PBXFileReference; fileEncoding = 4; lastKnownFileType = sourcecode.c.h; path = HNCommentHeaderCell.h; sourceTree = "<group>"; };
		29EA87821DD7AAAA00B6F84A /* HNCommentHeaderCell.m */ = {isa = PBXFileReference; fileEncoding = 4; lastKnownFileType = sourcecode.c.objc; path = HNCommentHeaderCell.m; sourceTree = "<group>"; };
		29EA87831DD7AAAA00B6F84A /* HNEmptyTableCell.h */ = {isa = PBXFileReference; fileEncoding = 4; lastKnownFileType = sourcecode.c.h; path = HNEmptyTableCell.h; sourceTree = "<group>"; };
		29EA87841DD7AAAA00B6F84A /* HNEmptyTableCell.m */ = {isa = PBXFileReference; fileEncoding = 4; lastKnownFileType = sourcecode.c.objc; path = HNEmptyTableCell.m; sourceTree = "<group>"; };
		29EA87851DD7AAAA00B6F84A /* HNLoadingCell.h */ = {isa = PBXFileReference; fileEncoding = 4; lastKnownFileType = sourcecode.c.h; path = HNLoadingCell.h; sourceTree = "<group>"; };
		29EA87861DD7AAAA00B6F84A /* HNLoadingCell.m */ = {isa = PBXFileReference; fileEncoding = 4; lastKnownFileType = sourcecode.c.objc; path = HNLoadingCell.m; sourceTree = "<group>"; };
		29EA87871DD7AAAA00B6F84A /* HNPageHeaderView.h */ = {isa = PBXFileReference; fileEncoding = 4; lastKnownFileType = sourcecode.c.h; path = HNPageHeaderView.h; sourceTree = "<group>"; };
		29EA87881DD7AAAA00B6F84A /* HNPageHeaderView.m */ = {isa = PBXFileReference; fileEncoding = 4; lastKnownFileType = sourcecode.c.objc; path = HNPageHeaderView.m; sourceTree = "<group>"; };
		29EA87891DD7AAAA00B6F84A /* HNPostCell.h */ = {isa = PBXFileReference; fileEncoding = 4; lastKnownFileType = sourcecode.c.h; path = HNPostCell.h; sourceTree = "<group>"; };
		29EA878A1DD7AAAA00B6F84A /* HNPostCell.m */ = {isa = PBXFileReference; fileEncoding = 4; lastKnownFileType = sourcecode.c.objc; path = HNPostCell.m; sourceTree = "<group>"; };
		29EA87CD1DD7AACD00B6F84A /* fallback-queries.json */ = {isa = PBXFileReference; fileEncoding = 4; lastKnownFileType = text.json; path = "fallback-queries.json"; sourceTree = "<group>"; };
		29EA87CF1DD7AACD00B6F84A /* Images.xcassets */ = {isa = PBXFileReference; lastKnownFileType = folder.assetcatalog; path = Images.xcassets; sourceTree = "<group>"; };
		29EA87D01DD7AACD00B6F84A /* Info.plist */ = {isa = PBXFileReference; fileEncoding = 4; lastKnownFileType = text.plist.xml; path = Info.plist; sourceTree = "<group>"; };
		29EA87D11DD7AACD00B6F84A /* Launch.storyboard */ = {isa = PBXFileReference; fileEncoding = 4; lastKnownFileType = file.storyboard; path = Launch.storyboard; sourceTree = "<group>"; };
		29EA87D21DD7AACD00B6F84A /* Main.storyboard */ = {isa = PBXFileReference; fileEncoding = 4; lastKnownFileType = file.storyboard; path = Main.storyboard; sourceTree = "<group>"; };
		29EA87DD1DD7AC9200B6F84A /* libxml2.2.tbd */ = {isa = PBXFileReference; lastKnownFileType = "sourcecode.text-based-dylib-definition"; name = libxml2.2.tbd; path = usr/lib/libxml2.2.tbd; sourceTree = SDKROOT; };
		29EA87E01DD7ACF300B6F84A /* Info.plist */ = {isa = PBXFileReference; fileEncoding = 4; lastKnownFileType = text.plist.xml; path = Info.plist; sourceTree = "<group>"; };
		29EA87E11DD7ACF300B6F84A /* NSURL+HackerNewsTests.m */ = {isa = PBXFileReference; fileEncoding = 4; lastKnownFileType = sourcecode.c.objc; path = "NSURL+HackerNewsTests.m"; sourceTree = "<group>"; };
		D231C5C33344FF1151733EC4 /* Pods-HackerNewsReader.release.xcconfig */ = {isa = PBXFileReference; includeInIndex = 1; lastKnownFileType = text.xcconfig; name = "Pods-HackerNewsReader.release.xcconfig"; path = "Pods/Target Support Files/Pods-HackerNewsReader/Pods-HackerNewsReader.release.xcconfig"; sourceTree = "<group>"; };
		D8AA24FB5C8D7138D6A5225A /* Pods-HackerNewsReader.debug.xcconfig */ = {isa = PBXFileReference; includeInIndex = 1; lastKnownFileType = text.xcconfig; name = "Pods-HackerNewsReader.debug.xcconfig"; path = "Pods/Target Support Files/Pods-HackerNewsReader/Pods-HackerNewsReader.debug.xcconfig"; sourceTree = "<group>"; };
/* End PBXFileReference section */

/* Begin PBXFrameworksBuildPhase section */
		2900FA161B30F0E100690100 /* Frameworks */ = {
			isa = PBXFrameworksBuildPhase;
			buildActionMask = 2147483647;
			files = (
			);
			runOnlyForDeploymentPostprocessing = 0;
		};
		2990B2DD1AD1FC600053DB80 /* Frameworks */ = {
			isa = PBXFrameworksBuildPhase;
			buildActionMask = 2147483647;
			files = (
				29EA87DE1DD7AC9200B6F84A /* libxml2.2.tbd in Frameworks */,
				295DB7461AF7DA9D004B119F /* WebKit.framework in Frameworks */,
				58FBF42904A3BAC63095A11D /* Pods_HackerNewsReader.framework in Frameworks */,
			);
			runOnlyForDeploymentPostprocessing = 0;
		};
/* End PBXFrameworksBuildPhase section */

/* Begin PBXGroup section */
		2990B2D71AD1FC600053DB80 = {
			isa = PBXGroup;
			children = (
				29EA87DF1DD7ACF300B6F84A /* HackerNewsReaderTests */,
				2990B3421AD1FDDE0053DB80 /* Classes */,
				2990B2E51AD1FC600053DB80 /* main.m */,
				2990B2E11AD1FC600053DB80 /* Products */,
				29EA87CC1DD7AACD00B6F84A /* Resources */,
				2990B38D1AD204190053DB80 /* Vendor */,
				C08DDBB292AA1BFA6B16B455 /* Pods */,
				80871F2CF9C62E91D554FB34 /* Frameworks */,
			);
			sourceTree = "<group>";
		};
		2990B2E11AD1FC600053DB80 /* Products */ = {
			isa = PBXGroup;
			children = (
				2990B2E01AD1FC600053DB80 /* HackerNewsReader.app */,
				2900FA191B30F0E100690100 /* HackerNewsReaderTests.xctest */,
			);
			name = Products;
			sourceTree = "<group>";
		};
		2990B3421AD1FDDE0053DB80 /* Classes */ = {
			isa = PBXGroup;
			children = (
				2990B3501AD1FE460053DB80 /* AppDelegate.h */,
				2990B3511AD1FE460053DB80 /* AppDelegate.m */,
				29EA86FE1DD7AAAA00B6F84A /* Categories */,
				29EA87201DD7AAAA00B6F84A /* Models */,
				29EA872E1DD7AAAA00B6F84A /* Networking */,
				29EA87551DD7AAAA00B6F84A /* Systems */,
				29EA875A1DD7AAAA00B6F84A /* Text */,
				29EA87611DD7AAAA00B6F84A /* ViewControllers */,
				29EA877C1DD7AAAA00B6F84A /* Views */,
			);
			name = Classes;
			path = HackerNewsReader;
			sourceTree = "<group>";
		};
		2990B38D1AD204190053DB80 /* Vendor */ = {
			isa = PBXGroup;
			children = (
				295DB7451AF7DA9D004B119F /* WebKit.framework */,
			);
			name = Vendor;
			sourceTree = "<group>";
		};
		29EA86FE1DD7AAAA00B6F84A /* Categories */ = {
			isa = PBXGroup;
			children = (
				29EA86FF1DD7AAAA00B6F84A /* HNComment+AttributedStrings.h */,
				29EA87001DD7AAAA00B6F84A /* HNComment+AttributedStrings.m */,
				29EA87011DD7AAAA00B6F84A /* HNComment+Links.h */,
				29EA87021DD7AAAA00B6F84A /* HNComment+Links.m */,
				29EA87031DD7AAAA00B6F84A /* HNPage+Links.h */,
				29EA87041DD7AAAA00B6F84A /* HNPage+Links.m */,
				29EA87051DD7AAAA00B6F84A /* NSURL+HackerNews.h */,
				29EA87061DD7AAAA00B6F84A /* NSURL+HackerNews.m */,
				29EA87071DD7AAAA00B6F84A /* UIColor+HackerNews.h */,
				29EA87081DD7AAAA00B6F84A /* UIColor+HackerNews.m */,
				29EA87091DD7AAAA00B6F84A /* UIFont+HackerNews.h */,
				29EA870A1DD7AAAA00B6F84A /* UIFont+HackerNews.m */,
				29EA870B1DD7AAAA00B6F84A /* UINavigationBar+HackerNews.h */,
				29EA870C1DD7AAAA00B6F84A /* UINavigationBar+HackerNews.m */,
				29EA870D1DD7AAAA00B6F84A /* UINavigationController+HNBarState.h */,
				29EA870E1DD7AAAA00B6F84A /* UINavigationController+HNBarState.m */,
				29EA870F1DD7AAAA00B6F84A /* UITabBar+HackerNews.h */,
				29EA87101DD7AAAA00B6F84A /* UITabBar+HackerNews.m */,
				29EA87111DD7AAAA00B6F84A /* UIToolbar+HackerNews.h */,
				29EA87121DD7AAAA00B6F84A /* UIToolbar+HackerNews.m */,
				29EA87131DD7AAAA00B6F84A /* UIViewController */,
			);
			name = Categories;
			path = Classes/Categories;
			sourceTree = "<group>";
		};
		29EA87131DD7AAAA00B6F84A /* UIViewController */ = {
			isa = PBXGroup;
			children = (
				29EA87141DD7AAAA00B6F84A /* UIViewController+ActivityIndicator.h */,
				29EA87151DD7AAAA00B6F84A /* UIViewController+ActivityIndicator.m */,
				29EA87161DD7AAAA00B6F84A /* UIViewController+HNComment.h */,
				29EA87171DD7AAAA00B6F84A /* UIViewController+HNComment.m */,
				29EA87181DD7AAAA00B6F84A /* UIViewController+HNOverlay.h */,
				29EA87191DD7AAAA00B6F84A /* UIViewController+HNOverlay.m */,
				29EA871A1DD7AAAA00B6F84A /* UIViewController+Sharing.h */,
				29EA871B1DD7AAAA00B6F84A /* UIViewController+Sharing.m */,
				29EA871C1DD7AAAA00B6F84A /* UIViewController+Storyboards.h */,
				29EA871D1DD7AAAA00B6F84A /* UIViewController+Storyboards.m */,
				29EA871E1DD7AAAA00B6F84A /* UIViewController+UISplitViewController.h */,
				29EA871F1DD7AAAA00B6F84A /* UIViewController+UISplitViewController.m */,
			);
			path = UIViewController;
			sourceTree = "<group>";
		};
		29EA87201DD7AAAA00B6F84A /* Models */ = {
			isa = PBXGroup;
			children = (
				29EA87211DD7AAAA00B6F84A /* HNComment.h */,
				29EA87221DD7AAAA00B6F84A /* HNComment.m */,
				29EA87231DD7AAAA00B6F84A /* HNCommentComponent.h */,
				29EA87241DD7AAAA00B6F84A /* HNCommentComponent.m */,
				29EA87251DD7AAAA00B6F84A /* HNFeed.h */,
				29EA87261DD7AAAA00B6F84A /* HNFeed.m */,
				29EA87271DD7AAAA00B6F84A /* HNMacros.h */,
				29EA87281DD7AAAA00B6F84A /* HNPage.h */,
				29EA87291DD7AAAA00B6F84A /* HNPage.m */,
				29EA872A1DD7AAAA00B6F84A /* HNPost.h */,
				29EA872B1DD7AAAA00B6F84A /* HNPost.m */,
				29EA872C1DD7AAAA00B6F84A /* HNUser.h */,
				29EA872D1DD7AAAA00B6F84A /* HNUser.m */,
			);
			name = Models;
			path = Classes/Models;
			sourceTree = "<group>";
		};
		29EA872E1DD7AAAA00B6F84A /* Networking */ = {
			isa = PBXGroup;
			children = (
				29EA872F1DD7AAAA00B6F84A /* HackerNewsNetworker.h */,
				29EA87301DD7AAAA00B6F84A /* HNCommentParser.h */,
				29EA87311DD7AAAA00B6F84A /* HNCommentParser.m */,
				29EA87321DD7AAAA00B6F84A /* HNDataCoordinator.h */,
				29EA87331DD7AAAA00B6F84A /* HNDataCoordinator.m */,
				29EA87341DD7AAAA00B6F84A /* HNDiskStore.h */,
				29EA87351DD7AAAA00B6F84A /* HNDiskStore.m */,
				29EA87361DD7AAAA00B6F84A /* HNFeedDataSource.h */,
				29EA87371DD7AAAA00B6F84A /* HNFeedDataSource.m */,
				29EA87381DD7AAAA00B6F84A /* HNFeedParser.h */,
				29EA87391DD7AAAA00B6F84A /* HNFeedParser.m */,
				29EA873A1DD7AAAA00B6F84A /* HNLogin.h */,
				29EA873B1DD7AAAA00B6F84A /* HNLogin.m */,
				29EA873C1DD7AAAA00B6F84A /* HNPageParser.h */,
				29EA873D1DD7AAAA00B6F84A /* HNPageParser.m */,
				29EA873E1DD7AAAA00B6F84A /* HNParseProtocol.h */,
				29EA873F1DD7AAAA00B6F84A /* HNQueries.h */,
				29EA87401DD7AAAA00B6F84A /* HNQueries.m */,
				29EA87411DD7AAAA00B6F84A /* HNService.h */,
				29EA87421DD7AAAA00B6F84A /* HNService.m */,
				29EA87431DD7AAAA00B6F84A /* HNSession.h */,
				29EA87441DD7AAAA00B6F84A /* HNSession.m */,
				29EA87451DD7AAAA00B6F84A /* HNSessionManager.h */,
				29EA87461DD7AAAA00B6F84A /* HNSessionManager.m */,
				29EA87471DD7AAAA00B6F84A /* HNUserParser.h */,
				29EA87481DD7AAAA00B6F84A /* HNUserParser.m */,
				29EA87491DD7AAAA00B6F84A /* NSHTTPCookie+HackerNewsNetworker.h */,
				29EA874A1DD7AAAA00B6F84A /* NSHTTPCookie+HackerNewsNetworker.m */,
				29EA874B1DD7AAAA00B6F84A /* NSHTTPCookieStorage+HackerNewsNetworker.h */,
				29EA874C1DD7AAAA00B6F84A /* NSHTTPCookieStorage+HackerNewsNetworker.m */,
				29EA874D1DD7AAAA00B6F84A /* NSString+HackerNewsNetworker.h */,
				29EA874E1DD7AAAA00B6F84A /* NSString+HackerNewsNetworker.m */,
				29EA874F1DD7AAAA00B6F84A /* TFHpple.h */,
				29EA87501DD7AAAA00B6F84A /* TFHpple.m */,
				29EA87511DD7AAAA00B6F84A /* TFHppleElement.h */,
				29EA87521DD7AAAA00B6F84A /* TFHppleElement.m */,
				29EA87531DD7AAAA00B6F84A /* XPathQuery.h */,
				29EA87541DD7AAAA00B6F84A /* XPathQuery.m */,
			);
			name = Networking;
			path = Classes/Networking;
			sourceTree = "<group>";
		};
		29EA87551DD7AAAA00B6F84A /* Systems */ = {
			isa = PBXGroup;
			children = (
				29EA87561DD7AAAA00B6F84A /* HNReadPostStore.h */,
				29EA87571DD7AAAA00B6F84A /* HNReadPostStore.m */,
				29EA87581DD7AAAA00B6F84A /* HNTableStatus.h */,
				29EA87591DD7AAAA00B6F84A /* HNTableStatus.m */,
			);
			name = Systems;
			path = Classes/Systems;
			sourceTree = "<group>";
		};
		29EA875A1DD7AAAA00B6F84A /* Text */ = {
			isa = PBXGroup;
			children = (
				29EA875B1DD7AAAA00B6F84A /* HNAttributedCommentComponents.h */,
				29EA875C1DD7AAAA00B6F84A /* HNAttributedCommentComponents.m */,
				29EA875D1DD7AAAA00B6F84A /* HNTextRenderer.h */,
				29EA875E1DD7AAAA00B6F84A /* HNTextRenderer.m */,
				29EA875F1DD7AAAA00B6F84A /* HNTextStorage.h */,
				29EA87601DD7AAAA00B6F84A /* HNTextStorage.m */,
			);
			name = Text;
			path = Classes/Text;
			sourceTree = "<group>";
		};
		29EA87611DD7AAAA00B6F84A /* ViewControllers */ = {
			isa = PBXGroup;
			children = (
				29EA87621DD7AAAA00B6F84A /* HNAboutViewController.h */,
				29EA87631DD7AAAA00B6F84A /* HNAboutViewController.m */,
				29EA87641DD7AAAA00B6F84A /* HNCommentViewController.h */,
				29EA87651DD7AAAA00B6F84A /* HNCommentViewController.m */,
				29EA87661DD7AAAA00B6F84A /* HNFeedViewController.h */,
				29EA87671DD7AAAA00B6F84A /* HNFeedViewController.m */,
				29EA87681DD7AAAA00B6F84A /* HNLoginViewController.h */,
				29EA87691DD7AAAA00B6F84A /* HNLoginViewController.m */,
				29EA876A1DD7AAAA00B6F84A /* HNNavigationController.h */,
				29EA876B1DD7AAAA00B6F84A /* HNNavigationController.m */,
				29EA876C1DD7AAAA00B6F84A /* HNPostControllerHandling.h */,
				29EA876D1DD7AAAA00B6F84A /* HNPostControllerHandling.m */,
				29EA876E1DD7AAAA00B6F84A /* HNProfileViewController.h */,
				29EA876F1DD7AAAA00B6F84A /* HNProfileViewController.m */,
				29EA87701DD7AAAA00B6F84A /* HNSearchPostsController.h */,
				29EA87711DD7AAAA00B6F84A /* HNSearchPostsController.m */,
				29EA87721DD7AAAA00B6F84A /* HNSplitViewDelegate.h */,
				29EA87731DD7AAAA00B6F84A /* HNSplitViewDelegate.m */,
				29EA87741DD7AAAA00B6F84A /* HNSubmissionsViewController.h */,
				29EA87751DD7AAAA00B6F84A /* HNSubmissionsViewController.m */,
				29EA87761DD7AAAA00B6F84A /* HNTabBarController.h */,
				29EA87771DD7AAAA00B6F84A /* HNTabBarController.m */,
				29EA87781DD7AAAA00B6F84A /* HNTopViewController.h */,
				29EA87791DD7AAAA00B6F84A /* HNTopViewController.m */,
				29EA877A1DD7AAAA00B6F84A /* HNWebViewController.h */,
				29EA877B1DD7AAAA00B6F84A /* HNWebViewController.m */,
			);
			name = ViewControllers;
			path = Classes/ViewControllers;
			sourceTree = "<group>";
		};
		29EA877C1DD7AAAA00B6F84A /* Views */ = {
			isa = PBXGroup;
			children = (
				29EA877D1DD7AAAA00B6F84A /* HNCommentButton.h */,
				29EA877E1DD7AAAA00B6F84A /* HNCommentButton.m */,
				29EA877F1DD7AAAA00B6F84A /* HNCommentCell.h */,
				29EA87801DD7AAAA00B6F84A /* HNCommentCell.m */,
				29EA87811DD7AAAA00B6F84A /* HNCommentHeaderCell.h */,
				29EA87821DD7AAAA00B6F84A /* HNCommentHeaderCell.m */,
				29EA87831DD7AAAA00B6F84A /* HNEmptyTableCell.h */,
				29EA87841DD7AAAA00B6F84A /* HNEmptyTableCell.m */,
				29EA87851DD7AAAA00B6F84A /* HNLoadingCell.h */,
				29EA87861DD7AAAA00B6F84A /* HNLoadingCell.m */,
				29EA87871DD7AAAA00B6F84A /* HNPageHeaderView.h */,
				29EA87881DD7AAAA00B6F84A /* HNPageHeaderView.m */,
				29EA87891DD7AAAA00B6F84A /* HNPostCell.h */,
				29EA878A1DD7AAAA00B6F84A /* HNPostCell.m */,
			);
			name = Views;
			path = Classes/Views;
			sourceTree = "<group>";
		};
		29EA87CC1DD7AACD00B6F84A /* Resources */ = {
			isa = PBXGroup;
			children = (
				29EA87CD1DD7AACD00B6F84A /* fallback-queries.json */,
				29EA87CF1DD7AACD00B6F84A /* Images.xcassets */,
				29EA87D01DD7AACD00B6F84A /* Info.plist */,
				29EA87D11DD7AACD00B6F84A /* Launch.storyboard */,
				29EA87D21DD7AACD00B6F84A /* Main.storyboard */,
			);
			name = Resources;
			path = HackerNewsReader/Resources;
			sourceTree = "<group>";
		};
		29EA87DF1DD7ACF300B6F84A /* HackerNewsReaderTests */ = {
			isa = PBXGroup;
			children = (
				29EA87E01DD7ACF300B6F84A /* Info.plist */,
				29EA87E11DD7ACF300B6F84A /* NSURL+HackerNewsTests.m */,
			);
			path = HackerNewsReaderTests;
			sourceTree = "<group>";
		};
		80871F2CF9C62E91D554FB34 /* Frameworks */ = {
			isa = PBXGroup;
			children = (
				29EA87DD1DD7AC9200B6F84A /* libxml2.2.tbd */,
				11E97AC09D67B152186BF4B6 /* Pods_HackerNewsReader.framework */,
			);
			name = Frameworks;
			sourceTree = "<group>";
		};
		C08DDBB292AA1BFA6B16B455 /* Pods */ = {
			isa = PBXGroup;
			children = (
				D8AA24FB5C8D7138D6A5225A /* Pods-HackerNewsReader.debug.xcconfig */,
				D231C5C33344FF1151733EC4 /* Pods-HackerNewsReader.release.xcconfig */,
			);
			name = Pods;
			sourceTree = "<group>";
		};
/* End PBXGroup section */

/* Begin PBXNativeTarget section */
		2900FA181B30F0E100690100 /* HackerNewsReaderTests */ = {
			isa = PBXNativeTarget;
			buildConfigurationList = 2900FA231B30F0E100690100 /* Build configuration list for PBXNativeTarget "HackerNewsReaderTests" */;
			buildPhases = (
				2900FA151B30F0E100690100 /* Sources */,
				2900FA161B30F0E100690100 /* Frameworks */,
				2900FA171B30F0E100690100 /* Resources */,
			);
			buildRules = (
			);
			dependencies = (
				2900FA201B30F0E100690100 /* PBXTargetDependency */,
			);
			name = HackerNewsReaderTests;
			productName = "HackerNewsReader Tests";
			productReference = 2900FA191B30F0E100690100 /* HackerNewsReaderTests.xctest */;
			productType = "com.apple.product-type.bundle.unit-test";
		};
		2990B2DF1AD1FC600053DB80 /* HackerNewsReader */ = {
			isa = PBXNativeTarget;
			buildConfigurationList = 2990B3031AD1FC600053DB80 /* Build configuration list for PBXNativeTarget "HackerNewsReader" */;
			buildPhases = (
				11435106D341911CAB996C57 /* [CP] Check Pods Manifest.lock */,
				2990B2DC1AD1FC600053DB80 /* Sources */,
				2990B2DD1AD1FC600053DB80 /* Frameworks */,
				2990B2DE1AD1FC600053DB80 /* Resources */,
				27BA0891E290CD57634C0838 /* [CP] Embed Pods Frameworks */,
				3977E3775A48C0ACABE8FC90 /* [CP] Copy Pods Resources */,
			);
			buildRules = (
			);
			dependencies = (
			);
			name = HackerNewsReader;
			productName = HackerNewsReader;
			productReference = 2990B2E01AD1FC600053DB80 /* HackerNewsReader.app */;
			productType = "com.apple.product-type.application";
		};
/* End PBXNativeTarget section */

/* Begin PBXProject section */
		2990B2D81AD1FC600053DB80 /* Project object */ = {
			isa = PBXProject;
			attributes = {
				LastUpgradeCheck = 0700;
				ORGANIZATIONNAME = "Ryan Nystrom";
				TargetAttributes = {
					2900FA181B30F0E100690100 = {
						CreatedOnToolsVersion = 6.3.1;
						TestTargetID = 2990B2DF1AD1FC600053DB80;
					};
					2990B2DF1AD1FC600053DB80 = {
						CreatedOnToolsVersion = 6.2;
						DevelopmentTeam = 523C4DWBTH;
					};
				};
			};
			buildConfigurationList = 2990B2DB1AD1FC600053DB80 /* Build configuration list for PBXProject "HackerNewsReader" */;
			compatibilityVersion = "Xcode 3.2";
			developmentRegion = English;
			hasScannedForEncodings = 0;
			knownRegions = (
				en,
				Base,
				cs,
				de,
				es,
				eu,
				fi,
				fr,
				it,
				ja,
				ko,
				nl,
				no,
				pl,
				pt,
				ru,
				sk,
				sv,
				vi,
				zh_CN,
			);
			mainGroup = 2990B2D71AD1FC600053DB80;
			productRefGroup = 2990B2E11AD1FC600053DB80 /* Products */;
			projectDirPath = "";
			projectRoot = "";
			targets = (
				2990B2DF1AD1FC600053DB80 /* HackerNewsReader */,
				2900FA181B30F0E100690100 /* HackerNewsReaderTests */,
			);
		};
/* End PBXProject section */

/* Begin PBXResourcesBuildPhase section */
		2900FA171B30F0E100690100 /* Resources */ = {
			isa = PBXResourcesBuildPhase;
			buildActionMask = 2147483647;
			files = (
			);
			runOnlyForDeploymentPostprocessing = 0;
		};
		2990B2DE1AD1FC600053DB80 /* Resources */ = {
			isa = PBXResourcesBuildPhase;
			buildActionMask = 2147483647;
			files = (
				29EA87D91DD7AACD00B6F84A /* Launch.storyboard in Resources */,
				29EA87D71DD7AACD00B6F84A /* Images.xcassets in Resources */,
				29EA87DA1DD7AACD00B6F84A /* Main.storyboard in Resources */,
				29EA87D51DD7AACD00B6F84A /* fallback-queries.json in Resources */,
			);
			runOnlyForDeploymentPostprocessing = 0;
		};
/* End PBXResourcesBuildPhase section */

/* Begin PBXShellScriptBuildPhase section */
		11435106D341911CAB996C57 /* [CP] Check Pods Manifest.lock */ = {
			isa = PBXShellScriptBuildPhase;
			buildActionMask = 2147483647;
			files = (
			);
			inputPaths = (
			);
			name = "[CP] Check Pods Manifest.lock";
			outputPaths = (
			);
			runOnlyForDeploymentPostprocessing = 0;
			shellPath = /bin/sh;
			shellScript = "diff \"${PODS_ROOT}/../Podfile.lock\" \"${PODS_ROOT}/Manifest.lock\" > /dev/null\nif [ $? != 0 ] ; then\n    # print error to STDERR\n    echo \"error: The sandbox is not in sync with the Podfile.lock. Run 'pod install' or update your CocoaPods installation.\" >&2\n    exit 1\nfi\n";
			showEnvVarsInLog = 0;
		};
		27BA0891E290CD57634C0838 /* [CP] Embed Pods Frameworks */ = {
			isa = PBXShellScriptBuildPhase;
			buildActionMask = 2147483647;
			files = (
			);
			inputPaths = (
			);
			name = "[CP] Embed Pods Frameworks";
			outputPaths = (
			);
			runOnlyForDeploymentPostprocessing = 0;
			shellPath = /bin/sh;
			shellScript = "\"${SRCROOT}/Pods/Target Support Files/Pods-HackerNewsReader/Pods-HackerNewsReader-frameworks.sh\"\n";
			showEnvVarsInLog = 0;
		};
		3977E3775A48C0ACABE8FC90 /* [CP] Copy Pods Resources */ = {
			isa = PBXShellScriptBuildPhase;
			buildActionMask = 2147483647;
			files = (
			);
			inputPaths = (
			);
			name = "[CP] Copy Pods Resources";
			outputPaths = (
			);
			runOnlyForDeploymentPostprocessing = 0;
			shellPath = /bin/sh;
			shellScript = "\"${SRCROOT}/Pods/Target Support Files/Pods-HackerNewsReader/Pods-HackerNewsReader-resources.sh\"\n";
			showEnvVarsInLog = 0;
		};
/* End PBXShellScriptBuildPhase section */

/* Begin PBXSourcesBuildPhase section */
		2900FA151B30F0E100690100 /* Sources */ = {
			isa = PBXSourcesBuildPhase;
			buildActionMask = 2147483647;
			files = (
				29EA87E51DD7ACFC00B6F84A /* NSURL+HackerNewsTests.m in Sources */,
			);
			runOnlyForDeploymentPostprocessing = 0;
		};
		2990B2DC1AD1FC600053DB80 /* Sources */ = {
			isa = PBXSourcesBuildPhase;
			buildActionMask = 2147483647;
			files = (
				2990B2E61AD1FC600053DB80 /* main.m in Sources */,
				29EA87B51DD7AAAA00B6F84A /* HNAttributedCommentComponents.m in Sources */,
				29EA87AD1DD7AAAA00B6F84A /* NSHTTPCookie+HackerNewsNetworker.m in Sources */,
				29EA87BF1DD7AAAA00B6F84A /* HNSearchPostsController.m in Sources */,
				29EA87921DD7AAAA00B6F84A /* UINavigationController+HNBarState.m in Sources */,
				29EA87AE1DD7AAAA00B6F84A /* NSHTTPCookieStorage+HackerNewsNetworker.m in Sources */,
				29EA87B41DD7AAAA00B6F84A /* HNTableStatus.m in Sources */,
				29EA87A31DD7AAAA00B6F84A /* HNDiskStore.m in Sources */,
				29EA87901DD7AAAA00B6F84A /* UIFont+HackerNews.m in Sources */,
				29EA87A11DD7AAAA00B6F84A /* HNCommentParser.m in Sources */,
				29EA878F1DD7AAAA00B6F84A /* UIColor+HackerNews.m in Sources */,
				29EA87C41DD7AAAA00B6F84A /* HNWebViewController.m in Sources */,
				29EA87A41DD7AAAA00B6F84A /* HNFeedDataSource.m in Sources */,
				29EA87AC1DD7AAAA00B6F84A /* HNUserParser.m in Sources */,
				29EA87BD1DD7AAAA00B6F84A /* HNPostControllerHandling.m in Sources */,
				29EA87C31DD7AAAA00B6F84A /* HNTopViewController.m in Sources */,
				29EA87A71DD7AAAA00B6F84A /* HNPageParser.m in Sources */,
				29EA87941DD7AAAA00B6F84A /* UIToolbar+HackerNews.m in Sources */,
				29EA87AF1DD7AAAA00B6F84A /* NSString+HackerNewsNetworker.m in Sources */,
				29EA878E1DD7AAAA00B6F84A /* NSURL+HackerNews.m in Sources */,
				29EA878D1DD7AAAA00B6F84A /* HNPage+Links.m in Sources */,
				29EA87B01DD7AAAA00B6F84A /* TFHpple.m in Sources */,
				29EA87C91DD7AAAA00B6F84A /* HNLoadingCell.m in Sources */,
				29EA87B81DD7AAAA00B6F84A /* HNAboutViewController.m in Sources */,
				29EA879B1DD7AAAA00B6F84A /* HNComment.m in Sources */,
				29EA87911DD7AAAA00B6F84A /* UINavigationBar+HackerNews.m in Sources */,
				29EA87A91DD7AAAA00B6F84A /* HNService.m in Sources */,
				29EA878C1DD7AAAA00B6F84A /* HNComment+Links.m in Sources */,
				29EA87981DD7AAAA00B6F84A /* UIViewController+Sharing.m in Sources */,
				29EA87AA1DD7AAAA00B6F84A /* HNSession.m in Sources */,
				29EA87BE1DD7AAAA00B6F84A /* HNProfileViewController.m in Sources */,
				29EA87B21DD7AAAA00B6F84A /* XPathQuery.m in Sources */,
				29EA87B71DD7AAAA00B6F84A /* HNTextStorage.m in Sources */,
				29EA879A1DD7AAAA00B6F84A /* UIViewController+UISplitViewController.m in Sources */,
				29EA87C51DD7AAAA00B6F84A /* HNCommentButton.m in Sources */,
				29EA878B1DD7AAAA00B6F84A /* HNComment+AttributedStrings.m in Sources */,
				29EA87C01DD7AAAA00B6F84A /* HNSplitViewDelegate.m in Sources */,
				29EA87961DD7AAAA00B6F84A /* UIViewController+HNComment.m in Sources */,
				2990B3521AD1FE460053DB80 /* AppDelegate.m in Sources */,
				29EA879F1DD7AAAA00B6F84A /* HNPost.m in Sources */,
				29EA87B31DD7AAAA00B6F84A /* HNReadPostStore.m in Sources */,
				29EA87A01DD7AAAA00B6F84A /* HNUser.m in Sources */,
				29EA87CA1DD7AAAA00B6F84A /* HNPageHeaderView.m in Sources */,
				29EA87CB1DD7AAAA00B6F84A /* HNPostCell.m in Sources */,
				29EA87AB1DD7AAAA00B6F84A /* HNSessionManager.m in Sources */,
				29EA87C71DD7AAAA00B6F84A /* HNCommentHeaderCell.m in Sources */,
				29EA879D1DD7AAAA00B6F84A /* HNFeed.m in Sources */,
				29EA87A51DD7AAAA00B6F84A /* HNFeedParser.m in Sources */,
				29EA87B61DD7AAAA00B6F84A /* HNTextRenderer.m in Sources */,
				29EA879C1DD7AAAA00B6F84A /* HNCommentComponent.m in Sources */,
				29EA87991DD7AAAA00B6F84A /* UIViewController+Storyboards.m in Sources */,
				29EA87BA1DD7AAAA00B6F84A /* HNFeedViewController.m in Sources */,
				29EA879E1DD7AAAA00B6F84A /* HNPage.m in Sources */,
				29EA87C61DD7AAAA00B6F84A /* HNCommentCell.m in Sources */,
				29EA87C11DD7AAAA00B6F84A /* HNSubmissionsViewController.m in Sources */,
				29EA87A81DD7AAAA00B6F84A /* HNQueries.m in Sources */,
				29EA87A21DD7AAAA00B6F84A /* HNDataCoordinator.m in Sources */,
				29EA87971DD7AAAA00B6F84A /* UIViewController+HNOverlay.m in Sources */,
				29EA87B11DD7AAAA00B6F84A /* TFHppleElement.m in Sources */,
				29EA87C21DD7AAAA00B6F84A /* HNTabBarController.m in Sources */,
				29EA87A61DD7AAAA00B6F84A /* HNLogin.m in Sources */,
				29EA87C81DD7AAAA00B6F84A /* HNEmptyTableCell.m in Sources */,
				29EA87BB1DD7AAAA00B6F84A /* HNLoginViewController.m in Sources */,
				29EA87951DD7AAAA00B6F84A /* UIViewController+ActivityIndicator.m in Sources */,
				29EA87BC1DD7AAAA00B6F84A /* HNNavigationController.m in Sources */,
				29EA87B91DD7AAAA00B6F84A /* HNCommentViewController.m in Sources */,
				29EA87931DD7AAAA00B6F84A /* UITabBar+HackerNews.m in Sources */,
			);
			runOnlyForDeploymentPostprocessing = 0;
		};
/* End PBXSourcesBuildPhase section */

/* Begin PBXTargetDependency section */
		2900FA201B30F0E100690100 /* PBXTargetDependency */ = {
			isa = PBXTargetDependency;
			target = 2990B2DF1AD1FC600053DB80 /* HackerNewsReader */;
			targetProxy = 2900FA1F1B30F0E100690100 /* PBXContainerItemProxy */;
		};
/* End PBXTargetDependency section */

/* Begin XCBuildConfiguration section */
		2900FA211B30F0E100690100 /* Debug */ = {
			isa = XCBuildConfiguration;
			buildSettings = {
				BUNDLE_LOADER = "$(TEST_HOST)";
				DEBUG_INFORMATION_FORMAT = "dwarf-with-dsym";
				GCC_NO_COMMON_BLOCKS = YES;
				GCC_PREPROCESSOR_DEFINITIONS = (
					"DEBUG=1",
					"$(inherited)",
				);
				INFOPLIST_FILE = HackerNewsReaderTests/Info.plist;
				IPHONEOS_DEPLOYMENT_TARGET = 8.3;
				LD_RUNPATH_SEARCH_PATHS = "$(inherited) @executable_path/Frameworks @loader_path/Frameworks";
				PRODUCT_BUNDLE_IDENTIFIER = "com.whoisryannystrom.$(PRODUCT_NAME:rfc1034identifier)";
				PRODUCT_NAME = "$(TARGET_NAME)";
				TEST_HOST = "$(BUILT_PRODUCTS_DIR)/HackerNewsReader.app/HackerNewsReader";
			};
			name = Debug;
		};
		2900FA221B30F0E100690100 /* Release */ = {
			isa = XCBuildConfiguration;
			buildSettings = {
				BUNDLE_LOADER = "$(TEST_HOST)";
				DEBUG_INFORMATION_FORMAT = "dwarf-with-dsym";
				GCC_NO_COMMON_BLOCKS = YES;
				INFOPLIST_FILE = HackerNewsReaderTests/Info.plist;
				IPHONEOS_DEPLOYMENT_TARGET = 8.3;
				LD_RUNPATH_SEARCH_PATHS = "$(inherited) @executable_path/Frameworks @loader_path/Frameworks";
				PRODUCT_BUNDLE_IDENTIFIER = "com.whoisryannystrom.$(PRODUCT_NAME:rfc1034identifier)";
				PRODUCT_NAME = "$(TARGET_NAME)";
				TEST_HOST = "$(BUILT_PRODUCTS_DIR)/HackerNewsReader.app/HackerNewsReader";
			};
			name = Release;
		};
		2990B3011AD1FC600053DB80 /* Debug */ = {
			isa = XCBuildConfiguration;
			buildSettings = {
				ALWAYS_SEARCH_USER_PATHS = NO;
				CLANG_CXX_LANGUAGE_STANDARD = "gnu++0x";
				CLANG_CXX_LIBRARY = "libc++";
				CLANG_ENABLE_MODULES = YES;
				CLANG_ENABLE_OBJC_ARC = YES;
				CLANG_WARN_BOOL_CONVERSION = YES;
				CLANG_WARN_CONSTANT_CONVERSION = YES;
				CLANG_WARN_DIRECT_OBJC_ISA_USAGE = YES_ERROR;
				CLANG_WARN_EMPTY_BODY = YES;
				CLANG_WARN_ENUM_CONVERSION = YES;
				CLANG_WARN_INT_CONVERSION = YES;
				CLANG_WARN_OBJC_ROOT_CLASS = YES_ERROR;
				CLANG_WARN_UNREACHABLE_CODE = YES;
				CLANG_WARN__DUPLICATE_METHOD_MATCH = YES;
				"CODE_SIGN_IDENTITY[sdk=iphoneos*]" = "iPhone Developer";
				COPY_PHASE_STRIP = NO;
				ENABLE_STRICT_OBJC_MSGSEND = YES;
				ENABLE_TESTABILITY = YES;
				GCC_C_LANGUAGE_STANDARD = gnu99;
				GCC_DYNAMIC_NO_PIC = NO;
				GCC_OPTIMIZATION_LEVEL = 0;
				GCC_PREPROCESSOR_DEFINITIONS = (
					"DEBUG=1",
					"$(inherited)",
				);
				GCC_SYMBOLS_PRIVATE_EXTERN = NO;
				GCC_WARN_64_TO_32_BIT_CONVERSION = YES;
				GCC_WARN_ABOUT_RETURN_TYPE = YES_ERROR;
				GCC_WARN_UNDECLARED_SELECTOR = YES;
				GCC_WARN_UNINITIALIZED_AUTOS = YES_AGGRESSIVE;
				GCC_WARN_UNUSED_FUNCTION = YES;
				GCC_WARN_UNUSED_VARIABLE = YES;
				IPHONEOS_DEPLOYMENT_TARGET = 7.1;
				MTL_ENABLE_DEBUG_INFO = YES;
				ONLY_ACTIVE_ARCH = YES;
				SDKROOT = iphoneos;
			};
			name = Debug;
		};
		2990B3021AD1FC600053DB80 /* Release */ = {
			isa = XCBuildConfiguration;
			buildSettings = {
				ALWAYS_SEARCH_USER_PATHS = NO;
				CLANG_CXX_LANGUAGE_STANDARD = "gnu++0x";
				CLANG_CXX_LIBRARY = "libc++";
				CLANG_ENABLE_MODULES = YES;
				CLANG_ENABLE_OBJC_ARC = YES;
				CLANG_WARN_BOOL_CONVERSION = YES;
				CLANG_WARN_CONSTANT_CONVERSION = YES;
				CLANG_WARN_DIRECT_OBJC_ISA_USAGE = YES_ERROR;
				CLANG_WARN_EMPTY_BODY = YES;
				CLANG_WARN_ENUM_CONVERSION = YES;
				CLANG_WARN_INT_CONVERSION = YES;
				CLANG_WARN_OBJC_ROOT_CLASS = YES_ERROR;
				CLANG_WARN_UNREACHABLE_CODE = YES;
				CLANG_WARN__DUPLICATE_METHOD_MATCH = YES;
				"CODE_SIGN_IDENTITY[sdk=iphoneos*]" = "iPhone Developer";
				COPY_PHASE_STRIP = NO;
				ENABLE_NS_ASSERTIONS = NO;
				ENABLE_STRICT_OBJC_MSGSEND = YES;
				GCC_C_LANGUAGE_STANDARD = gnu99;
				GCC_WARN_64_TO_32_BIT_CONVERSION = YES;
				GCC_WARN_ABOUT_RETURN_TYPE = YES_ERROR;
				GCC_WARN_UNDECLARED_SELECTOR = YES;
				GCC_WARN_UNINITIALIZED_AUTOS = YES_AGGRESSIVE;
				GCC_WARN_UNUSED_FUNCTION = YES;
				GCC_WARN_UNUSED_VARIABLE = YES;
				IPHONEOS_DEPLOYMENT_TARGET = 7.1;
				MTL_ENABLE_DEBUG_INFO = NO;
				SDKROOT = iphoneos;
				VALIDATE_PRODUCT = YES;
			};
			name = Release;
		};
		2990B3041AD1FC600053DB80 /* Debug */ = {
			isa = XCBuildConfiguration;
			baseConfigurationReference = D8AA24FB5C8D7138D6A5225A /* Pods-HackerNewsReader.debug.xcconfig */;
			buildSettings = {
				ALWAYS_SEARCH_USER_PATHS = NO;
				ASSETCATALOG_COMPILER_APPICON_NAME = AppIcon;
				DEVELOPMENT_TEAM = 523C4DWBTH;
				GCC_PREPROCESSOR_DEFINITIONS = (
					"$(inherited)",
					"COCOAPODS=1",
				);
				HEADER_SEARCH_PATHS = (
					"$(inherited)",
					"\"${PODS_ROOT}/Headers/Public\"",
					"\"${PODS_ROOT}/Headers/Public/Appirater\"",
					"\"${PODS_ROOT}/Headers/Public/HackerNewsKit\"",
					"\"${PODS_ROOT}/Headers/Public/HackerNewsNetworker\"",
					"\"${PODS_ROOT}/Headers/Public/TUSafariActivity\"",
					"$(SDKROOT)/usr/include/libxml2/**",
				);
				INFOPLIST_FILE = HackerNewsReader/Resources/Info.plist;
				IPHONEOS_DEPLOYMENT_TARGET = 10.0;
				LD_RUNPATH_SEARCH_PATHS = "$(inherited) @executable_path/Frameworks";
				LIBRARY_SEARCH_PATHS = "$(inherited)";
				PRODUCT_BUNDLE_IDENTIFIER = com.whoisryannystrom.hackernews;
				PRODUCT_NAME = "$(TARGET_NAME)";
				TARGETED_DEVICE_FAMILY = "1,2";
				USER_HEADER_SEARCH_PATHS = "$(OBJROOT)/UninstalledProducts/$(PLATFORM_NAME)/include";
			};
			name = Debug;
		};
		2990B3051AD1FC600053DB80 /* Release */ = {
			isa = XCBuildConfiguration;
			baseConfigurationReference = D231C5C33344FF1151733EC4 /* Pods-HackerNewsReader.release.xcconfig */;
			buildSettings = {
				ALWAYS_SEARCH_USER_PATHS = NO;
				ASSETCATALOG_COMPILER_APPICON_NAME = AppIcon;
				DEVELOPMENT_TEAM = 523C4DWBTH;
				HEADER_SEARCH_PATHS = (
					"$(inherited)",
					"\"${PODS_ROOT}/Headers/Public\"",
					"\"${PODS_ROOT}/Headers/Public/Appirater\"",
					"\"${PODS_ROOT}/Headers/Public/HackerNewsKit\"",
					"\"${PODS_ROOT}/Headers/Public/HackerNewsNetworker\"",
					"\"${PODS_ROOT}/Headers/Public/TUSafariActivity\"",
					"$(SDKROOT)/usr/include/libxml2/**",
				);
				INFOPLIST_FILE = HackerNewsReader/Resources/Info.plist;
				IPHONEOS_DEPLOYMENT_TARGET = 10.0;
				LD_RUNPATH_SEARCH_PATHS = "$(inherited) @executable_path/Frameworks";
				LIBRARY_SEARCH_PATHS = "$(inherited)";
				PRODUCT_BUNDLE_IDENTIFIER = com.whoisryannystrom.hackernews;
				PRODUCT_NAME = "$(TARGET_NAME)";
				TARGETED_DEVICE_FAMILY = "1,2";
				USER_HEADER_SEARCH_PATHS = "$(OBJROOT)/UninstalledProducts/$(PLATFORM_NAME)/include";
			};
			name = Release;
		};
/* End XCBuildConfiguration section */

/* Begin XCConfigurationList section */
		2900FA231B30F0E100690100 /* Build configuration list for PBXNativeTarget "HackerNewsReaderTests" */ = {
			isa = XCConfigurationList;
			buildConfigurations = (
				2900FA211B30F0E100690100 /* Debug */,
				2900FA221B30F0E100690100 /* Release */,
			);
			defaultConfigurationIsVisible = 0;
			defaultConfigurationName = Release;
		};
		2990B2DB1AD1FC600053DB80 /* Build configuration list for PBXProject "HackerNewsReader" */ = {
			isa = XCConfigurationList;
			buildConfigurations = (
				2990B3011AD1FC600053DB80 /* Debug */,
				2990B3021AD1FC600053DB80 /* Release */,
			);
			defaultConfigurationIsVisible = 0;
			defaultConfigurationName = Release;
		};
		2990B3031AD1FC600053DB80 /* Build configuration list for PBXNativeTarget "HackerNewsReader" */ = {
			isa = XCConfigurationList;
			buildConfigurations = (
				2990B3041AD1FC600053DB80 /* Debug */,
				2990B3051AD1FC600053DB80 /* Release */,
			);
			defaultConfigurationIsVisible = 0;
			defaultConfigurationName = Release;
		};
/* End XCConfigurationList section */
	};
	rootObject = 2990B2D81AD1FC600053DB80 /* Project object */;
}
