// !$*UTF8*$!
{
	archiveVersion = 1;
	classes = {
	};
	objectVersion = 46;
	objects = {

/* Begin PBXBuildFile section */
		292E0CE71C39F99D00072C57 /* HNQueries.m in Sources */ = {isa = PBXBuildFile; fileRef = 292E0CE61C39F99D00072C57 /* HNQueries.m */; };
		292E0CE81C3A008200072C57 /* HNQueries.h in CopyFiles */ = {isa = PBXBuildFile; fileRef = 292E0CE51C39F99D00072C57 /* HNQueries.h */; };
		292E0CE91C3A069F00072C57 /* HNQueries.m in Sources */ = {isa = PBXBuildFile; fileRef = 292E0CE61C39F99D00072C57 /* HNQueries.m */; };
		292E0CEA1C3A075500072C57 /* fallback-queries.json in Resources */ = {isa = PBXBuildFile; fileRef = 292E0CE41C39F97F00072C57 /* fallback-queries.json */; };
		2942D14A1B1E8E2400912D01 /* HNCommentParserTests.m in Sources */ = {isa = PBXBuildFile; fileRef = 2942D1491B1E8E2400912D01 /* HNCommentParserTests.m */; };
		2942D14B1B1E8E3400912D01 /* HNCommentParser.m in Sources */ = {isa = PBXBuildFile; fileRef = 29E2CB551AD9AA550010B45D /* HNCommentParser.m */; };
		2942D14C1B1E8E6A00912D01 /* TFHpple.m in Sources */ = {isa = PBXBuildFile; fileRef = 2990B3D31AD2E86F0053DB80 /* TFHpple.m */; };
		2942D14D1B1E8E6A00912D01 /* TFHppleElement.m in Sources */ = {isa = PBXBuildFile; fileRef = 2990B3D51AD2E86F0053DB80 /* TFHppleElement.m */; };
		2942D14E1B1E8E6A00912D01 /* XPathQuery.m in Sources */ = {isa = PBXBuildFile; fileRef = 2990B3D71AD2E86F0053DB80 /* XPathQuery.m */; };
		2942D1541B1E8EDE00912D01 /* libxml2.2.dylib in Frameworks */ = {isa = PBXBuildFile; fileRef = 2990B3DB1AD2E8800053DB80 /* libxml2.2.dylib */; };
		295DB7851AF82B8D004B119F /* libHackerNewsKit.a in Frameworks */ = {isa = PBXBuildFile; fileRef = 29D4116E1ADB9B5600C491DA /* libHackerNewsKit.a */; };
		2965ECFC1AFC87B500F6E2DE /* HNPageParser.h in CopyFiles */ = {isa = PBXBuildFile; fileRef = 29B2D9431AFC8436005C83BA /* HNPageParser.h */; };
		2990B39E1AD20B910053DB80 /* HackerNewsNetworker.h in CopyFiles */ = {isa = PBXBuildFile; fileRef = 2990B39D1AD20B910053DB80 /* HackerNewsNetworker.h */; };
		2990B3C21AD20BEE0053DB80 /* HNService.m in Sources */ = {isa = PBXBuildFile; fileRef = 2990B3C11AD20BEE0053DB80 /* HNService.m */; };
		2990B3C51AD20BF80053DB80 /* HNFeedParser.m in Sources */ = {isa = PBXBuildFile; fileRef = 2990B3C41AD20BF80053DB80 /* HNFeedParser.m */; };
		2990B3CB1AD2DE4D0053DB80 /* HNStore.m in Sources */ = {isa = PBXBuildFile; fileRef = 2990B3CA1AD2DE4D0053DB80 /* HNStore.m */; };
		2990B3D81AD2E86F0053DB80 /* TFHpple.m in Sources */ = {isa = PBXBuildFile; fileRef = 2990B3D31AD2E86F0053DB80 /* TFHpple.m */; };
		2990B3D91AD2E86F0053DB80 /* TFHppleElement.m in Sources */ = {isa = PBXBuildFile; fileRef = 2990B3D51AD2E86F0053DB80 /* TFHppleElement.m */; };
		2990B3DA1AD2E86F0053DB80 /* XPathQuery.m in Sources */ = {isa = PBXBuildFile; fileRef = 2990B3D71AD2E86F0053DB80 /* XPathQuery.m */; };
		2990B3DF1AD2F0880053DB80 /* HNDataCoordinator.m in Sources */ = {isa = PBXBuildFile; fileRef = 2990B3DE1AD2F0880053DB80 /* HNDataCoordinator.m */; };
		2990B3E21AD2F5170053DB80 /* HNDataCoordinator.h in CopyFiles */ = {isa = PBXBuildFile; fileRef = 2990B3DD1AD2F0880053DB80 /* HNDataCoordinator.h */; };
		299A8D101B226D5A00E23234 /* HNStore.h in CopyFiles */ = {isa = PBXBuildFile; fileRef = 2990B3C91AD2DE4D0053DB80 /* HNStore.h */; };
		29B2CA8B1B1EC50100DECAFE /* msdn-ssh.html in Resources */ = {isa = PBXBuildFile; fileRef = 29B2CA8A1B1EC50100DECAFE /* msdn-ssh.html */; };
		29B2D9451AFC8436005C83BA /* HNPageParser.m in Sources */ = {isa = PBXBuildFile; fileRef = 29B2D9441AFC8436005C83BA /* HNPageParser.m */; };
		29D4116F1ADB9B5600C491DA /* libHackerNewsKit.a in Frameworks */ = {isa = PBXBuildFile; fileRef = 29D4116E1ADB9B5600C491DA /* libHackerNewsKit.a */; };
		29E2CB561AD9AA550010B45D /* HNCommentParser.m in Sources */ = {isa = PBXBuildFile; fileRef = 29E2CB551AD9AA550010B45D /* HNCommentParser.m */; };
		29E2CB571AD9AB7D0010B45D /* HNCommentParser.h in CopyFiles */ = {isa = PBXBuildFile; fileRef = 29E2CB541AD9AA550010B45D /* HNCommentParser.h */; };
		29E2CB581AD9AB7D0010B45D /* HNFeedParser.h in CopyFiles */ = {isa = PBXBuildFile; fileRef = 2990B3C31AD20BF80053DB80 /* HNFeedParser.h */; };
		29E2CB591AD9AB840010B45D /* HNParseProtocol.h in CopyFiles */ = {isa = PBXBuildFile; fileRef = 29E2CB531AD9A9D80010B45D /* HNParseProtocol.h */; };
		F67DF0631BFDBEC700C5DCBD /* HNLogin.m in Sources */ = {isa = PBXBuildFile; fileRef = F67DF0621BFDBEC700C5DCBD /* HNLogin.m */; };
		F67DF0641BFDBEE900C5DCBD /* HNLogin.h in CopyFiles */ = {isa = PBXBuildFile; fileRef = F67DF0611BFDBEC700C5DCBD /* HNLogin.h */; };
/* End PBXBuildFile section */

/* Begin PBXContainerItemProxy section */
		2990B3A71AD20B910053DB80 /* PBXContainerItemProxy */ = {
			isa = PBXContainerItemProxy;
			containerPortal = 2990B3921AD20B910053DB80 /* Project object */;
			proxyType = 1;
			remoteGlobalIDString = 2990B3991AD20B910053DB80;
			remoteInfo = HackerNewsNetworker;
		};
/* End PBXContainerItemProxy section */

/* Begin PBXCopyFilesBuildPhase section */
		2990B3981AD20B910053DB80 /* CopyFiles */ = {
			isa = PBXCopyFilesBuildPhase;
			buildActionMask = 2147483647;
			dstPath = "include/$(PRODUCT_NAME)";
			dstSubfolderSpec = 16;
			files = (
				292E0CE81C3A008200072C57 /* HNQueries.h in CopyFiles */,
				F67DF0641BFDBEE900C5DCBD /* HNLogin.h in CopyFiles */,
				299A8D101B226D5A00E23234 /* HNStore.h in CopyFiles */,
				2965ECFC1AFC87B500F6E2DE /* HNPageParser.h in CopyFiles */,
				29E2CB591AD9AB840010B45D /* HNParseProtocol.h in CopyFiles */,
				29E2CB571AD9AB7D0010B45D /* HNCommentParser.h in CopyFiles */,
				29E2CB581AD9AB7D0010B45D /* HNFeedParser.h in CopyFiles */,
				2990B3E21AD2F5170053DB80 /* HNDataCoordinator.h in CopyFiles */,
				2990B39E1AD20B910053DB80 /* HackerNewsNetworker.h in CopyFiles */,
			);
			runOnlyForDeploymentPostprocessing = 0;
		};
/* End PBXCopyFilesBuildPhase section */

/* Begin PBXFileReference section */
		292E0CE41C39F97F00072C57 /* fallback-queries.json */ = {isa = PBXFileReference; fileEncoding = 4; lastKnownFileType = text.json; path = "fallback-queries.json"; sourceTree = "<group>"; };
		292E0CE51C39F99D00072C57 /* HNQueries.h */ = {isa = PBXFileReference; fileEncoding = 4; lastKnownFileType = sourcecode.c.h; path = HNQueries.h; sourceTree = "<group>"; };
		292E0CE61C39F99D00072C57 /* HNQueries.m */ = {isa = PBXFileReference; fileEncoding = 4; lastKnownFileType = sourcecode.c.objc; path = HNQueries.m; sourceTree = "<group>"; };
		2942D1491B1E8E2400912D01 /* HNCommentParserTests.m */ = {isa = PBXFileReference; fileEncoding = 4; lastKnownFileType = sourcecode.c.objc; path = HNCommentParserTests.m; sourceTree = "<group>"; };
		2942D1521B1E8EC000912D01 /* libxml2.dylib */ = {isa = PBXFileReference; lastKnownFileType = "compiled.mach-o.dylib"; name = libxml2.dylib; path = usr/lib/libxml2.dylib; sourceTree = SDKROOT; };
		2990B39A1AD20B910053DB80 /* libHackerNewsNetworker.a */ = {isa = PBXFileReference; explicitFileType = archive.ar; includeInIndex = 0; path = libHackerNewsNetworker.a; sourceTree = BUILT_PRODUCTS_DIR; };
		2990B39D1AD20B910053DB80 /* HackerNewsNetworker.h */ = {isa = PBXFileReference; lastKnownFileType = sourcecode.c.h; path = HackerNewsNetworker.h; sourceTree = "<group>"; };
		2990B3A51AD20B910053DB80 /* HackerNewsNetworkerTests.xctest */ = {isa = PBXFileReference; explicitFileType = wrapper.cfbundle; includeInIndex = 0; path = HackerNewsNetworkerTests.xctest; sourceTree = BUILT_PRODUCTS_DIR; };
		2990B3AB1AD20B910053DB80 /* Info.plist */ = {isa = PBXFileReference; lastKnownFileType = text.plist.xml; path = Info.plist; sourceTree = "<group>"; };
		2990B3C01AD20BEE0053DB80 /* HNService.h */ = {isa = PBXFileReference; fileEncoding = 4; lastKnownFileType = sourcecode.c.h; path = HNService.h; sourceTree = "<group>"; };
		2990B3C11AD20BEE0053DB80 /* HNService.m */ = {isa = PBXFileReference; fileEncoding = 4; lastKnownFileType = sourcecode.c.objc; path = HNService.m; sourceTree = "<group>"; };
		2990B3C31AD20BF80053DB80 /* HNFeedParser.h */ = {isa = PBXFileReference; fileEncoding = 4; lastKnownFileType = sourcecode.c.h; path = HNFeedParser.h; sourceTree = "<group>"; };
		2990B3C41AD20BF80053DB80 /* HNFeedParser.m */ = {isa = PBXFileReference; fileEncoding = 4; lastKnownFileType = sourcecode.c.objc; path = HNFeedParser.m; sourceTree = "<group>"; };
		2990B3C91AD2DE4D0053DB80 /* HNStore.h */ = {isa = PBXFileReference; fileEncoding = 4; lastKnownFileType = sourcecode.c.h; path = HNStore.h; sourceTree = "<group>"; };
		2990B3CA1AD2DE4D0053DB80 /* HNStore.m */ = {isa = PBXFileReference; fileEncoding = 4; lastKnownFileType = sourcecode.c.objc; path = HNStore.m; sourceTree = "<group>"; };
		2990B3D21AD2E86F0053DB80 /* TFHpple.h */ = {isa = PBXFileReference; fileEncoding = 4; lastKnownFileType = sourcecode.c.h; name = TFHpple.h; path = Vendor/TFHpple.h; sourceTree = "<group>"; };
		2990B3D31AD2E86F0053DB80 /* TFHpple.m */ = {isa = PBXFileReference; fileEncoding = 4; lastKnownFileType = sourcecode.c.objc; name = TFHpple.m; path = Vendor/TFHpple.m; sourceTree = "<group>"; };
		2990B3D41AD2E86F0053DB80 /* TFHppleElement.h */ = {isa = PBXFileReference; fileEncoding = 4; lastKnownFileType = sourcecode.c.h; name = TFHppleElement.h; path = Vendor/TFHppleElement.h; sourceTree = "<group>"; };
		2990B3D51AD2E86F0053DB80 /* TFHppleElement.m */ = {isa = PBXFileReference; fileEncoding = 4; lastKnownFileType = sourcecode.c.objc; name = TFHppleElement.m; path = Vendor/TFHppleElement.m; sourceTree = "<group>"; };
		2990B3D61AD2E86F0053DB80 /* XPathQuery.h */ = {isa = PBXFileReference; fileEncoding = 4; lastKnownFileType = sourcecode.c.h; name = XPathQuery.h; path = Vendor/XPathQuery.h; sourceTree = "<group>"; };
		2990B3D71AD2E86F0053DB80 /* XPathQuery.m */ = {isa = PBXFileReference; fileEncoding = 4; lastKnownFileType = sourcecode.c.objc; name = XPathQuery.m; path = Vendor/XPathQuery.m; sourceTree = "<group>"; };
		2990B3DB1AD2E8800053DB80 /* libxml2.2.dylib */ = {isa = PBXFileReference; lastKnownFileType = "compiled.mach-o.dylib"; name = libxml2.2.dylib; path = usr/lib/libxml2.2.dylib; sourceTree = SDKROOT; };
		2990B3DD1AD2F0880053DB80 /* HNDataCoordinator.h */ = {isa = PBXFileReference; fileEncoding = 4; lastKnownFileType = sourcecode.c.h; path = HNDataCoordinator.h; sourceTree = "<group>"; };
		2990B3DE1AD2F0880053DB80 /* HNDataCoordinator.m */ = {isa = PBXFileReference; fileEncoding = 4; lastKnownFileType = sourcecode.c.objc; path = HNDataCoordinator.m; sourceTree = "<group>"; };
		29B2CA8A1B1EC50100DECAFE /* msdn-ssh.html */ = {isa = PBXFileReference; fileEncoding = 4; lastKnownFileType = text.html; path = "msdn-ssh.html"; sourceTree = "<group>"; };
		29B2D9431AFC8436005C83BA /* HNPageParser.h */ = {isa = PBXFileReference; fileEncoding = 4; lastKnownFileType = sourcecode.c.h; path = HNPageParser.h; sourceTree = "<group>"; };
		29B2D9441AFC8436005C83BA /* HNPageParser.m */ = {isa = PBXFileReference; fileEncoding = 4; lastKnownFileType = sourcecode.c.objc; path = HNPageParser.m; sourceTree = "<group>"; };
		29D4116E1ADB9B5600C491DA /* libHackerNewsKit.a */ = {isa = PBXFileReference; lastKnownFileType = archive.ar; name = libHackerNewsKit.a; path = "../../../../Library/Developer/Xcode/DerivedData/HackerNewsReader-citxqvsousoeacbtbcujtwgnuobc/Build/Products/Debug-iphoneos/libHackerNewsKit.a"; sourceTree = "<group>"; };
		29E2CB531AD9A9D80010B45D /* HNParseProtocol.h */ = {isa = PBXFileReference; fileEncoding = 4; lastKnownFileType = sourcecode.c.h; path = HNParseProtocol.h; sourceTree = "<group>"; };
		29E2CB541AD9AA550010B45D /* HNCommentParser.h */ = {isa = PBXFileReference; fileEncoding = 4; lastKnownFileType = sourcecode.c.h; path = HNCommentParser.h; sourceTree = "<group>"; };
		29E2CB551AD9AA550010B45D /* HNCommentParser.m */ = {isa = PBXFileReference; fileEncoding = 4; lastKnownFileType = sourcecode.c.objc; path = HNCommentParser.m; sourceTree = "<group>"; };
		F67DF0611BFDBEC700C5DCBD /* HNLogin.h */ = {isa = PBXFileReference; fileEncoding = 4; lastKnownFileType = sourcecode.c.h; path = HNLogin.h; sourceTree = "<group>"; };
		F67DF0621BFDBEC700C5DCBD /* HNLogin.m */ = {isa = PBXFileReference; fileEncoding = 4; lastKnownFileType = sourcecode.c.objc; path = HNLogin.m; sourceTree = "<group>"; };
/* End PBXFileReference section */

/* Begin PBXFrameworksBuildPhase section */
		2990B3971AD20B910053DB80 /* Frameworks */ = {
			isa = PBXFrameworksBuildPhase;
			buildActionMask = 2147483647;
			files = (
				29D4116F1ADB9B5600C491DA /* libHackerNewsKit.a in Frameworks */,
			);
			runOnlyForDeploymentPostprocessing = 0;
		};
		2990B3A21AD20B910053DB80 /* Frameworks */ = {
			isa = PBXFrameworksBuildPhase;
			buildActionMask = 2147483647;
			files = (
				2942D1541B1E8EDE00912D01 /* libxml2.2.dylib in Frameworks */,
				295DB7851AF82B8D004B119F /* libHackerNewsKit.a in Frameworks */,
			);
			runOnlyForDeploymentPostprocessing = 0;
		};
/* End PBXFrameworksBuildPhase section */

/* Begin PBXGroup section */
		2990B3911AD20B910053DB80 = {
			isa = PBXGroup;
			children = (
				2990B39C1AD20B910053DB80 /* HackerNewsNetworker */,
				2990B3A91AD20B910053DB80 /* HackerNewsNetworkerTests */,
				2990B39B1AD20B910053DB80 /* Products */,
				2990B3BF1AD20BD40053DB80 /* Vendor */,
			);
			sourceTree = "<group>";
		};
		2990B39B1AD20B910053DB80 /* Products */ = {
			isa = PBXGroup;
			children = (
				2990B39A1AD20B910053DB80 /* libHackerNewsNetworker.a */,
				2990B3A51AD20B910053DB80 /* HackerNewsNetworkerTests.xctest */,
			);
			name = Products;
			sourceTree = "<group>";
		};
		2990B39C1AD20B910053DB80 /* HackerNewsNetworker */ = {
			isa = PBXGroup;
			children = (
				292E0CE41C39F97F00072C57 /* fallback-queries.json */,
				2990B39D1AD20B910053DB80 /* HackerNewsNetworker.h */,
				29E2CB541AD9AA550010B45D /* HNCommentParser.h */,
				29E2CB551AD9AA550010B45D /* HNCommentParser.m */,
				2990B3DD1AD2F0880053DB80 /* HNDataCoordinator.h */,
				2990B3DE1AD2F0880053DB80 /* HNDataCoordinator.m */,
				2990B3C31AD20BF80053DB80 /* HNFeedParser.h */,
				2990B3C41AD20BF80053DB80 /* HNFeedParser.m */,
				29B2D9431AFC8436005C83BA /* HNPageParser.h */,
				29B2D9441AFC8436005C83BA /* HNPageParser.m */,
				29E2CB531AD9A9D80010B45D /* HNParseProtocol.h */,
				2990B3C01AD20BEE0053DB80 /* HNService.h */,
				2990B3C11AD20BEE0053DB80 /* HNService.m */,
				2990B3C91AD2DE4D0053DB80 /* HNStore.h */,
				2990B3CA1AD2DE4D0053DB80 /* HNStore.m */,
				F67DF0611BFDBEC700C5DCBD /* HNLogin.h */,
				F67DF0621BFDBEC700C5DCBD /* HNLogin.m */,
				292E0CE51C39F99D00072C57 /* HNQueries.h */,
				292E0CE61C39F99D00072C57 /* HNQueries.m */,
			);
			path = HackerNewsNetworker;
			sourceTree = "<group>";
		};
		2990B3A91AD20B910053DB80 /* HackerNewsNetworkerTests */ = {
			isa = PBXGroup;
			children = (
				29B2CA8A1B1EC50100DECAFE /* msdn-ssh.html */,
				2990B3AA1AD20B910053DB80 /* Supporting Files */,
				2942D1491B1E8E2400912D01 /* HNCommentParserTests.m */,
			);
			path = HackerNewsNetworkerTests;
			sourceTree = "<group>";
		};
		2990B3AA1AD20B910053DB80 /* Supporting Files */ = {
			isa = PBXGroup;
			children = (
				2942D1521B1E8EC000912D01 /* libxml2.dylib */,
				2990B3AB1AD20B910053DB80 /* Info.plist */,
			);
			name = "Supporting Files";
			sourceTree = "<group>";
		};
		2990B3BF1AD20BD40053DB80 /* Vendor */ = {
			isa = PBXGroup;
			children = (
				29D4116E1ADB9B5600C491DA /* libHackerNewsKit.a */,
				2990B3DB1AD2E8800053DB80 /* libxml2.2.dylib */,
				2990B3D21AD2E86F0053DB80 /* TFHpple.h */,
				2990B3D31AD2E86F0053DB80 /* TFHpple.m */,
				2990B3D41AD2E86F0053DB80 /* TFHppleElement.h */,
				2990B3D51AD2E86F0053DB80 /* TFHppleElement.m */,
				2990B3D61AD2E86F0053DB80 /* XPathQuery.h */,
				2990B3D71AD2E86F0053DB80 /* XPathQuery.m */,
			);
			name = Vendor;
			sourceTree = "<group>";
		};
/* End PBXGroup section */

/* Begin PBXNativeTarget section */
		2990B3991AD20B910053DB80 /* HackerNewsNetworker */ = {
			isa = PBXNativeTarget;
			buildConfigurationList = 2990B3AE1AD20B910053DB80 /* Build configuration list for PBXNativeTarget "HackerNewsNetworker" */;
			buildPhases = (
				2990B3961AD20B910053DB80 /* Sources */,
				2990B3971AD20B910053DB80 /* Frameworks */,
				2990B3981AD20B910053DB80 /* CopyFiles */,
			);
			buildRules = (
			);
			dependencies = (
			);
			name = HackerNewsNetworker;
			productName = HackerNewsNetworker;
			productReference = 2990B39A1AD20B910053DB80 /* libHackerNewsNetworker.a */;
			productType = "com.apple.product-type.library.static";
		};
		2990B3A41AD20B910053DB80 /* HackerNewsNetworkerTests */ = {
			isa = PBXNativeTarget;
			buildConfigurationList = 2990B3B11AD20B910053DB80 /* Build configuration list for PBXNativeTarget "HackerNewsNetworkerTests" */;
			buildPhases = (
				2990B3A11AD20B910053DB80 /* Sources */,
				2990B3A21AD20B910053DB80 /* Frameworks */,
				2990B3A31AD20B910053DB80 /* Resources */,
			);
			buildRules = (
			);
			dependencies = (
				2990B3A81AD20B910053DB80 /* PBXTargetDependency */,
			);
			name = HackerNewsNetworkerTests;
			productName = HackerNewsNetworkerTests;
			productReference = 2990B3A51AD20B910053DB80 /* HackerNewsNetworkerTests.xctest */;
			productType = "com.apple.product-type.bundle.unit-test";
		};
/* End PBXNativeTarget section */

/* Begin PBXProject section */
		2990B3921AD20B910053DB80 /* Project object */ = {
			isa = PBXProject;
			attributes = {
				LastUpgradeCheck = 0700;
				ORGANIZATIONNAME = "Ryan Nystrom";
				TargetAttributes = {
					2990B3991AD20B910053DB80 = {
						CreatedOnToolsVersion = 6.2;
					};
					2990B3A41AD20B910053DB80 = {
						CreatedOnToolsVersion = 6.2;
					};
				};
			};
			buildConfigurationList = 2990B3951AD20B910053DB80 /* Build configuration list for PBXProject "HackerNewsNetworker" */;
			compatibilityVersion = "Xcode 3.2";
			developmentRegion = English;
			hasScannedForEncodings = 0;
			knownRegions = (
				en,
			);
			mainGroup = 2990B3911AD20B910053DB80;
			productRefGroup = 2990B39B1AD20B910053DB80 /* Products */;
			projectDirPath = "";
			projectRoot = "";
			targets = (
				2990B3991AD20B910053DB80 /* HackerNewsNetworker */,
				2990B3A41AD20B910053DB80 /* HackerNewsNetworkerTests */,
			);
		};
/* End PBXProject section */

/* Begin PBXResourcesBuildPhase section */
		2990B3A31AD20B910053DB80 /* Resources */ = {
			isa = PBXResourcesBuildPhase;
			buildActionMask = 2147483647;
			files = (
				292E0CEA1C3A075500072C57 /* fallback-queries.json in Resources */,
				29B2CA8B1B1EC50100DECAFE /* msdn-ssh.html in Resources */,
			);
			runOnlyForDeploymentPostprocessing = 0;
		};
/* End PBXResourcesBuildPhase section */

/* Begin PBXSourcesBuildPhase section */
		2990B3961AD20B910053DB80 /* Sources */ = {
			isa = PBXSourcesBuildPhase;
			buildActionMask = 2147483647;
			files = (
				2990B3CB1AD2DE4D0053DB80 /* HNStore.m in Sources */,
				2990B3C51AD20BF80053DB80 /* HNFeedParser.m in Sources */,
				2990B3C21AD20BEE0053DB80 /* HNService.m in Sources */,
				2990B3D81AD2E86F0053DB80 /* TFHpple.m in Sources */,
				292E0CE71C39F99D00072C57 /* HNQueries.m in Sources */,
				2990B3DF1AD2F0880053DB80 /* HNDataCoordinator.m in Sources */,
				2990B3DA1AD2E86F0053DB80 /* XPathQuery.m in Sources */,
				29B2D9451AFC8436005C83BA /* HNPageParser.m in Sources */,
				F67DF0631BFDBEC700C5DCBD /* HNLogin.m in Sources */,
				2990B3D91AD2E86F0053DB80 /* TFHppleElement.m in Sources */,
				29E2CB561AD9AA550010B45D /* HNCommentParser.m in Sources */,
			);
			runOnlyForDeploymentPostprocessing = 0;
		};
		2990B3A11AD20B910053DB80 /* Sources */ = {
			isa = PBXSourcesBuildPhase;
			buildActionMask = 2147483647;
			files = (
				2942D14D1B1E8E6A00912D01 /* TFHppleElement.m in Sources */,
				2942D14B1B1E8E3400912D01 /* HNCommentParser.m in Sources */,
				292E0CE91C3A069F00072C57 /* HNQueries.m in Sources */,
				2942D14E1B1E8E6A00912D01 /* XPathQuery.m in Sources */,
				2942D14C1B1E8E6A00912D01 /* TFHpple.m in Sources */,
				2942D14A1B1E8E2400912D01 /* HNCommentParserTests.m in Sources */,
			);
			runOnlyForDeploymentPostprocessing = 0;
		};
/* End PBXSourcesBuildPhase section */

/* Begin PBXTargetDependency section */
		2990B3A81AD20B910053DB80 /* PBXTargetDependency */ = {
			isa = PBXTargetDependency;
			target = 2990B3991AD20B910053DB80 /* HackerNewsNetworker */;
			targetProxy = 2990B3A71AD20B910053DB80 /* PBXContainerItemProxy */;
		};
/* End PBXTargetDependency section */

/* Begin XCBuildConfiguration section */
		2990B3AC1AD20B910053DB80 /* Debug */ = {
			isa = XCBuildConfiguration;
			buildSettings = {
				ALWAYS_SEARCH_USER_PATHS = NO;
				CLANG_CXX_LANGUAGE_STANDARD = "gnu++0x";
				CLANG_CXX_LIBRARY = "libc++";
				CLANG_ENABLE_MODULES = YES;
				CLANG_ENABLE_OBJC_ARC = YES;
				CLANG_WARN_BOOL_CONVERSION = YES;
				CLANG_WARN_CONSTANT_CONVERSION = YES;
				CLANG_WARN_DIRECT_OBJC_ISA_USAGE = YES_ERROR;
				CLANG_WARN_EMPTY_BODY = YES;
				CLANG_WARN_ENUM_CONVERSION = YES;
				CLANG_WARN_INT_CONVERSION = YES;
				CLANG_WARN_OBJC_ROOT_CLASS = YES_ERROR;
				CLANG_WARN_UNREACHABLE_CODE = YES;
				CLANG_WARN__DUPLICATE_METHOD_MATCH = YES;
				COPY_PHASE_STRIP = NO;
				ENABLE_STRICT_OBJC_MSGSEND = YES;
				ENABLE_TESTABILITY = YES;
				GCC_C_LANGUAGE_STANDARD = gnu99;
				GCC_DYNAMIC_NO_PIC = NO;
				GCC_OPTIMIZATION_LEVEL = 0;
				GCC_PREPROCESSOR_DEFINITIONS = (
					"DEBUG=1",
					"$(inherited)",
				);
				GCC_SYMBOLS_PRIVATE_EXTERN = NO;
				GCC_WARN_64_TO_32_BIT_CONVERSION = YES;
				GCC_WARN_ABOUT_RETURN_TYPE = YES_ERROR;
				GCC_WARN_UNDECLARED_SELECTOR = YES;
				GCC_WARN_UNINITIALIZED_AUTOS = YES_AGGRESSIVE;
				GCC_WARN_UNUSED_FUNCTION = YES;
				GCC_WARN_UNUSED_VARIABLE = YES;
				IPHONEOS_DEPLOYMENT_TARGET = 7.1;
				MTL_ENABLE_DEBUG_INFO = YES;
				ONLY_ACTIVE_ARCH = YES;
				SDKROOT = iphoneos;
			};
			name = Debug;
		};
		2990B3AD1AD20B910053DB80 /* Release */ = {
			isa = XCBuildConfiguration;
			buildSettings = {
				ALWAYS_SEARCH_USER_PATHS = NO;
				CLANG_CXX_LANGUAGE_STANDARD = "gnu++0x";
				CLANG_CXX_LIBRARY = "libc++";
				CLANG_ENABLE_MODULES = YES;
				CLANG_ENABLE_OBJC_ARC = YES;
				CLANG_WARN_BOOL_CONVERSION = YES;
				CLANG_WARN_CONSTANT_CONVERSION = YES;
				CLANG_WARN_DIRECT_OBJC_ISA_USAGE = YES_ERROR;
				CLANG_WARN_EMPTY_BODY = YES;
				CLANG_WARN_ENUM_CONVERSION = YES;
				CLANG_WARN_INT_CONVERSION = YES;
				CLANG_WARN_OBJC_ROOT_CLASS = YES_ERROR;
				CLANG_WARN_UNREACHABLE_CODE = YES;
				CLANG_WARN__DUPLICATE_METHOD_MATCH = YES;
				COPY_PHASE_STRIP = NO;
				ENABLE_NS_ASSERTIONS = NO;
				ENABLE_STRICT_OBJC_MSGSEND = YES;
				GCC_C_LANGUAGE_STANDARD = gnu99;
				GCC_WARN_64_TO_32_BIT_CONVERSION = YES;
				GCC_WARN_ABOUT_RETURN_TYPE = YES_ERROR;
				GCC_WARN_UNDECLARED_SELECTOR = YES;
				GCC_WARN_UNINITIALIZED_AUTOS = YES_AGGRESSIVE;
				GCC_WARN_UNUSED_FUNCTION = YES;
				GCC_WARN_UNUSED_VARIABLE = YES;
				IPHONEOS_DEPLOYMENT_TARGET = 7.1;
				MTL_ENABLE_DEBUG_INFO = NO;
				SDKROOT = iphoneos;
				VALIDATE_PRODUCT = YES;
			};
			name = Release;
		};
		2990B3AF1AD20B910053DB80 /* Debug */ = {
			isa = XCBuildConfiguration;
			buildSettings = {
				ALWAYS_SEARCH_USER_PATHS = YES;
				HEADER_SEARCH_PATHS = (
					"$(inherited)",
					/Applications/Xcode.app/Contents/Developer/Toolchains/XcodeDefault.xctoolchain/usr/include,
					"$(SDKROOT)/usr/include/libxml2",
				);
				LIBRARY_SEARCH_PATHS = (
					"$(inherited)",
					"/Users/rnystrom/iOS/HackerNewsReader/Frameworks/HackerNewsKit/build/Debug-iphoneos",
					"$(USER_LIBRARY_DIR)/Developer/Xcode/DerivedData/HackerNewsReader-citxqvsousoeacbtbcujtwgnuobc/Build/Products/Debug-iphoneos",
				);
				OTHER_LDFLAGS = "-ObjC";
				PRODUCT_NAME = "$(TARGET_NAME)";
				SKIP_INSTALL = YES;
				USER_HEADER_SEARCH_PATHS = "$(PROJECT_TEMP_DIR)/../UninstalledProducts/include";
			};
			name = Debug;
		};
		2990B3B01AD20B910053DB80 /* Release */ = {
			isa = XCBuildConfiguration;
			buildSettings = {
				ALWAYS_SEARCH_USER_PATHS = YES;
				HEADER_SEARCH_PATHS = (
					"$(inherited)",
					/Applications/Xcode.app/Contents/Developer/Toolchains/XcodeDefault.xctoolchain/usr/include,
					"$(SDKROOT)/usr/include/libxml2",
				);
				LIBRARY_SEARCH_PATHS = (
					"$(inherited)",
					"/Users/rnystrom/iOS/HackerNewsReader/Frameworks/HackerNewsKit/build/Debug-iphoneos",
					"$(USER_LIBRARY_DIR)/Developer/Xcode/DerivedData/HackerNewsReader-citxqvsousoeacbtbcujtwgnuobc/Build/Products/Debug-iphoneos",
				);
				OTHER_LDFLAGS = "-ObjC";
				PRODUCT_NAME = "$(TARGET_NAME)";
				SKIP_INSTALL = YES;
				USER_HEADER_SEARCH_PATHS = "$(PROJECT_TEMP_DIR)/../UninstalledProducts/include";
			};
			name = Release;
		};
		2990B3B21AD20B910053DB80 /* Debug */ = {
			isa = XCBuildConfiguration;
			buildSettings = {
				CODE_SIGN_IDENTITY = "iPhone Developer";
				FRAMEWORK_SEARCH_PATHS = (
					"$(SDKROOT)/Developer/Library/Frameworks",
					"$(inherited)",
				);
				GCC_PREPROCESSOR_DEFINITIONS = (
					"DEBUG=1",
					"$(inherited)",
				);
				HEADER_SEARCH_PATHS = (
					"$(inherited)",
					/Applications/Xcode.app/Contents/Developer/Toolchains/XcodeDefault.xctoolchain/usr/include,
					"$(SDKROOT)/usr/include/libxml2",
				);
				INFOPLIST_FILE = HackerNewsNetworkerTests/Info.plist;
				IPHONEOS_DEPLOYMENT_TARGET = 7.1;
				LD_RUNPATH_SEARCH_PATHS = "$(inherited) @executable_path/Frameworks @loader_path/Frameworks";
				LIBRARY_SEARCH_PATHS = (
					"$(inherited)",
					"$(USER_LIBRARY_DIR)/Developer/Xcode/DerivedData/HackerNewsReader-citxqvsousoeacbtbcujtwgnuobc/Build/Products/Debug-iphoneos",
				);
				PRODUCT_BUNDLE_IDENTIFIER = "com.whoisryannystrom.$(PRODUCT_NAME:rfc1034identifier)";
				PRODUCT_NAME = "$(TARGET_NAME)";
			};
			name = Debug;
		};
		2990B3B31AD20B910053DB80 /* Release */ = {
			isa = XCBuildConfiguration;
			buildSettings = {
				CODE_SIGN_IDENTITY = "iPhone Developer";
				FRAMEWORK_SEARCH_PATHS = (
					"$(SDKROOT)/Developer/Library/Frameworks",
					"$(inherited)",
				);
				HEADER_SEARCH_PATHS = (
					"$(inherited)",
					/Applications/Xcode.app/Contents/Developer/Toolchains/XcodeDefault.xctoolchain/usr/include,
					"$(SDKROOT)/usr/include/libxml2",
				);
				INFOPLIST_FILE = HackerNewsNetworkerTests/Info.plist;
				IPHONEOS_DEPLOYMENT_TARGET = 7.1;
				LD_RUNPATH_SEARCH_PATHS = "$(inherited) @executable_path/Frameworks @loader_path/Frameworks";
				LIBRARY_SEARCH_PATHS = (
					"$(inherited)",
					"$(USER_LIBRARY_DIR)/Developer/Xcode/DerivedData/HackerNewsReader-citxqvsousoeacbtbcujtwgnuobc/Build/Products/Debug-iphoneos",
				);
				PRODUCT_BUNDLE_IDENTIFIER = "com.whoisryannystrom.$(PRODUCT_NAME:rfc1034identifier)";
				PRODUCT_NAME = "$(TARGET_NAME)";
			};
			name = Release;
		};
/* End XCBuildConfiguration section */

/* Begin XCConfigurationList section */
		2990B3951AD20B910053DB80 /* Build configuration list for PBXProject "HackerNewsNetworker" */ = {
			isa = XCConfigurationList;
			buildConfigurations = (
				2990B3AC1AD20B910053DB80 /* Debug */,
				2990B3AD1AD20B910053DB80 /* Release */,
			);
			defaultConfigurationIsVisible = 0;
			defaultConfigurationName = Release;
		};
		2990B3AE1AD20B910053DB80 /* Build configuration list for PBXNativeTarget "HackerNewsNetworker" */ = {
			isa = XCConfigurationList;
			buildConfigurations = (
				2990B3AF1AD20B910053DB80 /* Debug */,
				2990B3B01AD20B910053DB80 /* Release */,
			);
			defaultConfigurationIsVisible = 0;
			defaultConfigurationName = Release;
		};
		2990B3B11AD20B910053DB80 /* Build configuration list for PBXNativeTarget "HackerNewsNetworkerTests" */ = {
			isa = XCConfigurationList;
			buildConfigurations = (
				2990B3B21AD20B910053DB80 /* Debug */,
				2990B3B31AD20B910053DB80 /* Release */,
			);
			defaultConfigurationIsVisible = 0;
			defaultConfigurationName = Release;
		};
/* End XCConfigurationList section */
	};
	rootObject = 2990B3921AD20B910053DB80 /* Project object */;
}
